// !$*UTF8*$!
{
	archiveVersion = 1;
	classes = {
	};
	objectVersion = 46;
	objects = {

/* Begin PBXBuildFile section */
		6353C03C171C43680060F062 /* Crashlytics.framework in Frameworks */ = {isa = PBXBuildFile; fileRef = 6353C03B171C43680060F062 /* Crashlytics.framework */; };
		6353C127171C457D0060F062 /* AFHTTPClient.m in Sources */ = {isa = PBXBuildFile; fileRef = 6353C042171C457C0060F062 /* AFHTTPClient.m */; };
		6353C128171C457D0060F062 /* AFHTTPClient.m in Sources */ = {isa = PBXBuildFile; fileRef = 6353C042171C457C0060F062 /* AFHTTPClient.m */; };
		6353C129171C457D0060F062 /* AFHTTPRequestOperation.m in Sources */ = {isa = PBXBuildFile; fileRef = 6353C044171C457C0060F062 /* AFHTTPRequestOperation.m */; };
		6353C12A171C457D0060F062 /* AFHTTPRequestOperation.m in Sources */ = {isa = PBXBuildFile; fileRef = 6353C044171C457C0060F062 /* AFHTTPRequestOperation.m */; };
		6353C12B171C457D0060F062 /* AFImageRequestOperation.m in Sources */ = {isa = PBXBuildFile; fileRef = 6353C046171C457C0060F062 /* AFImageRequestOperation.m */; };
		6353C12C171C457D0060F062 /* AFImageRequestOperation.m in Sources */ = {isa = PBXBuildFile; fileRef = 6353C046171C457C0060F062 /* AFImageRequestOperation.m */; };
		6353C12D171C457D0060F062 /* AFJSONRequestOperation.m in Sources */ = {isa = PBXBuildFile; fileRef = 6353C048171C457C0060F062 /* AFJSONRequestOperation.m */; };
		6353C12E171C457D0060F062 /* AFJSONRequestOperation.m in Sources */ = {isa = PBXBuildFile; fileRef = 6353C048171C457C0060F062 /* AFJSONRequestOperation.m */; };
		6353C12F171C457D0060F062 /* AFNetworkActivityIndicatorManager.m in Sources */ = {isa = PBXBuildFile; fileRef = 6353C04A171C457C0060F062 /* AFNetworkActivityIndicatorManager.m */; };
		6353C130171C457D0060F062 /* AFNetworkActivityIndicatorManager.m in Sources */ = {isa = PBXBuildFile; fileRef = 6353C04A171C457C0060F062 /* AFNetworkActivityIndicatorManager.m */; };
		6353C131171C457D0060F062 /* AFPropertyListRequestOperation.m in Sources */ = {isa = PBXBuildFile; fileRef = 6353C04D171C457C0060F062 /* AFPropertyListRequestOperation.m */; };
		6353C132171C457D0060F062 /* AFPropertyListRequestOperation.m in Sources */ = {isa = PBXBuildFile; fileRef = 6353C04D171C457C0060F062 /* AFPropertyListRequestOperation.m */; };
		6353C133171C457D0060F062 /* AFURLConnectionOperation.m in Sources */ = {isa = PBXBuildFile; fileRef = 6353C04F171C457C0060F062 /* AFURLConnectionOperation.m */; };
		6353C134171C457D0060F062 /* AFURLConnectionOperation.m in Sources */ = {isa = PBXBuildFile; fileRef = 6353C04F171C457C0060F062 /* AFURLConnectionOperation.m */; };
		6353C135171C457D0060F062 /* AFXMLRequestOperation.m in Sources */ = {isa = PBXBuildFile; fileRef = 6353C051171C457C0060F062 /* AFXMLRequestOperation.m */; };
		6353C136171C457D0060F062 /* AFXMLRequestOperation.m in Sources */ = {isa = PBXBuildFile; fileRef = 6353C051171C457C0060F062 /* AFXMLRequestOperation.m */; };
		6353C137171C457D0060F062 /* UIImageView+AFNetworking.m in Sources */ = {isa = PBXBuildFile; fileRef = 6353C053171C457C0060F062 /* UIImageView+AFNetworking.m */; };
		6353C138171C457D0060F062 /* UIImageView+AFNetworking.m in Sources */ = {isa = PBXBuildFile; fileRef = 6353C053171C457C0060F062 /* UIImageView+AFNetworking.m */; };
		6353C139171C457D0060F062 /* AFNetworking.podspec in Resources */ = {isa = PBXBuildFile; fileRef = 6353C054171C457C0060F062 /* AFNetworking.podspec */; };
		6353C13A171C457D0060F062 /* AFNetworking.podspec in Resources */ = {isa = PBXBuildFile; fileRef = 6353C054171C457C0060F062 /* AFNetworking.podspec */; };
		6353C221171C457D0060F062 /* SWRevealViewController.m in Sources */ = {isa = PBXBuildFile; fileRef = 6353C119171C457D0060F062 /* SWRevealViewController.m */; };
		6353C222171C457D0060F062 /* SWRevealViewController.m in Sources */ = {isa = PBXBuildFile; fileRef = 6353C119171C457D0060F062 /* SWRevealViewController.m */; };
		6353C22F171C457D0060F062 /* TTTAttributedLabel.m in Sources */ = {isa = PBXBuildFile; fileRef = 6353C124171C457D0060F062 /* TTTAttributedLabel.m */; };
		6353C230171C457D0060F062 /* TTTAttributedLabel.m in Sources */ = {isa = PBXBuildFile; fileRef = 6353C124171C457D0060F062 /* TTTAttributedLabel.m */; };
		6353C244171C46740060F062 /* CoreText.framework in Frameworks */ = {isa = PBXBuildFile; fileRef = 6353C243171C46740060F062 /* CoreText.framework */; };
		6353C246171C46780060F062 /* QuartzCore.framework in Frameworks */ = {isa = PBXBuildFile; fileRef = 6353C245171C46780060F062 /* QuartzCore.framework */; };
		6353C248171C468C0060F062 /* Twitter.framework in Frameworks */ = {isa = PBXBuildFile; fileRef = 6353C247171C468C0060F062 /* Twitter.framework */; };
		6353C24A171C46930060F062 /* Social.framework in Frameworks */ = {isa = PBXBuildFile; fileRef = 6353C249171C46930060F062 /* Social.framework */; };
		6354849F171C2FA7003457CB /* UIKit.framework in Frameworks */ = {isa = PBXBuildFile; fileRef = 6354849E171C2FA7003457CB /* UIKit.framework */; };
		635484A1171C2FA7003457CB /* Foundation.framework in Frameworks */ = {isa = PBXBuildFile; fileRef = 635484A0171C2FA7003457CB /* Foundation.framework */; };
		635484A3171C2FA7003457CB /* CoreGraphics.framework in Frameworks */ = {isa = PBXBuildFile; fileRef = 635484A2171C2FA7003457CB /* CoreGraphics.framework */; };
		635484A5171C2FA7003457CB /* CoreData.framework in Frameworks */ = {isa = PBXBuildFile; fileRef = 635484A4171C2FA7003457CB /* CoreData.framework */; };
		635484AB171C2FA7003457CB /* InfoPlist.strings in Resources */ = {isa = PBXBuildFile; fileRef = 635484A9171C2FA7003457CB /* InfoPlist.strings */; };
		635484AD171C2FA7003457CB /* main.m in Sources */ = {isa = PBXBuildFile; fileRef = 635484AC171C2FA7003457CB /* main.m */; };
		635484B1171C2FA7003457CB /* AniListAppDelegate.m in Sources */ = {isa = PBXBuildFile; fileRef = 635484B0171C2FA7003457CB /* AniListAppDelegate.m */; };
		635484B3171C2FA7003457CB /* Default.png in Resources */ = {isa = PBXBuildFile; fileRef = 635484B2171C2FA7003457CB /* Default.png */; };
		635484B5171C2FA7003457CB /* Default@2x.png in Resources */ = {isa = PBXBuildFile; fileRef = 635484B4171C2FA7003457CB /* Default@2x.png */; };
		635484B7171C2FA7003457CB /* Default-568h@2x.png in Resources */ = {isa = PBXBuildFile; fileRef = 635484B6171C2FA7003457CB /* Default-568h@2x.png */; };
		635484BA171C2FA7003457CB /* AniList_1.0.xcdatamodeld in Sources */ = {isa = PBXBuildFile; fileRef = 635484B8171C2FA7003457CB /* AniList_1.0.xcdatamodeld */; };
		635484C2171C2FA7003457CB /* SenTestingKit.framework in Frameworks */ = {isa = PBXBuildFile; fileRef = 635484C1171C2FA7003457CB /* SenTestingKit.framework */; };
		635484C3171C2FA7003457CB /* UIKit.framework in Frameworks */ = {isa = PBXBuildFile; fileRef = 6354849E171C2FA7003457CB /* UIKit.framework */; };
		635484C4171C2FA7003457CB /* Foundation.framework in Frameworks */ = {isa = PBXBuildFile; fileRef = 635484A0171C2FA7003457CB /* Foundation.framework */; };
		635484C5171C2FA7003457CB /* CoreData.framework in Frameworks */ = {isa = PBXBuildFile; fileRef = 635484A4171C2FA7003457CB /* CoreData.framework */; };
		635484CD171C2FA7003457CB /* InfoPlist.strings in Resources */ = {isa = PBXBuildFile; fileRef = 635484CB171C2FA7003457CB /* InfoPlist.strings */; };
		635484D0171C2FA7003457CB /* AniListTests.m in Sources */ = {isa = PBXBuildFile; fileRef = 635484CF171C2FA7003457CB /* AniListTests.m */; };
/* End PBXBuildFile section */

/* Begin PBXContainerItemProxy section */
		635484C6171C2FA7003457CB /* PBXContainerItemProxy */ = {
			isa = PBXContainerItemProxy;
			containerPortal = 63548493171C2FA7003457CB /* Project object */;
			proxyType = 1;
			remoteGlobalIDString = 6354849A171C2FA7003457CB;
			remoteInfo = AniList;
		};
/* End PBXContainerItemProxy section */

/* Begin PBXFileReference section */
		6353C03B171C43680060F062 /* Crashlytics.framework */ = {isa = PBXFileReference; lastKnownFileType = wrapper.framework; path = Crashlytics.framework; sourceTree = "<group>"; };
		6353C041171C457C0060F062 /* AFHTTPClient.h */ = {isa = PBXFileReference; fileEncoding = 4; lastKnownFileType = sourcecode.c.h; path = AFHTTPClient.h; sourceTree = "<group>"; };
		6353C042171C457C0060F062 /* AFHTTPClient.m */ = {isa = PBXFileReference; fileEncoding = 4; lastKnownFileType = sourcecode.c.objc; path = AFHTTPClient.m; sourceTree = "<group>"; };
		6353C043171C457C0060F062 /* AFHTTPRequestOperation.h */ = {isa = PBXFileReference; fileEncoding = 4; lastKnownFileType = sourcecode.c.h; path = AFHTTPRequestOperation.h; sourceTree = "<group>"; };
		6353C044171C457C0060F062 /* AFHTTPRequestOperation.m */ = {isa = PBXFileReference; fileEncoding = 4; lastKnownFileType = sourcecode.c.objc; path = AFHTTPRequestOperation.m; sourceTree = "<group>"; };
		6353C045171C457C0060F062 /* AFImageRequestOperation.h */ = {isa = PBXFileReference; fileEncoding = 4; lastKnownFileType = sourcecode.c.h; path = AFImageRequestOperation.h; sourceTree = "<group>"; };
		6353C046171C457C0060F062 /* AFImageRequestOperation.m */ = {isa = PBXFileReference; fileEncoding = 4; lastKnownFileType = sourcecode.c.objc; path = AFImageRequestOperation.m; sourceTree = "<group>"; };
		6353C047171C457C0060F062 /* AFJSONRequestOperation.h */ = {isa = PBXFileReference; fileEncoding = 4; lastKnownFileType = sourcecode.c.h; path = AFJSONRequestOperation.h; sourceTree = "<group>"; };
		6353C048171C457C0060F062 /* AFJSONRequestOperation.m */ = {isa = PBXFileReference; fileEncoding = 4; lastKnownFileType = sourcecode.c.objc; path = AFJSONRequestOperation.m; sourceTree = "<group>"; };
		6353C049171C457C0060F062 /* AFNetworkActivityIndicatorManager.h */ = {isa = PBXFileReference; fileEncoding = 4; lastKnownFileType = sourcecode.c.h; path = AFNetworkActivityIndicatorManager.h; sourceTree = "<group>"; };
		6353C04A171C457C0060F062 /* AFNetworkActivityIndicatorManager.m */ = {isa = PBXFileReference; fileEncoding = 4; lastKnownFileType = sourcecode.c.objc; path = AFNetworkActivityIndicatorManager.m; sourceTree = "<group>"; };
		6353C04B171C457C0060F062 /* AFNetworking.h */ = {isa = PBXFileReference; fileEncoding = 4; lastKnownFileType = sourcecode.c.h; path = AFNetworking.h; sourceTree = "<group>"; };
		6353C04C171C457C0060F062 /* AFPropertyListRequestOperation.h */ = {isa = PBXFileReference; fileEncoding = 4; lastKnownFileType = sourcecode.c.h; path = AFPropertyListRequestOperation.h; sourceTree = "<group>"; };
		6353C04D171C457C0060F062 /* AFPropertyListRequestOperation.m */ = {isa = PBXFileReference; fileEncoding = 4; lastKnownFileType = sourcecode.c.objc; path = AFPropertyListRequestOperation.m; sourceTree = "<group>"; };
		6353C04E171C457C0060F062 /* AFURLConnectionOperation.h */ = {isa = PBXFileReference; fileEncoding = 4; lastKnownFileType = sourcecode.c.h; path = AFURLConnectionOperation.h; sourceTree = "<group>"; };
		6353C04F171C457C0060F062 /* AFURLConnectionOperation.m */ = {isa = PBXFileReference; fileEncoding = 4; lastKnownFileType = sourcecode.c.objc; path = AFURLConnectionOperation.m; sourceTree = "<group>"; };
		6353C050171C457C0060F062 /* AFXMLRequestOperation.h */ = {isa = PBXFileReference; fileEncoding = 4; lastKnownFileType = sourcecode.c.h; path = AFXMLRequestOperation.h; sourceTree = "<group>"; };
		6353C051171C457C0060F062 /* AFXMLRequestOperation.m */ = {isa = PBXFileReference; fileEncoding = 4; lastKnownFileType = sourcecode.c.objc; path = AFXMLRequestOperation.m; sourceTree = "<group>"; };
		6353C052171C457C0060F062 /* UIImageView+AFNetworking.h */ = {isa = PBXFileReference; fileEncoding = 4; lastKnownFileType = sourcecode.c.h; path = "UIImageView+AFNetworking.h"; sourceTree = "<group>"; };
		6353C053171C457C0060F062 /* UIImageView+AFNetworking.m */ = {isa = PBXFileReference; fileEncoding = 4; lastKnownFileType = sourcecode.c.objc; path = "UIImageView+AFNetworking.m"; sourceTree = "<group>"; };
		6353C054171C457C0060F062 /* AFNetworking.podspec */ = {isa = PBXFileReference; fileEncoding = 4; lastKnownFileType = text; path = AFNetworking.podspec; sourceTree = "<group>"; };
		6353C118171C457D0060F062 /* SWRevealViewController.h */ = {isa = PBXFileReference; fileEncoding = 4; lastKnownFileType = sourcecode.c.h; name = SWRevealViewController.h; path = SWRevealViewController/SWRevealViewController.h; sourceTree = "<group>"; };
		6353C119171C457D0060F062 /* SWRevealViewController.m */ = {isa = PBXFileReference; fileEncoding = 4; lastKnownFileType = sourcecode.c.objc; name = SWRevealViewController.m; path = SWRevealViewController/SWRevealViewController.m; sourceTree = "<group>"; };
		6353C123171C457D0060F062 /* TTTAttributedLabel.h */ = {isa = PBXFileReference; fileEncoding = 4; lastKnownFileType = sourcecode.c.h; path = TTTAttributedLabel.h; sourceTree = "<group>"; };
		6353C124171C457D0060F062 /* TTTAttributedLabel.m */ = {isa = PBXFileReference; fileEncoding = 4; lastKnownFileType = sourcecode.c.objc; path = TTTAttributedLabel.m; sourceTree = "<group>"; };
		6353C243171C46740060F062 /* CoreText.framework */ = {isa = PBXFileReference; lastKnownFileType = wrapper.framework; name = CoreText.framework; path = System/Library/Frameworks/CoreText.framework; sourceTree = SDKROOT; };
		6353C245171C46780060F062 /* QuartzCore.framework */ = {isa = PBXFileReference; lastKnownFileType = wrapper.framework; name = QuartzCore.framework; path = System/Library/Frameworks/QuartzCore.framework; sourceTree = SDKROOT; };
		6353C247171C468C0060F062 /* Twitter.framework */ = {isa = PBXFileReference; lastKnownFileType = wrapper.framework; name = Twitter.framework; path = System/Library/Frameworks/Twitter.framework; sourceTree = SDKROOT; };
		6353C249171C46930060F062 /* Social.framework */ = {isa = PBXFileReference; lastKnownFileType = wrapper.framework; name = Social.framework; path = System/Library/Frameworks/Social.framework; sourceTree = SDKROOT; };
		6354849B171C2FA7003457CB /* AniList.app */ = {isa = PBXFileReference; explicitFileType = wrapper.application; includeInIndex = 0; path = AniList.app; sourceTree = BUILT_PRODUCTS_DIR; };
		6354849E171C2FA7003457CB /* UIKit.framework */ = {isa = PBXFileReference; lastKnownFileType = wrapper.framework; name = UIKit.framework; path = System/Library/Frameworks/UIKit.framework; sourceTree = SDKROOT; };
		635484A0171C2FA7003457CB /* Foundation.framework */ = {isa = PBXFileReference; lastKnownFileType = wrapper.framework; name = Foundation.framework; path = System/Library/Frameworks/Foundation.framework; sourceTree = SDKROOT; };
		635484A2171C2FA7003457CB /* CoreGraphics.framework */ = {isa = PBXFileReference; lastKnownFileType = wrapper.framework; name = CoreGraphics.framework; path = System/Library/Frameworks/CoreGraphics.framework; sourceTree = SDKROOT; };
		635484A4171C2FA7003457CB /* CoreData.framework */ = {isa = PBXFileReference; lastKnownFileType = wrapper.framework; name = CoreData.framework; path = System/Library/Frameworks/CoreData.framework; sourceTree = SDKROOT; };
		635484A8171C2FA7003457CB /* AniList-Info.plist */ = {isa = PBXFileReference; lastKnownFileType = text.plist.xml; path = "AniList-Info.plist"; sourceTree = "<group>"; };
		635484AA171C2FA7003457CB /* en */ = {isa = PBXFileReference; lastKnownFileType = text.plist.strings; name = en; path = en.lproj/InfoPlist.strings; sourceTree = "<group>"; };
		635484AC171C2FA7003457CB /* main.m */ = {isa = PBXFileReference; lastKnownFileType = sourcecode.c.objc; path = main.m; sourceTree = "<group>"; };
		635484AE171C2FA7003457CB /* AniList-Prefix.pch */ = {isa = PBXFileReference; lastKnownFileType = sourcecode.c.h; path = "AniList-Prefix.pch"; sourceTree = "<group>"; };
		635484AF171C2FA7003457CB /* AniListAppDelegate.h */ = {isa = PBXFileReference; lastKnownFileType = sourcecode.c.h; path = AniListAppDelegate.h; sourceTree = "<group>"; };
		635484B0171C2FA7003457CB /* AniListAppDelegate.m */ = {isa = PBXFileReference; lastKnownFileType = sourcecode.c.objc; path = AniListAppDelegate.m; sourceTree = "<group>"; };
		635484B2171C2FA7003457CB /* Default.png */ = {isa = PBXFileReference; lastKnownFileType = image.png; path = Default.png; sourceTree = "<group>"; };
		635484B4171C2FA7003457CB /* Default@2x.png */ = {isa = PBXFileReference; lastKnownFileType = image.png; path = "Default@2x.png"; sourceTree = "<group>"; };
		635484B6171C2FA7003457CB /* Default-568h@2x.png */ = {isa = PBXFileReference; lastKnownFileType = image.png; path = "Default-568h@2x.png"; sourceTree = "<group>"; };
		635484B9171C2FA7003457CB /* AniList_1.0.xcdatamodel */ = {isa = PBXFileReference; lastKnownFileType = wrapper.xcdatamodel; path = AniList_1.0.xcdatamodel; sourceTree = "<group>"; };
		635484C0171C2FA7003457CB /* AniListTests.octest */ = {isa = PBXFileReference; explicitFileType = wrapper.cfbundle; includeInIndex = 0; path = AniListTests.octest; sourceTree = BUILT_PRODUCTS_DIR; };
		635484C1171C2FA7003457CB /* SenTestingKit.framework */ = {isa = PBXFileReference; lastKnownFileType = wrapper.framework; name = SenTestingKit.framework; path = Library/Frameworks/SenTestingKit.framework; sourceTree = DEVELOPER_DIR; };
		635484CA171C2FA7003457CB /* AniListTests-Info.plist */ = {isa = PBXFileReference; lastKnownFileType = text.plist.xml; path = "AniListTests-Info.plist"; sourceTree = "<group>"; };
		635484CC171C2FA7003457CB /* en */ = {isa = PBXFileReference; lastKnownFileType = text.plist.strings; name = en; path = en.lproj/InfoPlist.strings; sourceTree = "<group>"; };
		635484CE171C2FA7003457CB /* AniListTests.h */ = {isa = PBXFileReference; lastKnownFileType = sourcecode.c.h; path = AniListTests.h; sourceTree = "<group>"; };
		635484CF171C2FA7003457CB /* AniListTests.m */ = {isa = PBXFileReference; lastKnownFileType = sourcecode.c.objc; path = AniListTests.m; sourceTree = "<group>"; };
/* End PBXFileReference section */

/* Begin PBXFrameworksBuildPhase section */
		63548498171C2FA7003457CB /* Frameworks */ = {
			isa = PBXFrameworksBuildPhase;
			buildActionMask = 2147483647;
			files = (
				6353C24A171C46930060F062 /* Social.framework in Frameworks */,
				6353C248171C468C0060F062 /* Twitter.framework in Frameworks */,
				6353C246171C46780060F062 /* QuartzCore.framework in Frameworks */,
				6353C244171C46740060F062 /* CoreText.framework in Frameworks */,
				6354849F171C2FA7003457CB /* UIKit.framework in Frameworks */,
				635484A1171C2FA7003457CB /* Foundation.framework in Frameworks */,
				635484A3171C2FA7003457CB /* CoreGraphics.framework in Frameworks */,
				635484A5171C2FA7003457CB /* CoreData.framework in Frameworks */,
				6353C03C171C43680060F062 /* Crashlytics.framework in Frameworks */,
			);
			runOnlyForDeploymentPostprocessing = 0;
		};
		635484BC171C2FA7003457CB /* Frameworks */ = {
			isa = PBXFrameworksBuildPhase;
			buildActionMask = 2147483647;
			files = (
				635484C2171C2FA7003457CB /* SenTestingKit.framework in Frameworks */,
				635484C3171C2FA7003457CB /* UIKit.framework in Frameworks */,
				635484C4171C2FA7003457CB /* Foundation.framework in Frameworks */,
				635484C5171C2FA7003457CB /* CoreData.framework in Frameworks */,
			);
			runOnlyForDeploymentPostprocessing = 0;
		};
/* End PBXFrameworksBuildPhase section */

/* Begin PBXGroup section */
		6353C03D171C457C0060F062 /* Libraries */ = {
			isa = PBXGroup;
			children = (
				6353C03E171C457C0060F062 /* AFNetworking */,
				6353C080171C457C0060F062 /* SWRevealViewController */,
				6353C122171C457D0060F062 /* TTTAttributedLabel */,
			);
			name = Libraries;
			path = AniList/Libraries;
			sourceTree = "<group>";
		};
		6353C03E171C457C0060F062 /* AFNetworking */ = {
			isa = PBXGroup;
			children = (
				6353C040171C457C0060F062 /* AFNetworking */,
				6353C054171C457C0060F062 /* AFNetworking.podspec */,
			);
			path = AFNetworking;
			sourceTree = "<group>";
		};
		6353C040171C457C0060F062 /* AFNetworking */ = {
			isa = PBXGroup;
			children = (
				6353C041171C457C0060F062 /* AFHTTPClient.h */,
				6353C042171C457C0060F062 /* AFHTTPClient.m */,
				6353C043171C457C0060F062 /* AFHTTPRequestOperation.h */,
				6353C044171C457C0060F062 /* AFHTTPRequestOperation.m */,
				6353C045171C457C0060F062 /* AFImageRequestOperation.h */,
				6353C046171C457C0060F062 /* AFImageRequestOperation.m */,
				6353C047171C457C0060F062 /* AFJSONRequestOperation.h */,
				6353C048171C457C0060F062 /* AFJSONRequestOperation.m */,
				6353C049171C457C0060F062 /* AFNetworkActivityIndicatorManager.h */,
				6353C04A171C457C0060F062 /* AFNetworkActivityIndicatorManager.m */,
				6353C04B171C457C0060F062 /* AFNetworking.h */,
				6353C04C171C457C0060F062 /* AFPropertyListRequestOperation.h */,
				6353C04D171C457C0060F062 /* AFPropertyListRequestOperation.m */,
				6353C04E171C457C0060F062 /* AFURLConnectionOperation.h */,
				6353C04F171C457C0060F062 /* AFURLConnectionOperation.m */,
				6353C050171C457C0060F062 /* AFXMLRequestOperation.h */,
				6353C051171C457C0060F062 /* AFXMLRequestOperation.m */,
				6353C052171C457C0060F062 /* UIImageView+AFNetworking.h */,
				6353C053171C457C0060F062 /* UIImageView+AFNetworking.m */,
			);
			path = AFNetworking;
			sourceTree = "<group>";
		};
		6353C080171C457C0060F062 /* SWRevealViewController */ = {
			isa = PBXGroup;
			children = (
				6353C118171C457D0060F062 /* SWRevealViewController.h */,
				6353C119171C457D0060F062 /* SWRevealViewController.m */,
			);
			path = SWRevealViewController;
			sourceTree = "<group>";
		};
		6353C122171C457D0060F062 /* TTTAttributedLabel */ = {
			isa = PBXGroup;
			children = (
				6353C123171C457D0060F062 /* TTTAttributedLabel.h */,
				6353C124171C457D0060F062 /* TTTAttributedLabel.m */,
			);
			path = TTTAttributedLabel;
			sourceTree = "<group>";
		};
		63548492171C2FA7003457CB = {
			isa = PBXGroup;
			children = (
				6353C249171C46930060F062 /* Social.framework */,
				6353C247171C468C0060F062 /* Twitter.framework */,
				635484A6171C2FA7003457CB /* AniList */,
				635484C8171C2FA7003457CB /* AniListTests */,
				6353C03D171C457C0060F062 /* Libraries */,
				6354849D171C2FA7003457CB /* Frameworks */,
				6354849C171C2FA7003457CB /* Products */,
			);
			sourceTree = "<group>";
		};
		6354849C171C2FA7003457CB /* Products */ = {
			isa = PBXGroup;
			children = (
				6354849B171C2FA7003457CB /* AniList.app */,
				635484C0171C2FA7003457CB /* AniListTests.octest */,
			);
			name = Products;
			sourceTree = "<group>";
		};
		6354849D171C2FA7003457CB /* Frameworks */ = {
			isa = PBXGroup;
			children = (
				6353C245171C46780060F062 /* QuartzCore.framework */,
				6353C243171C46740060F062 /* CoreText.framework */,
				6353C03B171C43680060F062 /* Crashlytics.framework */,
				6354849E171C2FA7003457CB /* UIKit.framework */,
				635484A0171C2FA7003457CB /* Foundation.framework */,
				635484A2171C2FA7003457CB /* CoreGraphics.framework */,
				635484A4171C2FA7003457CB /* CoreData.framework */,
				635484C1171C2FA7003457CB /* SenTestingKit.framework */,
			);
			name = Frameworks;
			sourceTree = "<group>";
		};
		635484A6171C2FA7003457CB /* AniList */ = {
			isa = PBXGroup;
			children = (
				635484AF171C2FA7003457CB /* AniListAppDelegate.h */,
				635484B0171C2FA7003457CB /* AniListAppDelegate.m */,
				635484B8171C2FA7003457CB /* AniList_1.0.xcdatamodeld */,
				635484A7171C2FA7003457CB /* Supporting Files */,
			);
			path = AniList;
			sourceTree = "<group>";
		};
		635484A7171C2FA7003457CB /* Supporting Files */ = {
			isa = PBXGroup;
			children = (
				635484A8171C2FA7003457CB /* AniList-Info.plist */,
				635484A9171C2FA7003457CB /* InfoPlist.strings */,
				635484AC171C2FA7003457CB /* main.m */,
				635484AE171C2FA7003457CB /* AniList-Prefix.pch */,
				635484B2171C2FA7003457CB /* Default.png */,
				635484B4171C2FA7003457CB /* Default@2x.png */,
				635484B6171C2FA7003457CB /* Default-568h@2x.png */,
			);
			name = "Supporting Files";
			sourceTree = "<group>";
		};
		635484C8171C2FA7003457CB /* AniListTests */ = {
			isa = PBXGroup;
			children = (
				635484CE171C2FA7003457CB /* AniListTests.h */,
				635484CF171C2FA7003457CB /* AniListTests.m */,
				635484C9171C2FA7003457CB /* Supporting Files */,
			);
			path = AniListTests;
			sourceTree = "<group>";
		};
		635484C9171C2FA7003457CB /* Supporting Files */ = {
			isa = PBXGroup;
			children = (
				635484CA171C2FA7003457CB /* AniListTests-Info.plist */,
				635484CB171C2FA7003457CB /* InfoPlist.strings */,
			);
			name = "Supporting Files";
			sourceTree = "<group>";
		};
/* End PBXGroup section */

/* Begin PBXNativeTarget section */
		6354849A171C2FA7003457CB /* AniList */ = {
			isa = PBXNativeTarget;
			buildConfigurationList = 635484D3171C2FA7003457CB /* Build configuration list for PBXNativeTarget "AniList" */;
			buildPhases = (
				63548497171C2FA7003457CB /* Sources */,
				63548498171C2FA7003457CB /* Frameworks */,
				63548499171C2FA7003457CB /* Resources */,
				634260E5171C380800612488 /* ShellScript */,
			);
			buildRules = (
			);
			dependencies = (
			);
			name = AniList;
			productName = AniList;
			productReference = 6354849B171C2FA7003457CB /* AniList.app */;
			productType = "com.apple.product-type.application";
		};
		635484BF171C2FA7003457CB /* AniListTests */ = {
			isa = PBXNativeTarget;
			buildConfigurationList = 635484D6171C2FA7003457CB /* Build configuration list for PBXNativeTarget "AniListTests" */;
			buildPhases = (
				635484BB171C2FA7003457CB /* Sources */,
				635484BC171C2FA7003457CB /* Frameworks */,
				635484BD171C2FA7003457CB /* Resources */,
				635484BE171C2FA7003457CB /* ShellScript */,
			);
			buildRules = (
			);
			dependencies = (
				635484C7171C2FA7003457CB /* PBXTargetDependency */,
			);
			name = AniListTests;
			productName = AniListTests;
			productReference = 635484C0171C2FA7003457CB /* AniListTests.octest */;
			productType = "com.apple.product-type.bundle";
		};
/* End PBXNativeTarget section */

/* Begin PBXProject section */
		63548493171C2FA7003457CB /* Project object */ = {
			isa = PBXProject;
			attributes = {
				CLASSPREFIX = AniList;
				LastUpgradeCheck = 0460;
				ORGANIZATIONNAME = "SpacePyro Inc.";
			};
			buildConfigurationList = 63548496171C2FA7003457CB /* Build configuration list for PBXProject "AniList" */;
			compatibilityVersion = "Xcode 3.2";
			developmentRegion = English;
			hasScannedForEncodings = 0;
			knownRegions = (
				en,
			);
			mainGroup = 63548492171C2FA7003457CB;
			productRefGroup = 6354849C171C2FA7003457CB /* Products */;
			projectDirPath = "";
			projectRoot = "";
			targets = (
				6354849A171C2FA7003457CB /* AniList */,
				635484BF171C2FA7003457CB /* AniListTests */,
			);
		};
/* End PBXProject section */

/* Begin PBXResourcesBuildPhase section */
		63548499171C2FA7003457CB /* Resources */ = {
			isa = PBXResourcesBuildPhase;
			buildActionMask = 2147483647;
			files = (
				635484AB171C2FA7003457CB /* InfoPlist.strings in Resources */,
				635484B3171C2FA7003457CB /* Default.png in Resources */,
				635484B5171C2FA7003457CB /* Default@2x.png in Resources */,
				635484B7171C2FA7003457CB /* Default-568h@2x.png in Resources */,
				6353C139171C457D0060F062 /* AFNetworking.podspec in Resources */,
			);
			runOnlyForDeploymentPostprocessing = 0;
		};
		635484BD171C2FA7003457CB /* Resources */ = {
			isa = PBXResourcesBuildPhase;
			buildActionMask = 2147483647;
			files = (
				635484CD171C2FA7003457CB /* InfoPlist.strings in Resources */,
				6353C13A171C457D0060F062 /* AFNetworking.podspec in Resources */,
			);
			runOnlyForDeploymentPostprocessing = 0;
		};
/* End PBXResourcesBuildPhase section */

/* Begin PBXShellScriptBuildPhase section */
		634260E5171C380800612488 /* ShellScript */ = {
			isa = PBXShellScriptBuildPhase;
			buildActionMask = 2147483647;
			files = (
			);
			inputPaths = (
			);
			outputPaths = (
			);
			runOnlyForDeploymentPostprocessing = 0;
			shellPath = /bin/sh;
			shellScript = "./Crashlytics.framework/run c01aa6f0d36b5000da6aa8c83dda558c23be54f8";
		};
		635484BE171C2FA7003457CB /* ShellScript */ = {
			isa = PBXShellScriptBuildPhase;
			buildActionMask = 2147483647;
			files = (
			);
			inputPaths = (
			);
			outputPaths = (
			);
			runOnlyForDeploymentPostprocessing = 0;
			shellPath = /bin/sh;
			shellScript = "# Run the unit tests in this test bundle.\n\"${SYSTEM_DEVELOPER_DIR}/Tools/RunUnitTests\"\n";
		};
/* End PBXShellScriptBuildPhase section */

/* Begin PBXSourcesBuildPhase section */
		63548497171C2FA7003457CB /* Sources */ = {
			isa = PBXSourcesBuildPhase;
			buildActionMask = 2147483647;
			files = (
				635484AD171C2FA7003457CB /* main.m in Sources */,
				635484B1171C2FA7003457CB /* AniListAppDelegate.m in Sources */,
				635484BA171C2FA7003457CB /* AniList_1.0.xcdatamodeld in Sources */,
				6353C127171C457D0060F062 /* AFHTTPClient.m in Sources */,
				6353C129171C457D0060F062 /* AFHTTPRequestOperation.m in Sources */,
				6353C12B171C457D0060F062 /* AFImageRequestOperation.m in Sources */,
				6353C12D171C457D0060F062 /* AFJSONRequestOperation.m in Sources */,
				6353C12F171C457D0060F062 /* AFNetworkActivityIndicatorManager.m in Sources */,
				6353C131171C457D0060F062 /* AFPropertyListRequestOperation.m in Sources */,
				6353C133171C457D0060F062 /* AFURLConnectionOperation.m in Sources */,
				6353C135171C457D0060F062 /* AFXMLRequestOperation.m in Sources */,
				6353C137171C457D0060F062 /* UIImageView+AFNetworking.m in Sources */,
				6353C221171C457D0060F062 /* SWRevealViewController.m in Sources */,
				6353C22F171C457D0060F062 /* TTTAttributedLabel.m in Sources */,
			);
			runOnlyForDeploymentPostprocessing = 0;
		};
		635484BB171C2FA7003457CB /* Sources */ = {
			isa = PBXSourcesBuildPhase;
			buildActionMask = 2147483647;
			files = (
				635484D0171C2FA7003457CB /* AniListTests.m in Sources */,
				6353C128171C457D0060F062 /* AFHTTPClient.m in Sources */,
				6353C12A171C457D0060F062 /* AFHTTPRequestOperation.m in Sources */,
				6353C12C171C457D0060F062 /* AFImageRequestOperation.m in Sources */,
				6353C12E171C457D0060F062 /* AFJSONRequestOperation.m in Sources */,
				6353C130171C457D0060F062 /* AFNetworkActivityIndicatorManager.m in Sources */,
				6353C132171C457D0060F062 /* AFPropertyListRequestOperation.m in Sources */,
				6353C134171C457D0060F062 /* AFURLConnectionOperation.m in Sources */,
				6353C136171C457D0060F062 /* AFXMLRequestOperation.m in Sources */,
				6353C138171C457D0060F062 /* UIImageView+AFNetworking.m in Sources */,
				6353C222171C457D0060F062 /* SWRevealViewController.m in Sources */,
				6353C230171C457D0060F062 /* TTTAttributedLabel.m in Sources */,
			);
			runOnlyForDeploymentPostprocessing = 0;
		};
/* End PBXSourcesBuildPhase section */

/* Begin PBXTargetDependency section */
		635484C7171C2FA7003457CB /* PBXTargetDependency */ = {
			isa = PBXTargetDependency;
			target = 6354849A171C2FA7003457CB /* AniList */;
			targetProxy = 635484C6171C2FA7003457CB /* PBXContainerItemProxy */;
		};
/* End PBXTargetDependency section */

/* Begin PBXVariantGroup section */
		635484A9171C2FA7003457CB /* InfoPlist.strings */ = {
			isa = PBXVariantGroup;
			children = (
				635484AA171C2FA7003457CB /* en */,
			);
			name = InfoPlist.strings;
			sourceTree = "<group>";
		};
		635484CB171C2FA7003457CB /* InfoPlist.strings */ = {
			isa = PBXVariantGroup;
			children = (
				635484CC171C2FA7003457CB /* en */,
			);
			name = InfoPlist.strings;
			sourceTree = "<group>";
		};
/* End PBXVariantGroup section */

/* Begin XCBuildConfiguration section */
		635484D1171C2FA7003457CB /* Debug */ = {
			isa = XCBuildConfiguration;
			buildSettings = {
				ALWAYS_SEARCH_USER_PATHS = NO;
				CLANG_CXX_LANGUAGE_STANDARD = "gnu++0x";
				CLANG_CXX_LIBRARY = "libc++";
				CLANG_ENABLE_OBJC_ARC = YES;
				CLANG_WARN_CONSTANT_CONVERSION = YES;
				CLANG_WARN_EMPTY_BODY = YES;
				CLANG_WARN_ENUM_CONVERSION = YES;
				CLANG_WARN_INT_CONVERSION = YES;
				CLANG_WARN__DUPLICATE_METHOD_MATCH = YES;
				"CODE_SIGN_IDENTITY[sdk=iphoneos*]" = "iPhone Developer";
				COPY_PHASE_STRIP = NO;
				GCC_C_LANGUAGE_STANDARD = gnu99;
				GCC_DYNAMIC_NO_PIC = NO;
				GCC_OPTIMIZATION_LEVEL = 0;
				GCC_PREPROCESSOR_DEFINITIONS = (
					"DEBUG=1",
					"$(inherited)",
				);
				GCC_SYMBOLS_PRIVATE_EXTERN = NO;
				GCC_WARN_ABOUT_RETURN_TYPE = YES;
				GCC_WARN_UNINITIALIZED_AUTOS = YES;
				GCC_WARN_UNUSED_VARIABLE = YES;
				IPHONEOS_DEPLOYMENT_TARGET = 6.1;
				ONLY_ACTIVE_ARCH = YES;
				SDKROOT = iphoneos;
				TARGETED_DEVICE_FAMILY = "1,2";
			};
			name = Debug;
		};
		635484D2171C2FA7003457CB /* Release */ = {
			isa = XCBuildConfiguration;
			buildSettings = {
				ALWAYS_SEARCH_USER_PATHS = NO;
				CLANG_CXX_LANGUAGE_STANDARD = "gnu++0x";
				CLANG_CXX_LIBRARY = "libc++";
				CLANG_ENABLE_OBJC_ARC = YES;
				CLANG_WARN_CONSTANT_CONVERSION = YES;
				CLANG_WARN_EMPTY_BODY = YES;
				CLANG_WARN_ENUM_CONVERSION = YES;
				CLANG_WARN_INT_CONVERSION = YES;
				CLANG_WARN__DUPLICATE_METHOD_MATCH = YES;
				"CODE_SIGN_IDENTITY[sdk=iphoneos*]" = "iPhone Developer";
				COPY_PHASE_STRIP = YES;
				GCC_C_LANGUAGE_STANDARD = gnu99;
				GCC_WARN_ABOUT_RETURN_TYPE = YES;
				GCC_WARN_UNINITIALIZED_AUTOS = YES;
				GCC_WARN_UNUSED_VARIABLE = YES;
				IPHONEOS_DEPLOYMENT_TARGET = 6.1;
				OTHER_CFLAGS = "-DNS_BLOCK_ASSERTIONS=1";
				SDKROOT = iphoneos;
				TARGETED_DEVICE_FAMILY = "1,2";
				VALIDATE_PRODUCT = YES;
			};
			name = Release;
		};
		635484D4171C2FA7003457CB /* Debug */ = {
			isa = XCBuildConfiguration;
			buildSettings = {
				FRAMEWORK_SEARCH_PATHS = (
					"$(inherited)",
					"\"$(SRCROOT)\"",
				);
				GCC_PRECOMPILE_PREFIX_HEADER = YES;
				GCC_PREFIX_HEADER = "AniList/AniList-Prefix.pch";
				INFOPLIST_FILE = "AniList/AniList-Info.plist";
				IPHONEOS_DEPLOYMENT_TARGET = 5.0;
				PRODUCT_NAME = "$(TARGET_NAME)";
				WRAPPER_EXTENSION = app;
			};
			name = Debug;
		};
		635484D5171C2FA7003457CB /* Release */ = {
			isa = XCBuildConfiguration;
			buildSettings = {
				FRAMEWORK_SEARCH_PATHS = (
					"$(inherited)",
					"\"$(SRCROOT)\"",
				);
				GCC_PRECOMPILE_PREFIX_HEADER = YES;
				GCC_PREFIX_HEADER = "AniList/AniList-Prefix.pch";
				INFOPLIST_FILE = "AniList/AniList-Info.plist";
				IPHONEOS_DEPLOYMENT_TARGET = 5.0;
				PRODUCT_NAME = "$(TARGET_NAME)";
				WRAPPER_EXTENSION = app;
			};
			name = Release;
		};
		635484D7171C2FA7003457CB /* Debug */ = {
			isa = XCBuildConfiguration;
			buildSettings = {
				BUNDLE_LOADER = "$(BUILT_PRODUCTS_DIR)/AniList.app/AniList";
				FRAMEWORK_SEARCH_PATHS = (
					"\"$(SDKROOT)/Developer/Library/Frameworks\"",
					"\"$(DEVELOPER_LIBRARY_DIR)/Frameworks\"",
				);
				GCC_PRECOMPILE_PREFIX_HEADER = YES;
				GCC_PREFIX_HEADER = "AniList/AniList-Prefix.pch";
				INFOPLIST_FILE = "AniListTests/AniListTests-Info.plist";
				PRODUCT_NAME = "$(TARGET_NAME)";
				TEST_HOST = "$(BUNDLE_LOADER)";
				WRAPPER_EXTENSION = octest;
			};
			name = Debug;
		};
		635484D8171C2FA7003457CB /* Release */ = {
			isa = XCBuildConfiguration;
			buildSettings = {
				BUNDLE_LOADER = "$(BUILT_PRODUCTS_DIR)/AniList.app/AniList";
				FRAMEWORK_SEARCH_PATHS = (
					"\"$(SDKROOT)/Developer/Library/Frameworks\"",
					"\"$(DEVELOPER_LIBRARY_DIR)/Frameworks\"",
				);
				GCC_PRECOMPILE_PREFIX_HEADER = YES;
				GCC_PREFIX_HEADER = "AniList/AniList-Prefix.pch";
				INFOPLIST_FILE = "AniListTests/AniListTests-Info.plist";
				PRODUCT_NAME = "$(TARGET_NAME)";
				TEST_HOST = "$(BUNDLE_LOADER)";
				WRAPPER_EXTENSION = octest;
			};
			name = Release;
		};
/* End XCBuildConfiguration section */

/* Begin XCConfigurationList section */
		63548496171C2FA7003457CB /* Build configuration list for PBXProject "AniList" */ = {
			isa = XCConfigurationList;
			buildConfigurations = (
				635484D1171C2FA7003457CB /* Debug */,
				635484D2171C2FA7003457CB /* Release */,
			);
			defaultConfigurationIsVisible = 0;
			defaultConfigurationName = Release;
		};
		635484D3171C2FA7003457CB /* Build configuration list for PBXNativeTarget "AniList" */ = {
			isa = XCConfigurationList;
			buildConfigurations = (
				635484D4171C2FA7003457CB /* Debug */,
				635484D5171C2FA7003457CB /* Release */,
			);
			defaultConfigurationIsVisible = 0;
			defaultConfigurationName = Release;
		};
		635484D6171C2FA7003457CB /* Build configuration list for PBXNativeTarget "AniListTests" */ = {
			isa = XCConfigurationList;
			buildConfigurations = (
				635484D7171C2FA7003457CB /* Debug */,
				635484D8171C2FA7003457CB /* Release */,
			);
			defaultConfigurationIsVisible = 0;
			defaultConfigurationName = Release;
		};
/* End XCConfigurationList section */

/* Begin XCVersionGroup section */
		635484B8171C2FA7003457CB /* AniList_1.0.xcdatamodeld */ = {
			isa = XCVersionGroup;
			children = (
				635484B9171C2FA7003457CB /* AniList_1.0.xcdatamodel */,
			);
			currentVersion = 635484B9171C2FA7003457CB /* AniList_1.0.xcdatamodel */;
			path = AniList_1.0.xcdatamodeld;
			sourceTree = "<group>";
			versionGroupType = wrapper.xcdatamodel;
		};
/* End XCVersionGroup section */
	};
	rootObject = 63548493171C2FA7003457CB /* Project object */;
}
