// !$*UTF8*$!
{
	archiveVersion = 1;
	classes = {
	};
	objectVersion = 46;
	objects = {

/* Begin PBXBuildFile section */
		6301D927175D62BA00163160 /* MobileCoreServices.framework in Frameworks */ = {isa = PBXBuildFile; fileRef = 632F4361171CD66200A5B43A /* MobileCoreServices.framework */; };
		6301D928175D62BA00163160 /* SystemConfiguration.framework in Frameworks */ = {isa = PBXBuildFile; fileRef = 632F435F171CD65D00A5B43A /* SystemConfiguration.framework */; };
		6301D929175D62BA00163160 /* Social.framework in Frameworks */ = {isa = PBXBuildFile; fileRef = 6353C249171C46930060F062 /* Social.framework */; };
		6301D92A175D62BA00163160 /* Twitter.framework in Frameworks */ = {isa = PBXBuildFile; fileRef = 6353C247171C468C0060F062 /* Twitter.framework */; };
		6301D92B175D62BA00163160 /* QuartzCore.framework in Frameworks */ = {isa = PBXBuildFile; fileRef = 6353C245171C46780060F062 /* QuartzCore.framework */; };
		6301D92C175D62BA00163160 /* CoreText.framework in Frameworks */ = {isa = PBXBuildFile; fileRef = 6353C243171C46740060F062 /* CoreText.framework */; };
		6301D92D175D62BA00163160 /* Crashlytics.framework in Frameworks */ = {isa = PBXBuildFile; fileRef = 6353C03B171C43680060F062 /* Crashlytics.framework */; };
		6301D92E175D62BA00163160 /* CoreGraphics.framework in Frameworks */ = {isa = PBXBuildFile; fileRef = 635484A2171C2FA7003457CB /* CoreGraphics.framework */; };
		6301D92F175D631000163160 /* MenuViewController.m in Sources */ = {isa = PBXBuildFile; fileRef = 632F436A171CD6FA00A5B43A /* MenuViewController.m */; };
		6301D930175D631000163160 /* AniListViewController.m in Sources */ = {isa = PBXBuildFile; fileRef = 632F4399171CDDEA00A5B43A /* AniListViewController.m */; };
		6301D931175D631000163160 /* AnimeListViewController.m in Sources */ = {isa = PBXBuildFile; fileRef = 632F43AA171D7DF100A5B43A /* AnimeListViewController.m */; };
		6301D932175D631000163160 /* MangaListViewController.m in Sources */ = {isa = PBXBuildFile; fileRef = 632F43AD171D7DFB00A5B43A /* MangaListViewController.m */; };
		6301D933175D631000163160 /* AnimeViewController.m in Sources */ = {isa = PBXBuildFile; fileRef = 6350279E171E51450004C106 /* AnimeViewController.m */; };
		6301D934175D631000163160 /* AniListAppDelegate.m in Sources */ = {isa = PBXBuildFile; fileRef = 635484B0171C2FA7003457CB /* AniListAppDelegate.m */; };
		6301D935175D631000163160 /* Anime.m in Sources */ = {isa = PBXBuildFile; fileRef = 635027BC171ED60A0004C106 /* Anime.m */; };
		6301D936175D631900163160 /* ProfileCell.m in Sources */ = {isa = PBXBuildFile; fileRef = 632F436F171CD72F00A5B43A /* ProfileCell.m */; };
		6301D937175D631900163160 /* MenuCell.m in Sources */ = {isa = PBXBuildFile; fileRef = 632F4380171CD9C900A5B43A /* MenuCell.m */; };
		6301D938175D631900163160 /* AniListCell.m in Sources */ = {isa = PBXBuildFile; fileRef = 632F4383171CD9E100A5B43A /* AniListCell.m */; };
		6301D939175D631900163160 /* AnimeCell.m in Sources */ = {isa = PBXBuildFile; fileRef = 632F4389171CDA0000A5B43A /* AnimeCell.m */; };
		6301D93A175D631900163160 /* MangaCell.m in Sources */ = {isa = PBXBuildFile; fileRef = 632F438C171CDA0E00A5B43A /* MangaCell.m */; };
		6301D93B175D631C00163160 /* AniListTableView.m in Sources */ = {isa = PBXBuildFile; fileRef = 632F43A0171CDE2100A5B43A /* AniListTableView.m */; };
		6301D93C175D631C00163160 /* AnimeTableView.m in Sources */ = {isa = PBXBuildFile; fileRef = 632F43A3171CDE2F00A5B43A /* AnimeTableView.m */; };
		6301D93D175D631C00163160 /* MangaTableView.m in Sources */ = {isa = PBXBuildFile; fileRef = 632F43A6171CDE3900A5B43A /* MangaTableView.m */; };
		6301D93E175D632100163160 /* AnimeService.m in Sources */ = {isa = PBXBuildFile; fileRef = 635027B9171ED41A0004C106 /* AnimeService.m */; };
		6301D93F175D632500163160 /* UIFont+AniList.m in Sources */ = {isa = PBXBuildFile; fileRef = 6350279B171E4EA20004C106 /* UIFont+AniList.m */; };
		6301D940175D632C00163160 /* main.m in Sources */ = {isa = PBXBuildFile; fileRef = 635484AC171C2FA7003457CB /* main.m */; };
		6301D94B175D66AF00163160 /* AniListSummaryViewController.m in Sources */ = {isa = PBXBuildFile; fileRef = 6301D949175D66AE00163160 /* AniListSummaryViewController.m */; };
		6301D94C175D66AF00163160 /* AniListSummaryViewController.m in Sources */ = {isa = PBXBuildFile; fileRef = 6301D949175D66AE00163160 /* AniListSummaryViewController.m */; };
		6301D94D175D66AF00163160 /* AniListSummaryViewController.xib in Resources */ = {isa = PBXBuildFile; fileRef = 6301D94A175D66AE00163160 /* AniListSummaryViewController.xib */; };
		6301D94E175D66AF00163160 /* AniListSummaryViewController.xib in Resources */ = {isa = PBXBuildFile; fileRef = 6301D94A175D66AE00163160 /* AniListSummaryViewController.xib */; };
		6301D94F175D6F1A00163160 /* MenuViewController.xib in Resources */ = {isa = PBXBuildFile; fileRef = 632F436B171CD6FA00A5B43A /* MenuViewController.xib */; };
		6301D950175D6F1A00163160 /* AniListViewController.xib in Resources */ = {isa = PBXBuildFile; fileRef = 632F439A171CDDEB00A5B43A /* AniListViewController.xib */; };
		6301D951175D6F1D00163160 /* ProfileCell.xib in Resources */ = {isa = PBXBuildFile; fileRef = 632F4371171CD74400A5B43A /* ProfileCell.xib */; };
		6301D952175D6F1D00163160 /* AnimeCell.xib in Resources */ = {isa = PBXBuildFile; fileRef = 635027AC171E601E0004C106 /* AnimeCell.xib */; };
		6301D955175D729600163160 /* NSString+AniList.m in Sources */ = {isa = PBXBuildFile; fileRef = 6301D954175D729600163160 /* NSString+AniList.m */; };
		6301D956175D729600163160 /* NSString+AniList.m in Sources */ = {isa = PBXBuildFile; fileRef = 6301D954175D729600163160 /* NSString+AniList.m */; };
		63047A4217656CE10039D795 /* AniListDatePickerView.m in Sources */ = {isa = PBXBuildFile; fileRef = 63047A4117656CE10039D795 /* AniListDatePickerView.m */; };
		63047A4317656CE10039D795 /* AniListDatePickerView.m in Sources */ = {isa = PBXBuildFile; fileRef = 63047A4117656CE10039D795 /* AniListDatePickerView.m */; };
		630965181737E82100B43489 /* Icon@2x.png in Resources */ = {isa = PBXBuildFile; fileRef = 630965171737E82100B43489 /* Icon@2x.png */; };
		6309651A1737E82500B43489 /* Icon.png in Resources */ = {isa = PBXBuildFile; fileRef = 630965191737E82500B43489 /* Icon.png */; };
		631693461760C56300D526C0 /* NSDate+AniList.m in Sources */ = {isa = PBXBuildFile; fileRef = 631693451760C56300D526C0 /* NSDate+AniList.m */; };
		631693471760C56300D526C0 /* NSDate+AniList.m in Sources */ = {isa = PBXBuildFile; fileRef = 631693451760C56300D526C0 /* NSDate+AniList.m */; };
		631898CF17222AE300758BE9 /* image_placeholder.png in Resources */ = {isa = PBXBuildFile; fileRef = 631898CD17222AE300758BE9 /* image_placeholder.png */; };
		631898D017222AE300758BE9 /* image_placeholder@2x.png in Resources */ = {isa = PBXBuildFile; fileRef = 631898CE17222AE300758BE9 /* image_placeholder@2x.png */; };
		632F4360171CD65D00A5B43A /* SystemConfiguration.framework in Frameworks */ = {isa = PBXBuildFile; fileRef = 632F435F171CD65D00A5B43A /* SystemConfiguration.framework */; };
		632F4362171CD66200A5B43A /* MobileCoreServices.framework in Frameworks */ = {isa = PBXBuildFile; fileRef = 632F4361171CD66200A5B43A /* MobileCoreServices.framework */; };
		632F436C171CD6FA00A5B43A /* MenuViewController.m in Sources */ = {isa = PBXBuildFile; fileRef = 632F436A171CD6FA00A5B43A /* MenuViewController.m */; };
		632F436D171CD6FA00A5B43A /* MenuViewController.xib in Resources */ = {isa = PBXBuildFile; fileRef = 632F436B171CD6FA00A5B43A /* MenuViewController.xib */; };
		632F4370171CD72F00A5B43A /* ProfileCell.m in Sources */ = {isa = PBXBuildFile; fileRef = 632F436F171CD72F00A5B43A /* ProfileCell.m */; };
		632F4372171CD74400A5B43A /* ProfileCell.xib in Resources */ = {isa = PBXBuildFile; fileRef = 632F4371171CD74400A5B43A /* ProfileCell.xib */; };
		632F4381171CD9C900A5B43A /* MenuCell.m in Sources */ = {isa = PBXBuildFile; fileRef = 632F4380171CD9C900A5B43A /* MenuCell.m */; };
		632F4384171CD9E100A5B43A /* AniListCell.m in Sources */ = {isa = PBXBuildFile; fileRef = 632F4383171CD9E100A5B43A /* AniListCell.m */; };
		632F438A171CDA0000A5B43A /* AnimeCell.m in Sources */ = {isa = PBXBuildFile; fileRef = 632F4389171CDA0000A5B43A /* AnimeCell.m */; };
		632F438D171CDA0E00A5B43A /* MangaCell.m in Sources */ = {isa = PBXBuildFile; fileRef = 632F438C171CDA0E00A5B43A /* MangaCell.m */; };
		632F4396171CDC7600A5B43A /* hamburger.png in Resources */ = {isa = PBXBuildFile; fileRef = 632F4394171CDC7600A5B43A /* hamburger.png */; };
		632F4397171CDC7600A5B43A /* hamburger@2x.png in Resources */ = {isa = PBXBuildFile; fileRef = 632F4395171CDC7600A5B43A /* hamburger@2x.png */; };
		632F439B171CDDED00A5B43A /* AniListViewController.m in Sources */ = {isa = PBXBuildFile; fileRef = 632F4399171CDDEA00A5B43A /* AniListViewController.m */; };
		632F439C171CDDED00A5B43A /* AniListViewController.xib in Resources */ = {isa = PBXBuildFile; fileRef = 632F439A171CDDEB00A5B43A /* AniListViewController.xib */; };
		632F43A1171CDE2100A5B43A /* AniListTableView.m in Sources */ = {isa = PBXBuildFile; fileRef = 632F43A0171CDE2100A5B43A /* AniListTableView.m */; };
		632F43A4171CDE2F00A5B43A /* AnimeTableView.m in Sources */ = {isa = PBXBuildFile; fileRef = 632F43A3171CDE2F00A5B43A /* AnimeTableView.m */; };
		632F43A7171CDE3900A5B43A /* MangaTableView.m in Sources */ = {isa = PBXBuildFile; fileRef = 632F43A6171CDE3900A5B43A /* MangaTableView.m */; };
		632F43AB171D7DF100A5B43A /* AnimeListViewController.m in Sources */ = {isa = PBXBuildFile; fileRef = 632F43AA171D7DF100A5B43A /* AnimeListViewController.m */; };
		632F43AE171D7DFB00A5B43A /* MangaListViewController.m in Sources */ = {isa = PBXBuildFile; fileRef = 632F43AD171D7DFB00A5B43A /* MangaListViewController.m */; };
		63502795171E4D430004C106 /* bg.png in Resources */ = {isa = PBXBuildFile; fileRef = 63502793171E4D430004C106 /* bg.png */; };
		63502798171E4D760004C106 /* bg@2x.png in Resources */ = {isa = PBXBuildFile; fileRef = 63502797171E4D760004C106 /* bg@2x.png */; };
		6350279C171E4EA20004C106 /* UIFont+AniList.m in Sources */ = {isa = PBXBuildFile; fileRef = 6350279B171E4EA20004C106 /* UIFont+AniList.m */; };
		635027A0171E51450004C106 /* AnimeViewController.m in Sources */ = {isa = PBXBuildFile; fileRef = 6350279E171E51450004C106 /* AnimeViewController.m */; };
		635027A3171E53550004C106 /* 24646.jpg in Resources */ = {isa = PBXBuildFile; fileRef = 635027A2171E53550004C106 /* 24646.jpg */; };
		635027A8171E58CC0004C106 /* action.png in Resources */ = {isa = PBXBuildFile; fileRef = 635027A4171E58CC0004C106 /* action.png */; };
		635027A9171E58CC0004C106 /* action@2x.png in Resources */ = {isa = PBXBuildFile; fileRef = 635027A5171E58CC0004C106 /* action@2x.png */; };
		635027AA171E58CC0004C106 /* back_arrow.png in Resources */ = {isa = PBXBuildFile; fileRef = 635027A6171E58CC0004C106 /* back_arrow.png */; };
		635027AB171E58CC0004C106 /* back_arrow@2x.png in Resources */ = {isa = PBXBuildFile; fileRef = 635027A7171E58CC0004C106 /* back_arrow@2x.png */; };
		635027AD171E601E0004C106 /* AnimeCell.xib in Resources */ = {isa = PBXBuildFile; fileRef = 635027AC171E601E0004C106 /* AnimeCell.xib */; };
		635027BA171ED41A0004C106 /* AnimeService.m in Sources */ = {isa = PBXBuildFile; fileRef = 635027B9171ED41A0004C106 /* AnimeService.m */; };
		635027BD171ED60A0004C106 /* Anime.m in Sources */ = {isa = PBXBuildFile; fileRef = 635027BC171ED60A0004C106 /* Anime.m */; };
		6353C03C171C43680060F062 /* Crashlytics.framework in Frameworks */ = {isa = PBXBuildFile; fileRef = 6353C03B171C43680060F062 /* Crashlytics.framework */; };
		6353C22F171C457D0060F062 /* TTTAttributedLabel.m in Sources */ = {isa = PBXBuildFile; fileRef = 6353C124171C457D0060F062 /* TTTAttributedLabel.m */; };
		6353C230171C457D0060F062 /* TTTAttributedLabel.m in Sources */ = {isa = PBXBuildFile; fileRef = 6353C124171C457D0060F062 /* TTTAttributedLabel.m */; };
		6353C244171C46740060F062 /* CoreText.framework in Frameworks */ = {isa = PBXBuildFile; fileRef = 6353C243171C46740060F062 /* CoreText.framework */; };
		6353C246171C46780060F062 /* QuartzCore.framework in Frameworks */ = {isa = PBXBuildFile; fileRef = 6353C245171C46780060F062 /* QuartzCore.framework */; };
		6353C248171C468C0060F062 /* Twitter.framework in Frameworks */ = {isa = PBXBuildFile; fileRef = 6353C247171C468C0060F062 /* Twitter.framework */; };
		6353C24A171C46930060F062 /* Social.framework in Frameworks */ = {isa = PBXBuildFile; fileRef = 6353C249171C46930060F062 /* Social.framework */; };
		6354849F171C2FA7003457CB /* UIKit.framework in Frameworks */ = {isa = PBXBuildFile; fileRef = 6354849E171C2FA7003457CB /* UIKit.framework */; };
		635484A1171C2FA7003457CB /* Foundation.framework in Frameworks */ = {isa = PBXBuildFile; fileRef = 635484A0171C2FA7003457CB /* Foundation.framework */; };
		635484A3171C2FA7003457CB /* CoreGraphics.framework in Frameworks */ = {isa = PBXBuildFile; fileRef = 635484A2171C2FA7003457CB /* CoreGraphics.framework */; };
		635484A5171C2FA7003457CB /* CoreData.framework in Frameworks */ = {isa = PBXBuildFile; fileRef = 635484A4171C2FA7003457CB /* CoreData.framework */; };
		635484AB171C2FA7003457CB /* InfoPlist.strings in Resources */ = {isa = PBXBuildFile; fileRef = 635484A9171C2FA7003457CB /* InfoPlist.strings */; };
		635484AD171C2FA7003457CB /* main.m in Sources */ = {isa = PBXBuildFile; fileRef = 635484AC171C2FA7003457CB /* main.m */; };
		635484B1171C2FA7003457CB /* AniListAppDelegate.m in Sources */ = {isa = PBXBuildFile; fileRef = 635484B0171C2FA7003457CB /* AniListAppDelegate.m */; };
		635484B3171C2FA7003457CB /* Default.png in Resources */ = {isa = PBXBuildFile; fileRef = 635484B2171C2FA7003457CB /* Default.png */; };
		635484B5171C2FA7003457CB /* Default@2x.png in Resources */ = {isa = PBXBuildFile; fileRef = 635484B4171C2FA7003457CB /* Default@2x.png */; };
		635484B7171C2FA7003457CB /* Default-568h@2x.png in Resources */ = {isa = PBXBuildFile; fileRef = 635484B6171C2FA7003457CB /* Default-568h@2x.png */; };
		635484BA171C2FA7003457CB /* AniList_1.0.xcdatamodeld in Sources */ = {isa = PBXBuildFile; fileRef = 635484B8171C2FA7003457CB /* AniList_1.0.xcdatamodeld */; };
		635484C2171C2FA7003457CB /* SenTestingKit.framework in Frameworks */ = {isa = PBXBuildFile; fileRef = 635484C1171C2FA7003457CB /* SenTestingKit.framework */; };
		635484C3171C2FA7003457CB /* UIKit.framework in Frameworks */ = {isa = PBXBuildFile; fileRef = 6354849E171C2FA7003457CB /* UIKit.framework */; };
		635484C4171C2FA7003457CB /* Foundation.framework in Frameworks */ = {isa = PBXBuildFile; fileRef = 635484A0171C2FA7003457CB /* Foundation.framework */; };
		635484C5171C2FA7003457CB /* CoreData.framework in Frameworks */ = {isa = PBXBuildFile; fileRef = 635484A4171C2FA7003457CB /* CoreData.framework */; };
		635484CD171C2FA7003457CB /* InfoPlist.strings in Resources */ = {isa = PBXBuildFile; fileRef = 635484CB171C2FA7003457CB /* InfoPlist.strings */; };
		635484D0171C2FA7003457CB /* AniListTests.m in Sources */ = {isa = PBXBuildFile; fileRef = 635484CF171C2FA7003457CB /* AniListTests.m */; };
		636F864C175A5F49007E1FB6 /* SWRevealViewController.m in Sources */ = {isa = PBXBuildFile; fileRef = 636F864B175A5F49007E1FB6 /* SWRevealViewController.m */; };
		636F8660175A5F53007E1FB6 /* AFHTTPClient.m in Sources */ = {isa = PBXBuildFile; fileRef = 636F864E175A5F53007E1FB6 /* AFHTTPClient.m */; };
		636F8661175A5F53007E1FB6 /* AFHTTPClient.m in Sources */ = {isa = PBXBuildFile; fileRef = 636F864E175A5F53007E1FB6 /* AFHTTPClient.m */; };
		636F8662175A5F53007E1FB6 /* AFHTTPRequestOperation.m in Sources */ = {isa = PBXBuildFile; fileRef = 636F8650175A5F53007E1FB6 /* AFHTTPRequestOperation.m */; };
		636F8663175A5F53007E1FB6 /* AFHTTPRequestOperation.m in Sources */ = {isa = PBXBuildFile; fileRef = 636F8650175A5F53007E1FB6 /* AFHTTPRequestOperation.m */; };
		636F8664175A5F53007E1FB6 /* AFImageRequestOperation.m in Sources */ = {isa = PBXBuildFile; fileRef = 636F8652175A5F53007E1FB6 /* AFImageRequestOperation.m */; };
		636F8665175A5F53007E1FB6 /* AFImageRequestOperation.m in Sources */ = {isa = PBXBuildFile; fileRef = 636F8652175A5F53007E1FB6 /* AFImageRequestOperation.m */; };
		636F8666175A5F53007E1FB6 /* AFJSONRequestOperation.m in Sources */ = {isa = PBXBuildFile; fileRef = 636F8654175A5F53007E1FB6 /* AFJSONRequestOperation.m */; };
		636F8667175A5F53007E1FB6 /* AFJSONRequestOperation.m in Sources */ = {isa = PBXBuildFile; fileRef = 636F8654175A5F53007E1FB6 /* AFJSONRequestOperation.m */; };
		636F8668175A5F53007E1FB6 /* AFNetworkActivityIndicatorManager.m in Sources */ = {isa = PBXBuildFile; fileRef = 636F8656175A5F53007E1FB6 /* AFNetworkActivityIndicatorManager.m */; };
		636F8669175A5F53007E1FB6 /* AFNetworkActivityIndicatorManager.m in Sources */ = {isa = PBXBuildFile; fileRef = 636F8656175A5F53007E1FB6 /* AFNetworkActivityIndicatorManager.m */; };
		636F866A175A5F53007E1FB6 /* AFPropertyListRequestOperation.m in Sources */ = {isa = PBXBuildFile; fileRef = 636F8659175A5F53007E1FB6 /* AFPropertyListRequestOperation.m */; };
		636F866B175A5F53007E1FB6 /* AFPropertyListRequestOperation.m in Sources */ = {isa = PBXBuildFile; fileRef = 636F8659175A5F53007E1FB6 /* AFPropertyListRequestOperation.m */; };
		636F866C175A5F53007E1FB6 /* AFURLConnectionOperation.m in Sources */ = {isa = PBXBuildFile; fileRef = 636F865B175A5F53007E1FB6 /* AFURLConnectionOperation.m */; };
		636F866D175A5F53007E1FB6 /* AFURLConnectionOperation.m in Sources */ = {isa = PBXBuildFile; fileRef = 636F865B175A5F53007E1FB6 /* AFURLConnectionOperation.m */; };
		636F866E175A5F53007E1FB6 /* AFXMLRequestOperation.m in Sources */ = {isa = PBXBuildFile; fileRef = 636F865D175A5F53007E1FB6 /* AFXMLRequestOperation.m */; };
		636F866F175A5F53007E1FB6 /* AFXMLRequestOperation.m in Sources */ = {isa = PBXBuildFile; fileRef = 636F865D175A5F53007E1FB6 /* AFXMLRequestOperation.m */; };
		636F8670175A5F53007E1FB6 /* UIImageView+AFNetworking.m in Sources */ = {isa = PBXBuildFile; fileRef = 636F865F175A5F53007E1FB6 /* UIImageView+AFNetworking.m */; };
		636F8671175A5F53007E1FB6 /* UIImageView+AFNetworking.m in Sources */ = {isa = PBXBuildFile; fileRef = 636F865F175A5F53007E1FB6 /* UIImageView+AFNetworking.m */; };
		636F8672175A5F5E007E1FB6 /* SWRevealViewController.m in Sources */ = {isa = PBXBuildFile; fileRef = 636F864B175A5F49007E1FB6 /* SWRevealViewController.m */; };
		636F8676175A7AB8007E1FB6 /* XMLReader.m in Sources */ = {isa = PBXBuildFile; fileRef = 636F8675175A7AB8007E1FB6 /* XMLReader.m */; };
		636F8677175A7AB8007E1FB6 /* XMLReader.m in Sources */ = {isa = PBXBuildFile; fileRef = 636F8675175A7AB8007E1FB6 /* XMLReader.m */; };
		636F867A175A7D17007E1FB6 /* MALUserClient.m in Sources */ = {isa = PBXBuildFile; fileRef = 636F8679175A7D17007E1FB6 /* MALUserClient.m */; };
		636F867B175A7D17007E1FB6 /* MALUserClient.m in Sources */ = {isa = PBXBuildFile; fileRef = 636F8679175A7D17007E1FB6 /* MALUserClient.m */; };
		636F8687175B1091007E1FB6 /* AniListUserInfoViewController.m in Sources */ = {isa = PBXBuildFile; fileRef = 636F8685175B1091007E1FB6 /* AniListUserInfoViewController.m */; };
		636F8688175B1091007E1FB6 /* AniListUserInfoViewController.m in Sources */ = {isa = PBXBuildFile; fileRef = 636F8685175B1091007E1FB6 /* AniListUserInfoViewController.m */; };
		636F8689175B1091007E1FB6 /* AniListUserInfoViewController.xib in Resources */ = {isa = PBXBuildFile; fileRef = 636F8686175B1091007E1FB6 /* AniListUserInfoViewController.xib */; };
		636F868A175B1091007E1FB6 /* AniListUserInfoViewController.xib in Resources */ = {isa = PBXBuildFile; fileRef = 636F8686175B1091007E1FB6 /* AniListUserInfoViewController.xib */; };
		636F868E175B10A6007E1FB6 /* AnimeUserInfoViewController.m in Sources */ = {isa = PBXBuildFile; fileRef = 636F868C175B10A6007E1FB6 /* AnimeUserInfoViewController.m */; };
		636F868F175B10A6007E1FB6 /* AnimeUserInfoViewController.m in Sources */ = {isa = PBXBuildFile; fileRef = 636F868C175B10A6007E1FB6 /* AnimeUserInfoViewController.m */; };
		636F8695175B116F007E1FB6 /* AniListDetailsViewController.m in Sources */ = {isa = PBXBuildFile; fileRef = 636F8693175B116F007E1FB6 /* AniListDetailsViewController.m */; };
		636F8696175B116F007E1FB6 /* AniListDetailsViewController.m in Sources */ = {isa = PBXBuildFile; fileRef = 636F8693175B116F007E1FB6 /* AniListDetailsViewController.m */; };
		636F8697175B116F007E1FB6 /* AniListDetailsViewController.xib in Resources */ = {isa = PBXBuildFile; fileRef = 636F8694175B116F007E1FB6 /* AniListDetailsViewController.xib */; };
		636F8698175B116F007E1FB6 /* AniListDetailsViewController.xib in Resources */ = {isa = PBXBuildFile; fileRef = 636F8694175B116F007E1FB6 /* AniListDetailsViewController.xib */; };
		636F869C175B117D007E1FB6 /* AnimeDetailsViewController.m in Sources */ = {isa = PBXBuildFile; fileRef = 636F869A175B117D007E1FB6 /* AnimeDetailsViewController.m */; };
		636F869D175B117D007E1FB6 /* AnimeDetailsViewController.m in Sources */ = {isa = PBXBuildFile; fileRef = 636F869A175B117D007E1FB6 /* AnimeDetailsViewController.m */; };
		636F869E175B117D007E1FB6 /* AnimeDetailsViewController.xib in Resources */ = {isa = PBXBuildFile; fileRef = 636F869B175B117D007E1FB6 /* AnimeDetailsViewController.xib */; };
		636F869F175B117D007E1FB6 /* AnimeDetailsViewController.xib in Resources */ = {isa = PBXBuildFile; fileRef = 636F869B175B117D007E1FB6 /* AnimeDetailsViewController.xib */; };
		636F86A2175B1232007E1FB6 /* SynopsisView.m in Sources */ = {isa = PBXBuildFile; fileRef = 636F86A1175B1232007E1FB6 /* SynopsisView.m */; };
		636F86A3175B1232007E1FB6 /* SynopsisView.m in Sources */ = {isa = PBXBuildFile; fileRef = 636F86A1175B1232007E1FB6 /* SynopsisView.m */; };
		636F86A5175B8A5C007E1FB6 /* AnimeUserInfoViewController.xib in Resources */ = {isa = PBXBuildFile; fileRef = 636F86A4175B8A5C007E1FB6 /* AnimeUserInfoViewController.xib */; };
		636F86A6175B8A5C007E1FB6 /* AnimeUserInfoViewController.xib in Resources */ = {isa = PBXBuildFile; fileRef = 636F86A4175B8A5C007E1FB6 /* AnimeUserInfoViewController.xib */; };
		636F86AA175BA037007E1FB6 /* header_bg.png in Resources */ = {isa = PBXBuildFile; fileRef = 636F86A8175BA037007E1FB6 /* header_bg.png */; };
		636F86AB175BA037007E1FB6 /* header_bg.png in Resources */ = {isa = PBXBuildFile; fileRef = 636F86A8175BA037007E1FB6 /* header_bg.png */; };
		636F86AC175BA037007E1FB6 /* header_bg@2x.png in Resources */ = {isa = PBXBuildFile; fileRef = 636F86A9175BA037007E1FB6 /* header_bg@2x.png */; };
		636F86AD175BA037007E1FB6 /* header_bg@2x.png in Resources */ = {isa = PBXBuildFile; fileRef = 636F86A9175BA037007E1FB6 /* header_bg@2x.png */; };
		636F86B0175BA1E3007E1FB6 /* UILabel+AniList.m in Sources */ = {isa = PBXBuildFile; fileRef = 636F86AF175BA1E3007E1FB6 /* UILabel+AniList.m */; };
		636F86B1175BA1E3007E1FB6 /* UILabel+AniList.m in Sources */ = {isa = PBXBuildFile; fileRef = 636F86AF175BA1E3007E1FB6 /* UILabel+AniList.m */; };
		636F86B4175BA3B8007E1FB6 /* UIView+AniList.m in Sources */ = {isa = PBXBuildFile; fileRef = 636F86B3175BA3B8007E1FB6 /* UIView+AniList.m */; };
		636F86B5175BA3B8007E1FB6 /* UIView+AniList.m in Sources */ = {isa = PBXBuildFile; fileRef = 636F86B3175BA3B8007E1FB6 /* UIView+AniList.m */; };
		6372893B17542D110032F425 /* MALHTTPClient.m in Sources */ = {isa = PBXBuildFile; fileRef = 6372893A17542D110032F425 /* MALHTTPClient.m */; };
		6372893C17542D110032F425 /* MALHTTPClient.m in Sources */ = {isa = PBXBuildFile; fileRef = 6372893A17542D110032F425 /* MALHTTPClient.m */; };
		637CF6EC175986840009ADF3 /* NSObject+AniList.m in Sources */ = {isa = PBXBuildFile; fileRef = 637CF6EB175986840009ADF3 /* NSObject+AniList.m */; };
		637CF6ED175986840009ADF3 /* NSObject+AniList.m in Sources */ = {isa = PBXBuildFile; fileRef = 637CF6EB175986840009ADF3 /* NSObject+AniList.m */; };
		637CF6F31759940E0009ADF3 /* test_background@2x.png in Resources */ = {isa = PBXBuildFile; fileRef = 637CF6F21759940E0009ADF3 /* test_background@2x.png */; };
		637CF6F41759940E0009ADF3 /* test_background@2x.png in Resources */ = {isa = PBXBuildFile; fileRef = 637CF6F21759940E0009ADF3 /* test_background@2x.png */; };
		63859E871763E8FD0029397C /* SparkInspector.framework in Frameworks */ = {isa = PBXBuildFile; fileRef = THBDITSPYVFDWQYYBDCIDIXG /* SparkInspector.framework */; };
		63859E881763E9DA0029397C /* libz.dylib in Frameworks */ = {isa = PBXBuildFile; fileRef = HYXIFWTDXJPPRRMDCEPMDTJH /* libz.dylib */; };
		63859E8B1763F28C0029397C /* AnimeUserInfoEditViewController.m in Sources */ = {isa = PBXBuildFile; fileRef = 63859E8A1763F28C0029397C /* AnimeUserInfoEditViewController.m */; };
		63859E8C1763F28C0029397C /* AnimeUserInfoEditViewController.m in Sources */ = {isa = PBXBuildFile; fileRef = 63859E8A1763F28C0029397C /* AnimeUserInfoEditViewController.m */; };
		63892576175F7ACC00C8489A /* BaseViewController.m in Sources */ = {isa = PBXBuildFile; fileRef = 63892575175F7ACC00C8489A /* BaseViewController.m */; };
		63892577175F7ACC00C8489A /* BaseViewController.m in Sources */ = {isa = PBXBuildFile; fileRef = 63892575175F7ACC00C8489A /* BaseViewController.m */; };
		63922CED171D82C800D41BCE /* spacepyro.jpg in Resources */ = {isa = PBXBuildFile; fileRef = 63922CEC171D82C800D41BCE /* spacepyro.jpg */; };
		63BEA7371761859300432BED /* AniListPickerView.m in Sources */ = {isa = PBXBuildFile; fileRef = 63BEA7361761859300432BED /* AniListPickerView.m */; };
		63BEA7381761859300432BED /* AniListPickerView.m in Sources */ = {isa = PBXBuildFile; fileRef = 63BEA7361761859300432BED /* AniListPickerView.m */; };
		63BEA73E17619E0800432BED /* AniListUserInfoEditViewController.m in Sources */ = {isa = PBXBuildFile; fileRef = 63BEA73C17619E0800432BED /* AniListUserInfoEditViewController.m */; };
		63BEA73F17619E0800432BED /* AniListUserInfoEditViewController.m in Sources */ = {isa = PBXBuildFile; fileRef = 63BEA73C17619E0800432BED /* AniListUserInfoEditViewController.m */; };
		63BEA74017619E0800432BED /* AniListUserInfoEditViewController.xib in Resources */ = {isa = PBXBuildFile; fileRef = 63BEA73D17619E0800432BED /* AniListUserInfoEditViewController.xib */; };
		63BEA74117619E0800432BED /* AniListUserInfoEditViewController.xib in Resources */ = {isa = PBXBuildFile; fileRef = 63BEA73D17619E0800432BED /* AniListUserInfoEditViewController.xib */; };
		63BEA7441761A13400432BED /* AniListStepperView.m in Sources */ = {isa = PBXBuildFile; fileRef = 63BEA7431761A13400432BED /* AniListStepperView.m */; };
		63BEA7451761A13400432BED /* AniListStepperView.m in Sources */ = {isa = PBXBuildFile; fileRef = 63BEA7431761A13400432BED /* AniListStepperView.m */; };
		63BEA7481761A14400432BED /* AniListScoreView.m in Sources */ = {isa = PBXBuildFile; fileRef = 63BEA7471761A14400432BED /* AniListScoreView.m */; };
		63BEA7491761A14400432BED /* AniListScoreView.m in Sources */ = {isa = PBXBuildFile; fileRef = 63BEA7471761A14400432BED /* AniListScoreView.m */; };
		63BEA74D176213B600432BED /* RRSGlowLabel.m in Sources */ = {isa = PBXBuildFile; fileRef = 63BEA74C176213B600432BED /* RRSGlowLabel.m */; settings = {COMPILER_FLAGS = "-fno-objc-arc"; }; };
		63BEA74E176213B600432BED /* RRSGlowLabel.m in Sources */ = {isa = PBXBuildFile; fileRef = 63BEA74C176213B600432BED /* RRSGlowLabel.m */; settings = {COMPILER_FLAGS = "-fno-objc-arc"; }; };
		KIYDQKWBMRKIEYEVRWSLKUDQ /* libz.dylib in Frameworks */ = {isa = PBXBuildFile; fileRef = HYXIFWTDXJPPRRMDCEPMDTJH /* libz.dylib */; };
/* End PBXBuildFile section */

/* Begin PBXContainerItemProxy section */
		635484C6171C2FA7003457CB /* PBXContainerItemProxy */ = {
			isa = PBXContainerItemProxy;
			containerPortal = 63548493171C2FA7003457CB /* Project object */;
			proxyType = 1;
			remoteGlobalIDString = 6354849A171C2FA7003457CB;
			remoteInfo = AniList;
		};
/* End PBXContainerItemProxy section */

/* Begin PBXFileReference section */
		6301D948175D66AD00163160 /* AniListSummaryViewController.h */ = {isa = PBXFileReference; fileEncoding = 4; lastKnownFileType = sourcecode.c.h; path = AniListSummaryViewController.h; sourceTree = "<group>"; };
		6301D949175D66AE00163160 /* AniListSummaryViewController.m */ = {isa = PBXFileReference; fileEncoding = 4; lastKnownFileType = sourcecode.c.objc; path = AniListSummaryViewController.m; sourceTree = "<group>"; };
		6301D94A175D66AE00163160 /* AniListSummaryViewController.xib */ = {isa = PBXFileReference; fileEncoding = 4; lastKnownFileType = file.xib; path = AniListSummaryViewController.xib; sourceTree = "<group>"; };
		6301D953175D729600163160 /* NSString+AniList.h */ = {isa = PBXFileReference; fileEncoding = 4; lastKnownFileType = sourcecode.c.h; name = "NSString+AniList.h"; path = "Categories/NSString+AniList.h"; sourceTree = "<group>"; };
		6301D954175D729600163160 /* NSString+AniList.m */ = {isa = PBXFileReference; fileEncoding = 4; lastKnownFileType = sourcecode.c.objc; name = "NSString+AniList.m"; path = "Categories/NSString+AniList.m"; sourceTree = "<group>"; };
		63047A4017656CE10039D795 /* AniListDatePickerView.h */ = {isa = PBXFileReference; fileEncoding = 4; lastKnownFileType = sourcecode.c.h; name = AniListDatePickerView.h; path = Views/AniListDatePickerView.h; sourceTree = "<group>"; };
		63047A4117656CE10039D795 /* AniListDatePickerView.m */ = {isa = PBXFileReference; fileEncoding = 4; lastKnownFileType = sourcecode.c.objc; name = AniListDatePickerView.m; path = Views/AniListDatePickerView.m; sourceTree = "<group>"; };
		630965171737E82100B43489 /* Icon@2x.png */ = {isa = PBXFileReference; lastKnownFileType = image.png; path = "Icon@2x.png"; sourceTree = "<group>"; };
		630965191737E82500B43489 /* Icon.png */ = {isa = PBXFileReference; lastKnownFileType = image.png; path = Icon.png; sourceTree = "<group>"; };
		631693441760C56300D526C0 /* NSDate+AniList.h */ = {isa = PBXFileReference; fileEncoding = 4; lastKnownFileType = sourcecode.c.h; name = "NSDate+AniList.h"; path = "Categories/NSDate+AniList.h"; sourceTree = "<group>"; };
		631693451760C56300D526C0 /* NSDate+AniList.m */ = {isa = PBXFileReference; fileEncoding = 4; lastKnownFileType = sourcecode.c.objc; name = "NSDate+AniList.m"; path = "Categories/NSDate+AniList.m"; sourceTree = "<group>"; };
		631898CD17222AE300758BE9 /* image_placeholder.png */ = {isa = PBXFileReference; lastKnownFileType = image.png; name = image_placeholder.png; path = Images/Placeholders/image_placeholder.png; sourceTree = "<group>"; };
		631898CE17222AE300758BE9 /* image_placeholder@2x.png */ = {isa = PBXFileReference; lastKnownFileType = image.png; name = "image_placeholder@2x.png"; path = "Images/Placeholders/image_placeholder@2x.png"; sourceTree = "<group>"; };
		632F435F171CD65D00A5B43A /* SystemConfiguration.framework */ = {isa = PBXFileReference; lastKnownFileType = wrapper.framework; name = SystemConfiguration.framework; path = System/Library/Frameworks/SystemConfiguration.framework; sourceTree = SDKROOT; };
		632F4361171CD66200A5B43A /* MobileCoreServices.framework */ = {isa = PBXFileReference; lastKnownFileType = wrapper.framework; name = MobileCoreServices.framework; path = System/Library/Frameworks/MobileCoreServices.framework; sourceTree = SDKROOT; };
		632F4369171CD6FA00A5B43A /* MenuViewController.h */ = {isa = PBXFileReference; fileEncoding = 4; lastKnownFileType = sourcecode.c.h; path = MenuViewController.h; sourceTree = "<group>"; };
		632F436A171CD6FA00A5B43A /* MenuViewController.m */ = {isa = PBXFileReference; fileEncoding = 4; lastKnownFileType = sourcecode.c.objc; path = MenuViewController.m; sourceTree = "<group>"; };
		632F436B171CD6FA00A5B43A /* MenuViewController.xib */ = {isa = PBXFileReference; fileEncoding = 4; lastKnownFileType = file.xib; path = MenuViewController.xib; sourceTree = "<group>"; };
		632F436E171CD72F00A5B43A /* ProfileCell.h */ = {isa = PBXFileReference; fileEncoding = 4; lastKnownFileType = sourcecode.c.h; name = ProfileCell.h; path = AniList/Views/ProfileCell.h; sourceTree = SOURCE_ROOT; };
		632F436F171CD72F00A5B43A /* ProfileCell.m */ = {isa = PBXFileReference; fileEncoding = 4; lastKnownFileType = sourcecode.c.objc; name = ProfileCell.m; path = AniList/Views/ProfileCell.m; sourceTree = SOURCE_ROOT; };
		632F4371171CD74400A5B43A /* ProfileCell.xib */ = {isa = PBXFileReference; fileEncoding = 4; lastKnownFileType = file.xib; name = ProfileCell.xib; path = AniList/Views/ProfileCell.xib; sourceTree = SOURCE_ROOT; };
		632F437F171CD9C900A5B43A /* MenuCell.h */ = {isa = PBXFileReference; fileEncoding = 4; lastKnownFileType = sourcecode.c.h; name = MenuCell.h; path = Views/MenuCell.h; sourceTree = "<group>"; };
		632F4380171CD9C900A5B43A /* MenuCell.m */ = {isa = PBXFileReference; fileEncoding = 4; lastKnownFileType = sourcecode.c.objc; name = MenuCell.m; path = Views/MenuCell.m; sourceTree = "<group>"; };
		632F4382171CD9E100A5B43A /* AniListCell.h */ = {isa = PBXFileReference; fileEncoding = 4; lastKnownFileType = sourcecode.c.h; name = AniListCell.h; path = Views/AniListCell.h; sourceTree = "<group>"; };
		632F4383171CD9E100A5B43A /* AniListCell.m */ = {isa = PBXFileReference; fileEncoding = 4; lastKnownFileType = sourcecode.c.objc; name = AniListCell.m; path = Views/AniListCell.m; sourceTree = "<group>"; };
		632F4388171CDA0000A5B43A /* AnimeCell.h */ = {isa = PBXFileReference; fileEncoding = 4; lastKnownFileType = sourcecode.c.h; name = AnimeCell.h; path = Views/AnimeCell.h; sourceTree = "<group>"; };
		632F4389171CDA0000A5B43A /* AnimeCell.m */ = {isa = PBXFileReference; fileEncoding = 4; lastKnownFileType = sourcecode.c.objc; name = AnimeCell.m; path = Views/AnimeCell.m; sourceTree = "<group>"; };
		632F438B171CDA0E00A5B43A /* MangaCell.h */ = {isa = PBXFileReference; fileEncoding = 4; lastKnownFileType = sourcecode.c.h; name = MangaCell.h; path = Views/MangaCell.h; sourceTree = "<group>"; };
		632F438C171CDA0E00A5B43A /* MangaCell.m */ = {isa = PBXFileReference; fileEncoding = 4; lastKnownFileType = sourcecode.c.objc; name = MangaCell.m; path = Views/MangaCell.m; sourceTree = "<group>"; };
		632F4394171CDC7600A5B43A /* hamburger.png */ = {isa = PBXFileReference; lastKnownFileType = image.png; name = hamburger.png; path = Images/Icons/hamburger.png; sourceTree = "<group>"; };
		632F4395171CDC7600A5B43A /* hamburger@2x.png */ = {isa = PBXFileReference; lastKnownFileType = image.png; name = "hamburger@2x.png"; path = "Images/Icons/hamburger@2x.png"; sourceTree = "<group>"; };
		632F4398171CDDEA00A5B43A /* AniListViewController.h */ = {isa = PBXFileReference; fileEncoding = 4; lastKnownFileType = sourcecode.c.h; path = AniListViewController.h; sourceTree = "<group>"; };
		632F4399171CDDEA00A5B43A /* AniListViewController.m */ = {isa = PBXFileReference; fileEncoding = 4; lastKnownFileType = sourcecode.c.objc; path = AniListViewController.m; sourceTree = "<group>"; };
		632F439A171CDDEB00A5B43A /* AniListViewController.xib */ = {isa = PBXFileReference; fileEncoding = 4; lastKnownFileType = file.xib; path = AniListViewController.xib; sourceTree = "<group>"; };
		632F439F171CDE2100A5B43A /* AniListTableView.h */ = {isa = PBXFileReference; fileEncoding = 4; lastKnownFileType = sourcecode.c.h; name = AniListTableView.h; path = "Views/Table Views/AniListTableView.h"; sourceTree = "<group>"; };
		632F43A0171CDE2100A5B43A /* AniListTableView.m */ = {isa = PBXFileReference; fileEncoding = 4; lastKnownFileType = sourcecode.c.objc; name = AniListTableView.m; path = "Views/Table Views/AniListTableView.m"; sourceTree = "<group>"; };
		632F43A2171CDE2F00A5B43A /* AnimeTableView.h */ = {isa = PBXFileReference; fileEncoding = 4; lastKnownFileType = sourcecode.c.h; name = AnimeTableView.h; path = "Views/Table Views/AnimeTableView.h"; sourceTree = "<group>"; };
		632F43A3171CDE2F00A5B43A /* AnimeTableView.m */ = {isa = PBXFileReference; fileEncoding = 4; lastKnownFileType = sourcecode.c.objc; name = AnimeTableView.m; path = "Views/Table Views/AnimeTableView.m"; sourceTree = "<group>"; };
		632F43A5171CDE3900A5B43A /* MangaTableView.h */ = {isa = PBXFileReference; fileEncoding = 4; lastKnownFileType = sourcecode.c.h; name = MangaTableView.h; path = Views/MangaTableView.h; sourceTree = "<group>"; };
		632F43A6171CDE3900A5B43A /* MangaTableView.m */ = {isa = PBXFileReference; fileEncoding = 4; lastKnownFileType = sourcecode.c.objc; name = MangaTableView.m; path = Views/MangaTableView.m; sourceTree = "<group>"; };
		632F43A9171D7DF100A5B43A /* AnimeListViewController.h */ = {isa = PBXFileReference; fileEncoding = 4; lastKnownFileType = sourcecode.c.h; path = AnimeListViewController.h; sourceTree = "<group>"; };
		632F43AA171D7DF100A5B43A /* AnimeListViewController.m */ = {isa = PBXFileReference; fileEncoding = 4; lastKnownFileType = sourcecode.c.objc; path = AnimeListViewController.m; sourceTree = "<group>"; };
		632F43AC171D7DFB00A5B43A /* MangaListViewController.h */ = {isa = PBXFileReference; fileEncoding = 4; lastKnownFileType = sourcecode.c.h; path = MangaListViewController.h; sourceTree = "<group>"; };
		632F43AD171D7DFB00A5B43A /* MangaListViewController.m */ = {isa = PBXFileReference; fileEncoding = 4; lastKnownFileType = sourcecode.c.objc; path = MangaListViewController.m; sourceTree = "<group>"; };
		63502793171E4D430004C106 /* bg.png */ = {isa = PBXFileReference; lastKnownFileType = image.png; path = bg.png; sourceTree = "<group>"; };
		63502797171E4D760004C106 /* bg@2x.png */ = {isa = PBXFileReference; lastKnownFileType = image.png; path = "bg@2x.png"; sourceTree = "<group>"; };
		6350279A171E4EA20004C106 /* UIFont+AniList.h */ = {isa = PBXFileReference; fileEncoding = 4; lastKnownFileType = sourcecode.c.h; name = "UIFont+AniList.h"; path = "Categories/UIFont+AniList.h"; sourceTree = "<group>"; };
		6350279B171E4EA20004C106 /* UIFont+AniList.m */ = {isa = PBXFileReference; fileEncoding = 4; lastKnownFileType = sourcecode.c.objc; name = "UIFont+AniList.m"; path = "Categories/UIFont+AniList.m"; sourceTree = "<group>"; };
		6350279D171E51450004C106 /* AnimeViewController.h */ = {isa = PBXFileReference; fileEncoding = 4; lastKnownFileType = sourcecode.c.h; path = AnimeViewController.h; sourceTree = "<group>"; };
		6350279E171E51450004C106 /* AnimeViewController.m */ = {isa = PBXFileReference; fileEncoding = 4; lastKnownFileType = sourcecode.c.objc; path = AnimeViewController.m; sourceTree = "<group>"; };
		635027A2171E53550004C106 /* 24646.jpg */ = {isa = PBXFileReference; lastKnownFileType = image.jpeg; name = 24646.jpg; path = Images/Placeholders/24646.jpg; sourceTree = "<group>"; };
		635027A4171E58CC0004C106 /* action.png */ = {isa = PBXFileReference; lastKnownFileType = image.png; name = action.png; path = Images/Icons/action.png; sourceTree = "<group>"; };
		635027A5171E58CC0004C106 /* action@2x.png */ = {isa = PBXFileReference; lastKnownFileType = image.png; name = "action@2x.png"; path = "Images/Icons/action@2x.png"; sourceTree = "<group>"; };
		635027A6171E58CC0004C106 /* back_arrow.png */ = {isa = PBXFileReference; lastKnownFileType = image.png; name = back_arrow.png; path = Images/Icons/back_arrow.png; sourceTree = "<group>"; };
		635027A7171E58CC0004C106 /* back_arrow@2x.png */ = {isa = PBXFileReference; lastKnownFileType = image.png; name = "back_arrow@2x.png"; path = "Images/Icons/back_arrow@2x.png"; sourceTree = "<group>"; };
		635027AC171E601E0004C106 /* AnimeCell.xib */ = {isa = PBXFileReference; fileEncoding = 4; lastKnownFileType = file.xib; name = AnimeCell.xib; path = Views/AnimeCell.xib; sourceTree = "<group>"; };
		635027AF171ECEA00004C106 /* Status.h */ = {isa = PBXFileReference; fileEncoding = 4; lastKnownFileType = sourcecode.c.h; name = Status.h; path = Headers/Status.h; sourceTree = "<group>"; };
		635027B8171ED41A0004C106 /* AnimeService.h */ = {isa = PBXFileReference; fileEncoding = 4; lastKnownFileType = sourcecode.c.h; name = AnimeService.h; path = "Core Data/AnimeService.h"; sourceTree = "<group>"; };
		635027B9171ED41A0004C106 /* AnimeService.m */ = {isa = PBXFileReference; fileEncoding = 4; lastKnownFileType = sourcecode.c.objc; name = AnimeService.m; path = "Core Data/AnimeService.m"; sourceTree = "<group>"; };
		635027BB171ED60A0004C106 /* Anime.h */ = {isa = PBXFileReference; fileEncoding = 4; lastKnownFileType = sourcecode.c.h; name = Anime.h; path = "Core Data/Anime.h"; sourceTree = "<group>"; };
		635027BC171ED60A0004C106 /* Anime.m */ = {isa = PBXFileReference; fileEncoding = 4; lastKnownFileType = sourcecode.c.objc; name = Anime.m; path = "Core Data/Anime.m"; sourceTree = "<group>"; };
		6353C03B171C43680060F062 /* Crashlytics.framework */ = {isa = PBXFileReference; lastKnownFileType = wrapper.framework; path = Crashlytics.framework; sourceTree = "<group>"; };
		6353C123171C457D0060F062 /* TTTAttributedLabel.h */ = {isa = PBXFileReference; fileEncoding = 4; lastKnownFileType = sourcecode.c.h; path = TTTAttributedLabel.h; sourceTree = "<group>"; };
		6353C124171C457D0060F062 /* TTTAttributedLabel.m */ = {isa = PBXFileReference; fileEncoding = 4; lastKnownFileType = sourcecode.c.objc; path = TTTAttributedLabel.m; sourceTree = "<group>"; };
		6353C243171C46740060F062 /* CoreText.framework */ = {isa = PBXFileReference; lastKnownFileType = wrapper.framework; name = CoreText.framework; path = System/Library/Frameworks/CoreText.framework; sourceTree = SDKROOT; };
		6353C245171C46780060F062 /* QuartzCore.framework */ = {isa = PBXFileReference; lastKnownFileType = wrapper.framework; name = QuartzCore.framework; path = System/Library/Frameworks/QuartzCore.framework; sourceTree = SDKROOT; };
		6353C247171C468C0060F062 /* Twitter.framework */ = {isa = PBXFileReference; lastKnownFileType = wrapper.framework; name = Twitter.framework; path = System/Library/Frameworks/Twitter.framework; sourceTree = SDKROOT; };
		6353C249171C46930060F062 /* Social.framework */ = {isa = PBXFileReference; lastKnownFileType = wrapper.framework; name = Social.framework; path = System/Library/Frameworks/Social.framework; sourceTree = SDKROOT; };
		6354849B171C2FA7003457CB /* AniList.app */ = {isa = PBXFileReference; explicitFileType = wrapper.application; includeInIndex = 0; path = AniList.app; sourceTree = BUILT_PRODUCTS_DIR; };
		6354849E171C2FA7003457CB /* UIKit.framework */ = {isa = PBXFileReference; lastKnownFileType = wrapper.framework; name = UIKit.framework; path = System/Library/Frameworks/UIKit.framework; sourceTree = SDKROOT; };
		635484A0171C2FA7003457CB /* Foundation.framework */ = {isa = PBXFileReference; lastKnownFileType = wrapper.framework; name = Foundation.framework; path = System/Library/Frameworks/Foundation.framework; sourceTree = SDKROOT; };
		635484A2171C2FA7003457CB /* CoreGraphics.framework */ = {isa = PBXFileReference; lastKnownFileType = wrapper.framework; name = CoreGraphics.framework; path = System/Library/Frameworks/CoreGraphics.framework; sourceTree = SDKROOT; };
		635484A4171C2FA7003457CB /* CoreData.framework */ = {isa = PBXFileReference; lastKnownFileType = wrapper.framework; name = CoreData.framework; path = System/Library/Frameworks/CoreData.framework; sourceTree = SDKROOT; };
		635484A8171C2FA7003457CB /* AniList-Info.plist */ = {isa = PBXFileReference; lastKnownFileType = text.plist.xml; path = "AniList-Info.plist"; sourceTree = "<group>"; };
		635484AA171C2FA7003457CB /* en */ = {isa = PBXFileReference; lastKnownFileType = text.plist.strings; name = en; path = en.lproj/InfoPlist.strings; sourceTree = "<group>"; };
		635484AC171C2FA7003457CB /* main.m */ = {isa = PBXFileReference; lastKnownFileType = sourcecode.c.objc; path = main.m; sourceTree = "<group>"; };
		635484AE171C2FA7003457CB /* AniList-Prefix.pch */ = {isa = PBXFileReference; lastKnownFileType = sourcecode.c.h; path = "AniList-Prefix.pch"; sourceTree = "<group>"; };
		635484AF171C2FA7003457CB /* AniListAppDelegate.h */ = {isa = PBXFileReference; lastKnownFileType = sourcecode.c.h; path = AniListAppDelegate.h; sourceTree = "<group>"; };
		635484B0171C2FA7003457CB /* AniListAppDelegate.m */ = {isa = PBXFileReference; lastKnownFileType = sourcecode.c.objc; path = AniListAppDelegate.m; sourceTree = "<group>"; };
		635484B2171C2FA7003457CB /* Default.png */ = {isa = PBXFileReference; lastKnownFileType = image.png; path = Default.png; sourceTree = "<group>"; };
		635484B4171C2FA7003457CB /* Default@2x.png */ = {isa = PBXFileReference; lastKnownFileType = image.png; path = "Default@2x.png"; sourceTree = "<group>"; };
		635484B6171C2FA7003457CB /* Default-568h@2x.png */ = {isa = PBXFileReference; lastKnownFileType = image.png; path = "Default-568h@2x.png"; sourceTree = "<group>"; };
		635484B9171C2FA7003457CB /* AniList_1.0.xcdatamodel */ = {isa = PBXFileReference; lastKnownFileType = wrapper.xcdatamodel; path = AniList_1.0.xcdatamodel; sourceTree = "<group>"; };
		635484C0171C2FA7003457CB /* AniListTests.octest */ = {isa = PBXFileReference; explicitFileType = wrapper.cfbundle; includeInIndex = 0; path = AniListTests.octest; sourceTree = BUILT_PRODUCTS_DIR; };
		635484C1171C2FA7003457CB /* SenTestingKit.framework */ = {isa = PBXFileReference; lastKnownFileType = wrapper.framework; name = SenTestingKit.framework; path = Library/Frameworks/SenTestingKit.framework; sourceTree = DEVELOPER_DIR; };
		635484CA171C2FA7003457CB /* AniListTests-Info.plist */ = {isa = PBXFileReference; lastKnownFileType = text.plist.xml; path = "AniListTests-Info.plist"; sourceTree = "<group>"; };
		635484CC171C2FA7003457CB /* en */ = {isa = PBXFileReference; lastKnownFileType = text.plist.strings; name = en; path = en.lproj/InfoPlist.strings; sourceTree = "<group>"; };
		635484CE171C2FA7003457CB /* AniListTests.h */ = {isa = PBXFileReference; lastKnownFileType = sourcecode.c.h; path = AniListTests.h; sourceTree = "<group>"; };
		635484CF171C2FA7003457CB /* AniListTests.m */ = {isa = PBXFileReference; lastKnownFileType = sourcecode.c.objc; path = AniListTests.m; sourceTree = "<group>"; };
		636F864A175A5F49007E1FB6 /* SWRevealViewController.h */ = {isa = PBXFileReference; fileEncoding = 4; lastKnownFileType = sourcecode.c.h; path = SWRevealViewController.h; sourceTree = "<group>"; };
		636F864B175A5F49007E1FB6 /* SWRevealViewController.m */ = {isa = PBXFileReference; fileEncoding = 4; lastKnownFileType = sourcecode.c.objc; path = SWRevealViewController.m; sourceTree = "<group>"; };
		636F864D175A5F53007E1FB6 /* AFHTTPClient.h */ = {isa = PBXFileReference; fileEncoding = 4; lastKnownFileType = sourcecode.c.h; path = AFHTTPClient.h; sourceTree = "<group>"; };
		636F864E175A5F53007E1FB6 /* AFHTTPClient.m */ = {isa = PBXFileReference; fileEncoding = 4; lastKnownFileType = sourcecode.c.objc; path = AFHTTPClient.m; sourceTree = "<group>"; };
		636F864F175A5F53007E1FB6 /* AFHTTPRequestOperation.h */ = {isa = PBXFileReference; fileEncoding = 4; lastKnownFileType = sourcecode.c.h; path = AFHTTPRequestOperation.h; sourceTree = "<group>"; };
		636F8650175A5F53007E1FB6 /* AFHTTPRequestOperation.m */ = {isa = PBXFileReference; fileEncoding = 4; lastKnownFileType = sourcecode.c.objc; path = AFHTTPRequestOperation.m; sourceTree = "<group>"; };
		636F8651175A5F53007E1FB6 /* AFImageRequestOperation.h */ = {isa = PBXFileReference; fileEncoding = 4; lastKnownFileType = sourcecode.c.h; path = AFImageRequestOperation.h; sourceTree = "<group>"; };
		636F8652175A5F53007E1FB6 /* AFImageRequestOperation.m */ = {isa = PBXFileReference; fileEncoding = 4; lastKnownFileType = sourcecode.c.objc; path = AFImageRequestOperation.m; sourceTree = "<group>"; };
		636F8653175A5F53007E1FB6 /* AFJSONRequestOperation.h */ = {isa = PBXFileReference; fileEncoding = 4; lastKnownFileType = sourcecode.c.h; path = AFJSONRequestOperation.h; sourceTree = "<group>"; };
		636F8654175A5F53007E1FB6 /* AFJSONRequestOperation.m */ = {isa = PBXFileReference; fileEncoding = 4; lastKnownFileType = sourcecode.c.objc; path = AFJSONRequestOperation.m; sourceTree = "<group>"; };
		636F8655175A5F53007E1FB6 /* AFNetworkActivityIndicatorManager.h */ = {isa = PBXFileReference; fileEncoding = 4; lastKnownFileType = sourcecode.c.h; path = AFNetworkActivityIndicatorManager.h; sourceTree = "<group>"; };
		636F8656175A5F53007E1FB6 /* AFNetworkActivityIndicatorManager.m */ = {isa = PBXFileReference; fileEncoding = 4; lastKnownFileType = sourcecode.c.objc; path = AFNetworkActivityIndicatorManager.m; sourceTree = "<group>"; };
		636F8657175A5F53007E1FB6 /* AFNetworking.h */ = {isa = PBXFileReference; fileEncoding = 4; lastKnownFileType = sourcecode.c.h; path = AFNetworking.h; sourceTree = "<group>"; };
		636F8658175A5F53007E1FB6 /* AFPropertyListRequestOperation.h */ = {isa = PBXFileReference; fileEncoding = 4; lastKnownFileType = sourcecode.c.h; path = AFPropertyListRequestOperation.h; sourceTree = "<group>"; };
		636F8659175A5F53007E1FB6 /* AFPropertyListRequestOperation.m */ = {isa = PBXFileReference; fileEncoding = 4; lastKnownFileType = sourcecode.c.objc; path = AFPropertyListRequestOperation.m; sourceTree = "<group>"; };
		636F865A175A5F53007E1FB6 /* AFURLConnectionOperation.h */ = {isa = PBXFileReference; fileEncoding = 4; lastKnownFileType = sourcecode.c.h; path = AFURLConnectionOperation.h; sourceTree = "<group>"; };
		636F865B175A5F53007E1FB6 /* AFURLConnectionOperation.m */ = {isa = PBXFileReference; fileEncoding = 4; lastKnownFileType = sourcecode.c.objc; path = AFURLConnectionOperation.m; sourceTree = "<group>"; };
		636F865C175A5F53007E1FB6 /* AFXMLRequestOperation.h */ = {isa = PBXFileReference; fileEncoding = 4; lastKnownFileType = sourcecode.c.h; path = AFXMLRequestOperation.h; sourceTree = "<group>"; };
		636F865D175A5F53007E1FB6 /* AFXMLRequestOperation.m */ = {isa = PBXFileReference; fileEncoding = 4; lastKnownFileType = sourcecode.c.objc; path = AFXMLRequestOperation.m; sourceTree = "<group>"; };
		636F865E175A5F53007E1FB6 /* UIImageView+AFNetworking.h */ = {isa = PBXFileReference; fileEncoding = 4; lastKnownFileType = sourcecode.c.h; path = "UIImageView+AFNetworking.h"; sourceTree = "<group>"; };
		636F865F175A5F53007E1FB6 /* UIImageView+AFNetworking.m */ = {isa = PBXFileReference; fileEncoding = 4; lastKnownFileType = sourcecode.c.objc; path = "UIImageView+AFNetworking.m"; sourceTree = "<group>"; };
		636F8674175A7AB8007E1FB6 /* XMLReader.h */ = {isa = PBXFileReference; fileEncoding = 4; lastKnownFileType = sourcecode.c.h; path = XMLReader.h; sourceTree = "<group>"; };
		636F8675175A7AB8007E1FB6 /* XMLReader.m */ = {isa = PBXFileReference; fileEncoding = 4; lastKnownFileType = sourcecode.c.objc; path = XMLReader.m; sourceTree = "<group>"; };
		636F8678175A7D17007E1FB6 /* MALUserClient.h */ = {isa = PBXFileReference; fileEncoding = 4; lastKnownFileType = sourcecode.c.h; name = MALUserClient.h; path = "Web Services/MALUserClient.h"; sourceTree = "<group>"; };
		636F8679175A7D17007E1FB6 /* MALUserClient.m */ = {isa = PBXFileReference; fileEncoding = 4; lastKnownFileType = sourcecode.c.objc; name = MALUserClient.m; path = "Web Services/MALUserClient.m"; sourceTree = "<group>"; };
		636F8684175B1091007E1FB6 /* AniListUserInfoViewController.h */ = {isa = PBXFileReference; fileEncoding = 4; lastKnownFileType = sourcecode.c.h; path = AniListUserInfoViewController.h; sourceTree = "<group>"; };
		636F8685175B1091007E1FB6 /* AniListUserInfoViewController.m */ = {isa = PBXFileReference; fileEncoding = 4; lastKnownFileType = sourcecode.c.objc; path = AniListUserInfoViewController.m; sourceTree = "<group>"; };
		636F8686175B1091007E1FB6 /* AniListUserInfoViewController.xib */ = {isa = PBXFileReference; fileEncoding = 4; lastKnownFileType = file.xib; path = AniListUserInfoViewController.xib; sourceTree = "<group>"; };
		636F868B175B10A6007E1FB6 /* AnimeUserInfoViewController.h */ = {isa = PBXFileReference; fileEncoding = 4; lastKnownFileType = sourcecode.c.h; path = AnimeUserInfoViewController.h; sourceTree = "<group>"; };
		636F868C175B10A6007E1FB6 /* AnimeUserInfoViewController.m */ = {isa = PBXFileReference; fileEncoding = 4; lastKnownFileType = sourcecode.c.objc; path = AnimeUserInfoViewController.m; sourceTree = "<group>"; };
		636F8692175B116F007E1FB6 /* AniListDetailsViewController.h */ = {isa = PBXFileReference; fileEncoding = 4; lastKnownFileType = sourcecode.c.h; path = AniListDetailsViewController.h; sourceTree = "<group>"; };
		636F8693175B116F007E1FB6 /* AniListDetailsViewController.m */ = {isa = PBXFileReference; fileEncoding = 4; lastKnownFileType = sourcecode.c.objc; path = AniListDetailsViewController.m; sourceTree = "<group>"; };
		636F8694175B116F007E1FB6 /* AniListDetailsViewController.xib */ = {isa = PBXFileReference; fileEncoding = 4; lastKnownFileType = file.xib; path = AniListDetailsViewController.xib; sourceTree = "<group>"; };
		636F8699175B117D007E1FB6 /* AnimeDetailsViewController.h */ = {isa = PBXFileReference; fileEncoding = 4; lastKnownFileType = sourcecode.c.h; path = AnimeDetailsViewController.h; sourceTree = "<group>"; };
		636F869A175B117D007E1FB6 /* AnimeDetailsViewController.m */ = {isa = PBXFileReference; fileEncoding = 4; lastKnownFileType = sourcecode.c.objc; path = AnimeDetailsViewController.m; sourceTree = "<group>"; };
		636F869B175B117D007E1FB6 /* AnimeDetailsViewController.xib */ = {isa = PBXFileReference; fileEncoding = 4; lastKnownFileType = file.xib; path = AnimeDetailsViewController.xib; sourceTree = "<group>"; };
		636F86A0175B1232007E1FB6 /* SynopsisView.h */ = {isa = PBXFileReference; fileEncoding = 4; lastKnownFileType = sourcecode.c.h; name = SynopsisView.h; path = AniList/Views/SynopsisView.h; sourceTree = SOURCE_ROOT; };
		636F86A1175B1232007E1FB6 /* SynopsisView.m */ = {isa = PBXFileReference; fileEncoding = 4; lastKnownFileType = sourcecode.c.objc; name = SynopsisView.m; path = AniList/Views/SynopsisView.m; sourceTree = SOURCE_ROOT; };
		636F86A4175B8A5C007E1FB6 /* AnimeUserInfoViewController.xib */ = {isa = PBXFileReference; fileEncoding = 4; lastKnownFileType = file.xib; path = AnimeUserInfoViewController.xib; sourceTree = "<group>"; };
		636F86A7175B9960007E1FB6 /* Constants.h */ = {isa = PBXFileReference; fileEncoding = 4; lastKnownFileType = sourcecode.c.h; name = Constants.h; path = Headers/Constants.h; sourceTree = "<group>"; };
		636F86A8175BA037007E1FB6 /* header_bg.png */ = {isa = PBXFileReference; lastKnownFileType = image.png; path = header_bg.png; sourceTree = "<group>"; };
		636F86A9175BA037007E1FB6 /* header_bg@2x.png */ = {isa = PBXFileReference; lastKnownFileType = image.png; path = "header_bg@2x.png"; sourceTree = "<group>"; };
		636F86AE175BA1E3007E1FB6 /* UILabel+AniList.h */ = {isa = PBXFileReference; fileEncoding = 4; lastKnownFileType = sourcecode.c.h; name = "UILabel+AniList.h"; path = "Categories/UILabel+AniList.h"; sourceTree = "<group>"; };
		636F86AF175BA1E3007E1FB6 /* UILabel+AniList.m */ = {isa = PBXFileReference; fileEncoding = 4; lastKnownFileType = sourcecode.c.objc; name = "UILabel+AniList.m"; path = "Categories/UILabel+AniList.m"; sourceTree = "<group>"; };
		636F86B2175BA3B8007E1FB6 /* UIView+AniList.h */ = {isa = PBXFileReference; fileEncoding = 4; lastKnownFileType = sourcecode.c.h; name = "UIView+AniList.h"; path = "Categories/UIView+AniList.h"; sourceTree = "<group>"; };
		636F86B3175BA3B8007E1FB6 /* UIView+AniList.m */ = {isa = PBXFileReference; fileEncoding = 4; lastKnownFileType = sourcecode.c.objc; name = "UIView+AniList.m"; path = "Categories/UIView+AniList.m"; sourceTree = "<group>"; };
		6372893917542D110032F425 /* MALHTTPClient.h */ = {isa = PBXFileReference; fileEncoding = 4; lastKnownFileType = sourcecode.c.h; name = MALHTTPClient.h; path = "Web Services/MALHTTPClient.h"; sourceTree = "<group>"; };
		6372893A17542D110032F425 /* MALHTTPClient.m */ = {isa = PBXFileReference; fileEncoding = 4; lastKnownFileType = sourcecode.c.objc; name = MALHTTPClient.m; path = "Web Services/MALHTTPClient.m"; sourceTree = "<group>"; };
		637CF6EA175986840009ADF3 /* NSObject+AniList.h */ = {isa = PBXFileReference; fileEncoding = 4; lastKnownFileType = sourcecode.c.h; name = "NSObject+AniList.h"; path = "Categories/NSObject+AniList.h"; sourceTree = "<group>"; };
		637CF6EB175986840009ADF3 /* NSObject+AniList.m */ = {isa = PBXFileReference; fileEncoding = 4; lastKnownFileType = sourcecode.c.objc; name = "NSObject+AniList.m"; path = "Categories/NSObject+AniList.m"; sourceTree = "<group>"; };
		637CF6EE175986B20009ADF3 /* Categories.h */ = {isa = PBXFileReference; fileEncoding = 4; lastKnownFileType = sourcecode.c.h; name = Categories.h; path = Categories/Categories.h; sourceTree = "<group>"; };
		637CF6F21759940E0009ADF3 /* test_background@2x.png */ = {isa = PBXFileReference; lastKnownFileType = image.png; path = "test_background@2x.png"; sourceTree = "<group>"; };
		63859E891763F28C0029397C /* AnimeUserInfoEditViewController.h */ = {isa = PBXFileReference; fileEncoding = 4; lastKnownFileType = sourcecode.c.h; path = AnimeUserInfoEditViewController.h; sourceTree = "<group>"; };
		63859E8A1763F28C0029397C /* AnimeUserInfoEditViewController.m */ = {isa = PBXFileReference; fileEncoding = 4; lastKnownFileType = sourcecode.c.objc; path = AnimeUserInfoEditViewController.m; sourceTree = "<group>"; };
		63892574175F7ACC00C8489A /* BaseViewController.h */ = {isa = PBXFileReference; fileEncoding = 4; lastKnownFileType = sourcecode.c.h; path = BaseViewController.h; sourceTree = "<group>"; };
		63892575175F7ACC00C8489A /* BaseViewController.m */ = {isa = PBXFileReference; fileEncoding = 4; lastKnownFileType = sourcecode.c.objc; path = BaseViewController.m; sourceTree = "<group>"; };
		63922CEC171D82C800D41BCE /* spacepyro.jpg */ = {isa = PBXFileReference; lastKnownFileType = image.jpeg; name = spacepyro.jpg; path = Images/Placeholders/spacepyro.jpg; sourceTree = "<group>"; };
		63BEA7351761859300432BED /* AniListPickerView.h */ = {isa = PBXFileReference; fileEncoding = 4; lastKnownFileType = sourcecode.c.h; name = AniListPickerView.h; path = Views/AniListPickerView.h; sourceTree = "<group>"; };
		63BEA7361761859300432BED /* AniListPickerView.m */ = {isa = PBXFileReference; fileEncoding = 4; lastKnownFileType = sourcecode.c.objc; name = AniListPickerView.m; path = Views/AniListPickerView.m; sourceTree = "<group>"; };
		63BEA73B17619E0800432BED /* AniListUserInfoEditViewController.h */ = {isa = PBXFileReference; fileEncoding = 4; lastKnownFileType = sourcecode.c.h; path = AniListUserInfoEditViewController.h; sourceTree = "<group>"; };
		63BEA73C17619E0800432BED /* AniListUserInfoEditViewController.m */ = {isa = PBXFileReference; fileEncoding = 4; lastKnownFileType = sourcecode.c.objc; path = AniListUserInfoEditViewController.m; sourceTree = "<group>"; };
		63BEA73D17619E0800432BED /* AniListUserInfoEditViewController.xib */ = {isa = PBXFileReference; fileEncoding = 4; lastKnownFileType = file.xib; path = AniListUserInfoEditViewController.xib; sourceTree = "<group>"; };
		63BEA7421761A13400432BED /* AniListStepperView.h */ = {isa = PBXFileReference; fileEncoding = 4; lastKnownFileType = sourcecode.c.h; name = AniListStepperView.h; path = Views/AniListStepperView.h; sourceTree = "<group>"; };
		63BEA7431761A13400432BED /* AniListStepperView.m */ = {isa = PBXFileReference; fileEncoding = 4; lastKnownFileType = sourcecode.c.objc; name = AniListStepperView.m; path = Views/AniListStepperView.m; sourceTree = "<group>"; };
		63BEA7461761A14400432BED /* AniListScoreView.h */ = {isa = PBXFileReference; fileEncoding = 4; lastKnownFileType = sourcecode.c.h; name = AniListScoreView.h; path = Views/AniListScoreView.h; sourceTree = "<group>"; };
		63BEA7471761A14400432BED /* AniListScoreView.m */ = {isa = PBXFileReference; fileEncoding = 4; lastKnownFileType = sourcecode.c.objc; name = AniListScoreView.m; path = Views/AniListScoreView.m; sourceTree = "<group>"; };
		63BEA74B176213B600432BED /* RRSGlowLabel.h */ = {isa = PBXFileReference; fileEncoding = 4; lastKnownFileType = sourcecode.c.h; path = RRSGlowLabel.h; sourceTree = "<group>"; };
		63BEA74C176213B600432BED /* RRSGlowLabel.m */ = {isa = PBXFileReference; fileEncoding = 4; lastKnownFileType = sourcecode.c.objc; path = RRSGlowLabel.m; sourceTree = "<group>"; };
		HYXIFWTDXJPPRRMDCEPMDTJH /* libz.dylib */ = {isa = PBXFileReference; lastKnownFileType = "compiled.mach-o.dylib"; name = libz.dylib; path = usr/lib/libz.dylib; sourceTree = SDKROOT; };
		THBDITSPYVFDWQYYBDCIDIXG /* SparkInspector.framework */ = {isa = PBXFileReference; lastKnownFileType = wrapper.framework; name = SparkInspector.framework; path = "/Applications/Spark Inspector.app/Contents/Resources/Frameworks/SparkInspector.framework"; sourceTree = "<group>"; };
/* End PBXFileReference section */

/* Begin PBXFrameworksBuildPhase section */
		63548498171C2FA7003457CB /* Frameworks */ = {
			isa = PBXFrameworksBuildPhase;
			buildActionMask = 2147483647;
			files = (
				632F4362171CD66200A5B43A /* MobileCoreServices.framework in Frameworks */,
				632F4360171CD65D00A5B43A /* SystemConfiguration.framework in Frameworks */,
				6353C24A171C46930060F062 /* Social.framework in Frameworks */,
				6353C248171C468C0060F062 /* Twitter.framework in Frameworks */,
				6353C246171C46780060F062 /* QuartzCore.framework in Frameworks */,
				6353C244171C46740060F062 /* CoreText.framework in Frameworks */,
				6354849F171C2FA7003457CB /* UIKit.framework in Frameworks */,
				635484A1171C2FA7003457CB /* Foundation.framework in Frameworks */,
				635484A3171C2FA7003457CB /* CoreGraphics.framework in Frameworks */,
				635484A5171C2FA7003457CB /* CoreData.framework in Frameworks */,
				6353C03C171C43680060F062 /* Crashlytics.framework in Frameworks */,
				KIYDQKWBMRKIEYEVRWSLKUDQ /* libz.dylib in Frameworks */,
			);
			runOnlyForDeploymentPostprocessing = 0;
		};
		635484BC171C2FA7003457CB /* Frameworks */ = {
			isa = PBXFrameworksBuildPhase;
			buildActionMask = 2147483647;
			files = (
				63859E881763E9DA0029397C /* libz.dylib in Frameworks */,
				635484C2171C2FA7003457CB /* SenTestingKit.framework in Frameworks */,
				635484C3171C2FA7003457CB /* UIKit.framework in Frameworks */,
				635484C4171C2FA7003457CB /* Foundation.framework in Frameworks */,
				635484C5171C2FA7003457CB /* CoreData.framework in Frameworks */,
				6301D927175D62BA00163160 /* MobileCoreServices.framework in Frameworks */,
				6301D928175D62BA00163160 /* SystemConfiguration.framework in Frameworks */,
				6301D929175D62BA00163160 /* Social.framework in Frameworks */,
				6301D92A175D62BA00163160 /* Twitter.framework in Frameworks */,
				6301D92B175D62BA00163160 /* QuartzCore.framework in Frameworks */,
				6301D92C175D62BA00163160 /* CoreText.framework in Frameworks */,
				6301D92D175D62BA00163160 /* Crashlytics.framework in Frameworks */,
				6301D92E175D62BA00163160 /* CoreGraphics.framework in Frameworks */,
				63859E871763E8FD0029397C /* SparkInspector.framework in Frameworks */,
			);
			runOnlyForDeploymentPostprocessing = 0;
		};
/* End PBXFrameworksBuildPhase section */

/* Begin PBXGroup section */
		631898CC17222AD700758BE9 /* Placeholders */ = {
			isa = PBXGroup;
			children = (
				631898CD17222AE300758BE9 /* image_placeholder.png */,
				631898CE17222AE300758BE9 /* image_placeholder@2x.png */,
			);
			name = Placeholders;
			sourceTree = "<group>";
		};
		632F4368171CD6FA00A5B43A /* View Controllers */ = {
			isa = PBXGroup;
			children = (
				636F8684175B1091007E1FB6 /* AniListUserInfoViewController.h */,
				636F8685175B1091007E1FB6 /* AniListUserInfoViewController.m */,
				636F8686175B1091007E1FB6 /* AniListUserInfoViewController.xib */,
				636F868B175B10A6007E1FB6 /* AnimeUserInfoViewController.h */,
				636F868C175B10A6007E1FB6 /* AnimeUserInfoViewController.m */,
				636F86A4175B8A5C007E1FB6 /* AnimeUserInfoViewController.xib */,
				632F4369171CD6FA00A5B43A /* MenuViewController.h */,
				632F436A171CD6FA00A5B43A /* MenuViewController.m */,
				632F436B171CD6FA00A5B43A /* MenuViewController.xib */,
				632F4398171CDDEA00A5B43A /* AniListViewController.h */,
				632F4399171CDDEA00A5B43A /* AniListViewController.m */,
				632F439A171CDDEB00A5B43A /* AniListViewController.xib */,
				632F43A9171D7DF100A5B43A /* AnimeListViewController.h */,
				632F43AA171D7DF100A5B43A /* AnimeListViewController.m */,
				632F43AC171D7DFB00A5B43A /* MangaListViewController.h */,
				632F43AD171D7DFB00A5B43A /* MangaListViewController.m */,
				6301D948175D66AD00163160 /* AniListSummaryViewController.h */,
				6301D949175D66AE00163160 /* AniListSummaryViewController.m */,
				6301D94A175D66AE00163160 /* AniListSummaryViewController.xib */,
				6350279D171E51450004C106 /* AnimeViewController.h */,
				6350279E171E51450004C106 /* AnimeViewController.m */,
				636F8692175B116F007E1FB6 /* AniListDetailsViewController.h */,
				636F8693175B116F007E1FB6 /* AniListDetailsViewController.m */,
				636F8694175B116F007E1FB6 /* AniListDetailsViewController.xib */,
				636F8699175B117D007E1FB6 /* AnimeDetailsViewController.h */,
				636F869A175B117D007E1FB6 /* AnimeDetailsViewController.m */,
				636F869B175B117D007E1FB6 /* AnimeDetailsViewController.xib */,
				63892574175F7ACC00C8489A /* BaseViewController.h */,
				63892575175F7ACC00C8489A /* BaseViewController.m */,
				63BEA73B17619E0800432BED /* AniListUserInfoEditViewController.h */,
				63BEA73C17619E0800432BED /* AniListUserInfoEditViewController.m */,
				63BEA73D17619E0800432BED /* AniListUserInfoEditViewController.xib */,
				63859E891763F28C0029397C /* AnimeUserInfoEditViewController.h */,
				63859E8A1763F28C0029397C /* AnimeUserInfoEditViewController.m */,
			);
			path = "View Controllers";
			sourceTree = "<group>";
		};
		632F437E171CD9B100A5B43A /* Views */ = {
			isa = PBXGroup;
			children = (
				636F86A0175B1232007E1FB6 /* SynopsisView.h */,
				636F86A1175B1232007E1FB6 /* SynopsisView.m */,
				632F439E171CDE0300A5B43A /* Table Views */,
				632F439D171CDDFB00A5B43A /* Table Cells */,
				63BEA7351761859300432BED /* AniListPickerView.h */,
				63BEA7361761859300432BED /* AniListPickerView.m */,
				63BEA7421761A13400432BED /* AniListStepperView.h */,
				63BEA7431761A13400432BED /* AniListStepperView.m */,
				63BEA7461761A14400432BED /* AniListScoreView.h */,
				63BEA7471761A14400432BED /* AniListScoreView.m */,
				63047A4017656CE10039D795 /* AniListDatePickerView.h */,
				63047A4117656CE10039D795 /* AniListDatePickerView.m */,
			);
			name = Views;
			sourceTree = "<group>";
		};
		632F438E171CDA2700A5B43A /* Classes */ = {
			isa = PBXGroup;
			children = (
				6372893817542C420032F425 /* Requests */,
				63502799171E4E7C0004C106 /* Categories */,
				632F4390171CDA3000A5B43A /* Other */,
				632F438F171CDA2C00A5B43A /* Core Data */,
				635027AF171ECEA00004C106 /* Status.h */,
			);
			name = Classes;
			sourceTree = "<group>";
		};
		632F438F171CDA2C00A5B43A /* Core Data */ = {
			isa = PBXGroup;
			children = (
				635027B8171ED41A0004C106 /* AnimeService.h */,
				635027B9171ED41A0004C106 /* AnimeService.m */,
			);
			name = "Core Data";
			sourceTree = "<group>";
		};
		632F4390171CDA3000A5B43A /* Other */ = {
			isa = PBXGroup;
			children = (
				636F86A7175B9960007E1FB6 /* Constants.h */,
			);
			name = Other;
			sourceTree = "<group>";
		};
		632F4391171CDC5D00A5B43A /* Resources */ = {
			isa = PBXGroup;
			children = (
				632F4393171CDC6500A5B43A /* Fonts */,
				632F4392171CDC6100A5B43A /* Assets */,
			);
			name = Resources;
			sourceTree = "<group>";
		};
		632F4392171CDC6100A5B43A /* Assets */ = {
			isa = PBXGroup;
			children = (
				631898CC17222AD700758BE9 /* Placeholders */,
				635027A2171E53550004C106 /* 24646.jpg */,
				63502792171E4D430004C106 /* Background */,
				63922CEC171D82C800D41BCE /* spacepyro.jpg */,
				63922CEB171D82BB00D41BCE /* Icons */,
			);
			name = Assets;
			sourceTree = "<group>";
		};
		632F4393171CDC6500A5B43A /* Fonts */ = {
			isa = PBXGroup;
			children = (
			);
			name = Fonts;
			sourceTree = "<group>";
		};
		632F439D171CDDFB00A5B43A /* Table Cells */ = {
			isa = PBXGroup;
			children = (
				632F436E171CD72F00A5B43A /* ProfileCell.h */,
				632F436F171CD72F00A5B43A /* ProfileCell.m */,
				632F4371171CD74400A5B43A /* ProfileCell.xib */,
				632F437F171CD9C900A5B43A /* MenuCell.h */,
				632F4380171CD9C900A5B43A /* MenuCell.m */,
				632F4382171CD9E100A5B43A /* AniListCell.h */,
				632F4383171CD9E100A5B43A /* AniListCell.m */,
				632F4388171CDA0000A5B43A /* AnimeCell.h */,
				632F4389171CDA0000A5B43A /* AnimeCell.m */,
				635027AC171E601E0004C106 /* AnimeCell.xib */,
				632F438B171CDA0E00A5B43A /* MangaCell.h */,
				632F438C171CDA0E00A5B43A /* MangaCell.m */,
			);
			name = "Table Cells";
			sourceTree = "<group>";
		};
		632F439E171CDE0300A5B43A /* Table Views */ = {
			isa = PBXGroup;
			children = (
				632F439F171CDE2100A5B43A /* AniListTableView.h */,
				632F43A0171CDE2100A5B43A /* AniListTableView.m */,
				632F43A2171CDE2F00A5B43A /* AnimeTableView.h */,
				632F43A3171CDE2F00A5B43A /* AnimeTableView.m */,
				632F43A5171CDE3900A5B43A /* MangaTableView.h */,
				632F43A6171CDE3900A5B43A /* MangaTableView.m */,
			);
			name = "Table Views";
			sourceTree = "<group>";
		};
		63502792171E4D430004C106 /* Background */ = {
			isa = PBXGroup;
			children = (
				636F86A8175BA037007E1FB6 /* header_bg.png */,
				636F86A9175BA037007E1FB6 /* header_bg@2x.png */,
				637CF6F21759940E0009ADF3 /* test_background@2x.png */,
				63502797171E4D760004C106 /* bg@2x.png */,
				63502793171E4D430004C106 /* bg.png */,
			);
			name = Background;
			path = Images/Background;
			sourceTree = "<group>";
		};
		63502799171E4E7C0004C106 /* Categories */ = {
			isa = PBXGroup;
			children = (
				637CF6EE175986B20009ADF3 /* Categories.h */,
				631693441760C56300D526C0 /* NSDate+AniList.h */,
				631693451760C56300D526C0 /* NSDate+AniList.m */,
				636F86B2175BA3B8007E1FB6 /* UIView+AniList.h */,
				636F86B3175BA3B8007E1FB6 /* UIView+AniList.m */,
				6350279A171E4EA20004C106 /* UIFont+AniList.h */,
				6350279B171E4EA20004C106 /* UIFont+AniList.m */,
				637CF6EA175986840009ADF3 /* NSObject+AniList.h */,
				637CF6EB175986840009ADF3 /* NSObject+AniList.m */,
				636F86AE175BA1E3007E1FB6 /* UILabel+AniList.h */,
				636F86AF175BA1E3007E1FB6 /* UILabel+AniList.m */,
				6301D953175D729600163160 /* NSString+AniList.h */,
				6301D954175D729600163160 /* NSString+AniList.m */,
			);
			name = Categories;
			sourceTree = "<group>";
		};
		6353C03D171C457C0060F062 /* Libraries */ = {
			isa = PBXGroup;
			children = (
				63BEA74A176213B600432BED /* RSSGlowLabel */,
				636F8673175A7AB8007E1FB6 /* XMLReader */,
				6353C03E171C457C0060F062 /* AFNetworking */,
				6353C080171C457C0060F062 /* SWRevealViewController */,
				6353C122171C457D0060F062 /* TTTAttributedLabel */,
			);
			name = Libraries;
			path = AniList/Libraries;
			sourceTree = "<group>";
		};
		6353C03E171C457C0060F062 /* AFNetworking */ = {
			isa = PBXGroup;
			children = (
				636F864D175A5F53007E1FB6 /* AFHTTPClient.h */,
				636F864E175A5F53007E1FB6 /* AFHTTPClient.m */,
				636F864F175A5F53007E1FB6 /* AFHTTPRequestOperation.h */,
				636F8650175A5F53007E1FB6 /* AFHTTPRequestOperation.m */,
				636F8651175A5F53007E1FB6 /* AFImageRequestOperation.h */,
				636F8652175A5F53007E1FB6 /* AFImageRequestOperation.m */,
				636F8653175A5F53007E1FB6 /* AFJSONRequestOperation.h */,
				636F8654175A5F53007E1FB6 /* AFJSONRequestOperation.m */,
				636F8655175A5F53007E1FB6 /* AFNetworkActivityIndicatorManager.h */,
				636F8656175A5F53007E1FB6 /* AFNetworkActivityIndicatorManager.m */,
				636F8657175A5F53007E1FB6 /* AFNetworking.h */,
				636F8658175A5F53007E1FB6 /* AFPropertyListRequestOperation.h */,
				636F8659175A5F53007E1FB6 /* AFPropertyListRequestOperation.m */,
				636F865A175A5F53007E1FB6 /* AFURLConnectionOperation.h */,
				636F865B175A5F53007E1FB6 /* AFURLConnectionOperation.m */,
				636F865C175A5F53007E1FB6 /* AFXMLRequestOperation.h */,
				636F865D175A5F53007E1FB6 /* AFXMLRequestOperation.m */,
				636F865E175A5F53007E1FB6 /* UIImageView+AFNetworking.h */,
				636F865F175A5F53007E1FB6 /* UIImageView+AFNetworking.m */,
			);
			path = AFNetworking;
			sourceTree = "<group>";
		};
		6353C080171C457C0060F062 /* SWRevealViewController */ = {
			isa = PBXGroup;
			children = (
				636F864A175A5F49007E1FB6 /* SWRevealViewController.h */,
				636F864B175A5F49007E1FB6 /* SWRevealViewController.m */,
			);
			path = SWRevealViewController;
			sourceTree = "<group>";
		};
		6353C122171C457D0060F062 /* TTTAttributedLabel */ = {
			isa = PBXGroup;
			children = (
				6353C123171C457D0060F062 /* TTTAttributedLabel.h */,
				6353C124171C457D0060F062 /* TTTAttributedLabel.m */,
			);
			path = TTTAttributedLabel;
			sourceTree = "<group>";
		};
		63548492171C2FA7003457CB = {
			isa = PBXGroup;
			children = (
				630965191737E82500B43489 /* Icon.png */,
				630965171737E82100B43489 /* Icon@2x.png */,
				635484A6171C2FA7003457CB /* AniList */,
				635484C8171C2FA7003457CB /* AniListTests */,
				6353C03D171C457C0060F062 /* Libraries */,
				6354849D171C2FA7003457CB /* Frameworks */,
				6354849C171C2FA7003457CB /* Products */,
			);
			sourceTree = "<group>";
		};
		6354849C171C2FA7003457CB /* Products */ = {
			isa = PBXGroup;
			children = (
				6354849B171C2FA7003457CB /* AniList.app */,
				635484C0171C2FA7003457CB /* AniListTests.octest */,
			);
			name = Products;
			sourceTree = "<group>";
		};
		6354849D171C2FA7003457CB /* Frameworks */ = {
			isa = PBXGroup;
			children = (
				632F4361171CD66200A5B43A /* MobileCoreServices.framework */,
				632F435F171CD65D00A5B43A /* SystemConfiguration.framework */,
				6353C249171C46930060F062 /* Social.framework */,
				6353C247171C468C0060F062 /* Twitter.framework */,
				6353C245171C46780060F062 /* QuartzCore.framework */,
				6353C243171C46740060F062 /* CoreText.framework */,
				6353C03B171C43680060F062 /* Crashlytics.framework */,
				6354849E171C2FA7003457CB /* UIKit.framework */,
				635484A0171C2FA7003457CB /* Foundation.framework */,
				635484A2171C2FA7003457CB /* CoreGraphics.framework */,
				635484A4171C2FA7003457CB /* CoreData.framework */,
				635484C1171C2FA7003457CB /* SenTestingKit.framework */,
				HYXIFWTDXJPPRRMDCEPMDTJH /* libz.dylib */,
				THBDITSPYVFDWQYYBDCIDIXG /* SparkInspector.framework */,
			);
			name = Frameworks;
			sourceTree = "<group>";
		};
		635484A6171C2FA7003457CB /* AniList */ = {
			isa = PBXGroup;
			children = (
				632F4391171CDC5D00A5B43A /* Resources */,
				632F438E171CDA2700A5B43A /* Classes */,
				632F437E171CD9B100A5B43A /* Views */,
				632F4368171CD6FA00A5B43A /* View Controllers */,
				635484AF171C2FA7003457CB /* AniListAppDelegate.h */,
				635484B0171C2FA7003457CB /* AniListAppDelegate.m */,
				635027BB171ED60A0004C106 /* Anime.h */,
				635027BC171ED60A0004C106 /* Anime.m */,
				635484B8171C2FA7003457CB /* AniList_1.0.xcdatamodeld */,
				635484A7171C2FA7003457CB /* Supporting Files */,
			);
			path = AniList;
			sourceTree = "<group>";
		};
		635484A7171C2FA7003457CB /* Supporting Files */ = {
			isa = PBXGroup;
			children = (
				635484A8171C2FA7003457CB /* AniList-Info.plist */,
				635484A9171C2FA7003457CB /* InfoPlist.strings */,
				635484AC171C2FA7003457CB /* main.m */,
				635484AE171C2FA7003457CB /* AniList-Prefix.pch */,
				635484B2171C2FA7003457CB /* Default.png */,
				635484B4171C2FA7003457CB /* Default@2x.png */,
				635484B6171C2FA7003457CB /* Default-568h@2x.png */,
			);
			name = "Supporting Files";
			sourceTree = "<group>";
		};
		635484C8171C2FA7003457CB /* AniListTests */ = {
			isa = PBXGroup;
			children = (
				635484CE171C2FA7003457CB /* AniListTests.h */,
				635484CF171C2FA7003457CB /* AniListTests.m */,
				635484C9171C2FA7003457CB /* Supporting Files */,
			);
			path = AniListTests;
			sourceTree = "<group>";
		};
		635484C9171C2FA7003457CB /* Supporting Files */ = {
			isa = PBXGroup;
			children = (
				635484CA171C2FA7003457CB /* AniListTests-Info.plist */,
				635484CB171C2FA7003457CB /* InfoPlist.strings */,
			);
			name = "Supporting Files";
			sourceTree = "<group>";
		};
		636F8673175A7AB8007E1FB6 /* XMLReader */ = {
			isa = PBXGroup;
			children = (
				636F8674175A7AB8007E1FB6 /* XMLReader.h */,
				636F8675175A7AB8007E1FB6 /* XMLReader.m */,
			);
			path = XMLReader;
			sourceTree = "<group>";
		};
		6372893817542C420032F425 /* Requests */ = {
			isa = PBXGroup;
			children = (
				6372893917542D110032F425 /* MALHTTPClient.h */,
				6372893A17542D110032F425 /* MALHTTPClient.m */,
				636F8678175A7D17007E1FB6 /* MALUserClient.h */,
				636F8679175A7D17007E1FB6 /* MALUserClient.m */,
			);
			name = Requests;
			sourceTree = "<group>";
		};
		63922CEB171D82BB00D41BCE /* Icons */ = {
			isa = PBXGroup;
			children = (
				635027A4171E58CC0004C106 /* action.png */,
				635027A5171E58CC0004C106 /* action@2x.png */,
				635027A6171E58CC0004C106 /* back_arrow.png */,
				635027A7171E58CC0004C106 /* back_arrow@2x.png */,
				632F4394171CDC7600A5B43A /* hamburger.png */,
				632F4395171CDC7600A5B43A /* hamburger@2x.png */,
			);
			name = Icons;
			sourceTree = "<group>";
		};
		63BEA74A176213B600432BED /* RSSGlowLabel */ = {
			isa = PBXGroup;
			children = (
				63BEA74B176213B600432BED /* RRSGlowLabel.h */,
				63BEA74C176213B600432BED /* RRSGlowLabel.m */,
			);
			path = RSSGlowLabel;
			sourceTree = "<group>";
		};
/* End PBXGroup section */

/* Begin PBXNativeTarget section */
		6354849A171C2FA7003457CB /* AniList */ = {
			isa = PBXNativeTarget;
			buildConfigurationList = 635484D3171C2FA7003457CB /* Build configuration list for PBXNativeTarget "AniList" */;
			buildPhases = (
				63548497171C2FA7003457CB /* Sources */,
				63548498171C2FA7003457CB /* Frameworks */,
				63548499171C2FA7003457CB /* Resources */,
				634260E5171C380800612488 /* ShellScript */,
			);
			buildRules = (
			);
			dependencies = (
			);
			name = AniList;
			productName = AniList;
			productReference = 6354849B171C2FA7003457CB /* AniList.app */;
			productType = "com.apple.product-type.application";
		};
		635484BF171C2FA7003457CB /* AniListTests */ = {
			isa = PBXNativeTarget;
			buildConfigurationList = 635484D6171C2FA7003457CB /* Build configuration list for PBXNativeTarget "AniListTests" */;
			buildPhases = (
				635484BB171C2FA7003457CB /* Sources */,
				635484BC171C2FA7003457CB /* Frameworks */,
				635484BD171C2FA7003457CB /* Resources */,
				635484BE171C2FA7003457CB /* ShellScript */,
			);
			buildRules = (
			);
			dependencies = (
				635484C7171C2FA7003457CB /* PBXTargetDependency */,
			);
			name = AniListTests;
			productName = AniListTests;
			productReference = 635484C0171C2FA7003457CB /* AniListTests.octest */;
			productType = "com.apple.product-type.bundle";
		};
/* End PBXNativeTarget section */

/* Begin PBXProject section */
		63548493171C2FA7003457CB /* Project object */ = {
			isa = PBXProject;
			attributes = {
				CLASSPREFIX = AniList;
				LastUpgradeCheck = 0460;
				ORGANIZATIONNAME = "SpacePyro Inc.";
			};
			buildConfigurationList = 63548496171C2FA7003457CB /* Build configuration list for PBXProject "AniList" */;
			compatibilityVersion = "Xcode 3.2";
			developmentRegion = English;
			hasScannedForEncodings = 0;
			knownRegions = (
				en,
			);
			mainGroup = 63548492171C2FA7003457CB;
			productRefGroup = 6354849C171C2FA7003457CB /* Products */;
			projectDirPath = "";
			projectRoot = "";
			targets = (
				6354849A171C2FA7003457CB /* AniList */,
				635484BF171C2FA7003457CB /* AniListTests */,
			);
		};
/* End PBXProject section */

/* Begin PBXResourcesBuildPhase section */
		63548499171C2FA7003457CB /* Resources */ = {
			isa = PBXResourcesBuildPhase;
			buildActionMask = 2147483647;
			files = (
				635484AB171C2FA7003457CB /* InfoPlist.strings in Resources */,
				635484B3171C2FA7003457CB /* Default.png in Resources */,
				635484B5171C2FA7003457CB /* Default@2x.png in Resources */,
				635484B7171C2FA7003457CB /* Default-568h@2x.png in Resources */,
				632F436D171CD6FA00A5B43A /* MenuViewController.xib in Resources */,
				632F4372171CD74400A5B43A /* ProfileCell.xib in Resources */,
				632F4396171CDC7600A5B43A /* hamburger.png in Resources */,
				632F4397171CDC7600A5B43A /* hamburger@2x.png in Resources */,
				632F439C171CDDED00A5B43A /* AniListViewController.xib in Resources */,
				63922CED171D82C800D41BCE /* spacepyro.jpg in Resources */,
				63502795171E4D430004C106 /* bg.png in Resources */,
				63502798171E4D760004C106 /* bg@2x.png in Resources */,
				635027A3171E53550004C106 /* 24646.jpg in Resources */,
				635027A8171E58CC0004C106 /* action.png in Resources */,
				635027A9171E58CC0004C106 /* action@2x.png in Resources */,
				635027AA171E58CC0004C106 /* back_arrow.png in Resources */,
				635027AB171E58CC0004C106 /* back_arrow@2x.png in Resources */,
				635027AD171E601E0004C106 /* AnimeCell.xib in Resources */,
				631898CF17222AE300758BE9 /* image_placeholder.png in Resources */,
				631898D017222AE300758BE9 /* image_placeholder@2x.png in Resources */,
				630965181737E82100B43489 /* Icon@2x.png in Resources */,
				6309651A1737E82500B43489 /* Icon.png in Resources */,
				637CF6F31759940E0009ADF3 /* test_background@2x.png in Resources */,
				636F8689175B1091007E1FB6 /* AniListUserInfoViewController.xib in Resources */,
				636F8697175B116F007E1FB6 /* AniListDetailsViewController.xib in Resources */,
				636F869E175B117D007E1FB6 /* AnimeDetailsViewController.xib in Resources */,
				636F86A5175B8A5C007E1FB6 /* AnimeUserInfoViewController.xib in Resources */,
				636F86AA175BA037007E1FB6 /* header_bg.png in Resources */,
				636F86AC175BA037007E1FB6 /* header_bg@2x.png in Resources */,
				6301D94D175D66AF00163160 /* AniListSummaryViewController.xib in Resources */,
				63BEA74017619E0800432BED /* AniListUserInfoEditViewController.xib in Resources */,
			);
			runOnlyForDeploymentPostprocessing = 0;
		};
		635484BD171C2FA7003457CB /* Resources */ = {
			isa = PBXResourcesBuildPhase;
			buildActionMask = 2147483647;
			files = (
				635484CD171C2FA7003457CB /* InfoPlist.strings in Resources */,
				637CF6F41759940E0009ADF3 /* test_background@2x.png in Resources */,
				636F868A175B1091007E1FB6 /* AniListUserInfoViewController.xib in Resources */,
				636F8698175B116F007E1FB6 /* AniListDetailsViewController.xib in Resources */,
				636F869F175B117D007E1FB6 /* AnimeDetailsViewController.xib in Resources */,
				636F86A6175B8A5C007E1FB6 /* AnimeUserInfoViewController.xib in Resources */,
				636F86AB175BA037007E1FB6 /* header_bg.png in Resources */,
				636F86AD175BA037007E1FB6 /* header_bg@2x.png in Resources */,
				6301D94E175D66AF00163160 /* AniListSummaryViewController.xib in Resources */,
				6301D94F175D6F1A00163160 /* MenuViewController.xib in Resources */,
				6301D950175D6F1A00163160 /* AniListViewController.xib in Resources */,
				6301D951175D6F1D00163160 /* ProfileCell.xib in Resources */,
				6301D952175D6F1D00163160 /* AnimeCell.xib in Resources */,
				63BEA74117619E0800432BED /* AniListUserInfoEditViewController.xib in Resources */,
			);
			runOnlyForDeploymentPostprocessing = 0;
		};
/* End PBXResourcesBuildPhase section */

/* Begin PBXShellScriptBuildPhase section */
		634260E5171C380800612488 /* ShellScript */ = {
			isa = PBXShellScriptBuildPhase;
			buildActionMask = 2147483647;
			files = (
			);
			inputPaths = (
			);
			outputPaths = (
			);
			runOnlyForDeploymentPostprocessing = 0;
			shellPath = /bin/sh;
			shellScript = "./Crashlytics.framework/run c01aa6f0d36b5000da6aa8c83dda558c23be54f8";
		};
		635484BE171C2FA7003457CB /* ShellScript */ = {
			isa = PBXShellScriptBuildPhase;
			buildActionMask = 2147483647;
			files = (
			);
			inputPaths = (
			);
			outputPaths = (
			);
			runOnlyForDeploymentPostprocessing = 0;
			shellPath = /bin/sh;
			shellScript = "# Run the unit tests in this test bundle.\n\"${SYSTEM_DEVELOPER_DIR}/Tools/RunUnitTests\"\n";
		};
/* End PBXShellScriptBuildPhase section */

/* Begin PBXSourcesBuildPhase section */
		63548497171C2FA7003457CB /* Sources */ = {
			isa = PBXSourcesBuildPhase;
			buildActionMask = 2147483647;
			files = (
				635484AD171C2FA7003457CB /* main.m in Sources */,
				635484B1171C2FA7003457CB /* AniListAppDelegate.m in Sources */,
				635484BA171C2FA7003457CB /* AniList_1.0.xcdatamodeld in Sources */,
				6353C22F171C457D0060F062 /* TTTAttributedLabel.m in Sources */,
				632F436C171CD6FA00A5B43A /* MenuViewController.m in Sources */,
				632F4370171CD72F00A5B43A /* ProfileCell.m in Sources */,
				632F4381171CD9C900A5B43A /* MenuCell.m in Sources */,
				632F4384171CD9E100A5B43A /* AniListCell.m in Sources */,
				632F438A171CDA0000A5B43A /* AnimeCell.m in Sources */,
				632F438D171CDA0E00A5B43A /* MangaCell.m in Sources */,
				632F439B171CDDED00A5B43A /* AniListViewController.m in Sources */,
				632F43A1171CDE2100A5B43A /* AniListTableView.m in Sources */,
				632F43A4171CDE2F00A5B43A /* AnimeTableView.m in Sources */,
				632F43A7171CDE3900A5B43A /* MangaTableView.m in Sources */,
				632F43AB171D7DF100A5B43A /* AnimeListViewController.m in Sources */,
				632F43AE171D7DFB00A5B43A /* MangaListViewController.m in Sources */,
				6350279C171E4EA20004C106 /* UIFont+AniList.m in Sources */,
				635027A0171E51450004C106 /* AnimeViewController.m in Sources */,
				635027BA171ED41A0004C106 /* AnimeService.m in Sources */,
				635027BD171ED60A0004C106 /* Anime.m in Sources */,
				6372893B17542D110032F425 /* MALHTTPClient.m in Sources */,
				637CF6EC175986840009ADF3 /* NSObject+AniList.m in Sources */,
				636F864C175A5F49007E1FB6 /* SWRevealViewController.m in Sources */,
				636F8660175A5F53007E1FB6 /* AFHTTPClient.m in Sources */,
				636F8662175A5F53007E1FB6 /* AFHTTPRequestOperation.m in Sources */,
				636F8664175A5F53007E1FB6 /* AFImageRequestOperation.m in Sources */,
				636F8666175A5F53007E1FB6 /* AFJSONRequestOperation.m in Sources */,
				636F8668175A5F53007E1FB6 /* AFNetworkActivityIndicatorManager.m in Sources */,
				636F866A175A5F53007E1FB6 /* AFPropertyListRequestOperation.m in Sources */,
				636F866C175A5F53007E1FB6 /* AFURLConnectionOperation.m in Sources */,
				636F866E175A5F53007E1FB6 /* AFXMLRequestOperation.m in Sources */,
				636F8670175A5F53007E1FB6 /* UIImageView+AFNetworking.m in Sources */,
				636F8676175A7AB8007E1FB6 /* XMLReader.m in Sources */,
				636F867A175A7D17007E1FB6 /* MALUserClient.m in Sources */,
				636F8687175B1091007E1FB6 /* AniListUserInfoViewController.m in Sources */,
				636F868E175B10A6007E1FB6 /* AnimeUserInfoViewController.m in Sources */,
				636F8695175B116F007E1FB6 /* AniListDetailsViewController.m in Sources */,
				636F869C175B117D007E1FB6 /* AnimeDetailsViewController.m in Sources */,
				636F86A2175B1232007E1FB6 /* SynopsisView.m in Sources */,
				636F86B0175BA1E3007E1FB6 /* UILabel+AniList.m in Sources */,
				636F86B4175BA3B8007E1FB6 /* UIView+AniList.m in Sources */,
				6301D94B175D66AF00163160 /* AniListSummaryViewController.m in Sources */,
				6301D955175D729600163160 /* NSString+AniList.m in Sources */,
				63892576175F7ACC00C8489A /* BaseViewController.m in Sources */,
				631693461760C56300D526C0 /* NSDate+AniList.m in Sources */,
				63BEA7371761859300432BED /* AniListPickerView.m in Sources */,
				63BEA73E17619E0800432BED /* AniListUserInfoEditViewController.m in Sources */,
				63BEA7441761A13400432BED /* AniListStepperView.m in Sources */,
				63BEA7481761A14400432BED /* AniListScoreView.m in Sources */,
				63BEA74D176213B600432BED /* RRSGlowLabel.m in Sources */,
				63859E8B1763F28C0029397C /* AnimeUserInfoEditViewController.m in Sources */,
				63047A4217656CE10039D795 /* AniListDatePickerView.m in Sources */,
			);
			runOnlyForDeploymentPostprocessing = 0;
		};
		635484BB171C2FA7003457CB /* Sources */ = {
			isa = PBXSourcesBuildPhase;
			buildActionMask = 2147483647;
			files = (
				635484D0171C2FA7003457CB /* AniListTests.m in Sources */,
				6353C230171C457D0060F062 /* TTTAttributedLabel.m in Sources */,
				6372893C17542D110032F425 /* MALHTTPClient.m in Sources */,
				637CF6ED175986840009ADF3 /* NSObject+AniList.m in Sources */,
				636F8661175A5F53007E1FB6 /* AFHTTPClient.m in Sources */,
				636F8663175A5F53007E1FB6 /* AFHTTPRequestOperation.m in Sources */,
				636F8665175A5F53007E1FB6 /* AFImageRequestOperation.m in Sources */,
				636F8667175A5F53007E1FB6 /* AFJSONRequestOperation.m in Sources */,
				636F8669175A5F53007E1FB6 /* AFNetworkActivityIndicatorManager.m in Sources */,
				636F866B175A5F53007E1FB6 /* AFPropertyListRequestOperation.m in Sources */,
				636F866D175A5F53007E1FB6 /* AFURLConnectionOperation.m in Sources */,
				636F866F175A5F53007E1FB6 /* AFXMLRequestOperation.m in Sources */,
				636F8671175A5F53007E1FB6 /* UIImageView+AFNetworking.m in Sources */,
				636F8672175A5F5E007E1FB6 /* SWRevealViewController.m in Sources */,
				636F8677175A7AB8007E1FB6 /* XMLReader.m in Sources */,
				636F867B175A7D17007E1FB6 /* MALUserClient.m in Sources */,
				636F8688175B1091007E1FB6 /* AniListUserInfoViewController.m in Sources */,
				636F868F175B10A6007E1FB6 /* AnimeUserInfoViewController.m in Sources */,
				636F8696175B116F007E1FB6 /* AniListDetailsViewController.m in Sources */,
				636F869D175B117D007E1FB6 /* AnimeDetailsViewController.m in Sources */,
				636F86A3175B1232007E1FB6 /* SynopsisView.m in Sources */,
				636F86B1175BA1E3007E1FB6 /* UILabel+AniList.m in Sources */,
				636F86B5175BA3B8007E1FB6 /* UIView+AniList.m in Sources */,
				6301D92F175D631000163160 /* MenuViewController.m in Sources */,
				6301D930175D631000163160 /* AniListViewController.m in Sources */,
				6301D931175D631000163160 /* AnimeListViewController.m in Sources */,
				6301D932175D631000163160 /* MangaListViewController.m in Sources */,
				6301D933175D631000163160 /* AnimeViewController.m in Sources */,
				6301D934175D631000163160 /* AniListAppDelegate.m in Sources */,
				6301D935175D631000163160 /* Anime.m in Sources */,
				6301D936175D631900163160 /* ProfileCell.m in Sources */,
				6301D937175D631900163160 /* MenuCell.m in Sources */,
				6301D938175D631900163160 /* AniListCell.m in Sources */,
				6301D939175D631900163160 /* AnimeCell.m in Sources */,
				6301D93A175D631900163160 /* MangaCell.m in Sources */,
				6301D93B175D631C00163160 /* AniListTableView.m in Sources */,
				6301D93C175D631C00163160 /* AnimeTableView.m in Sources */,
				6301D93D175D631C00163160 /* MangaTableView.m in Sources */,
				6301D93E175D632100163160 /* AnimeService.m in Sources */,
				6301D93F175D632500163160 /* UIFont+AniList.m in Sources */,
				6301D940175D632C00163160 /* main.m in Sources */,
				6301D94C175D66AF00163160 /* AniListSummaryViewController.m in Sources */,
				6301D956175D729600163160 /* NSString+AniList.m in Sources */,
				63892577175F7ACC00C8489A /* BaseViewController.m in Sources */,
				631693471760C56300D526C0 /* NSDate+AniList.m in Sources */,
				63BEA7381761859300432BED /* AniListPickerView.m in Sources */,
				63BEA73F17619E0800432BED /* AniListUserInfoEditViewController.m in Sources */,
				63BEA7451761A13400432BED /* AniListStepperView.m in Sources */,
				63BEA7491761A14400432BED /* AniListScoreView.m in Sources */,
				63BEA74E176213B600432BED /* RRSGlowLabel.m in Sources */,
				63859E8C1763F28C0029397C /* AnimeUserInfoEditViewController.m in Sources */,
				63047A4317656CE10039D795 /* AniListDatePickerView.m in Sources */,
			);
			runOnlyForDeploymentPostprocessing = 0;
		};
/* End PBXSourcesBuildPhase section */

/* Begin PBXTargetDependency section */
		635484C7171C2FA7003457CB /* PBXTargetDependency */ = {
			isa = PBXTargetDependency;
			target = 6354849A171C2FA7003457CB /* AniList */;
			targetProxy = 635484C6171C2FA7003457CB /* PBXContainerItemProxy */;
		};
/* End PBXTargetDependency section */

/* Begin PBXVariantGroup section */
		635484A9171C2FA7003457CB /* InfoPlist.strings */ = {
			isa = PBXVariantGroup;
			children = (
				635484AA171C2FA7003457CB /* en */,
			);
			name = InfoPlist.strings;
			sourceTree = "<group>";
		};
		635484CB171C2FA7003457CB /* InfoPlist.strings */ = {
			isa = PBXVariantGroup;
			children = (
				635484CC171C2FA7003457CB /* en */,
			);
			name = InfoPlist.strings;
			sourceTree = "<group>";
		};
/* End PBXVariantGroup section */

/* Begin XCBuildConfiguration section */
		635484D1171C2FA7003457CB /* Debug */ = {
			isa = XCBuildConfiguration;
			buildSettings = {
				ALWAYS_SEARCH_USER_PATHS = NO;
				CLANG_CXX_LANGUAGE_STANDARD = "gnu++0x";
				CLANG_CXX_LIBRARY = "libc++";
				CLANG_ENABLE_OBJC_ARC = YES;
				CLANG_WARN_CONSTANT_CONVERSION = YES;
				CLANG_WARN_EMPTY_BODY = YES;
				CLANG_WARN_ENUM_CONVERSION = YES;
				CLANG_WARN_INT_CONVERSION = YES;
				CLANG_WARN__DUPLICATE_METHOD_MATCH = YES;
				"CODE_SIGN_IDENTITY[sdk=iphoneos*]" = "iPhone Developer";
				COPY_PHASE_STRIP = NO;
				FRAMEWORK_SEARCH_PATHS = (
					"\"/Applications/Spark Inspector.app/Contents/Resources/Frameworks\"",
				);
				GCC_C_LANGUAGE_STANDARD = gnu99;
				GCC_DYNAMIC_NO_PIC = NO;
				GCC_OPTIMIZATION_LEVEL = 0;
				GCC_PREPROCESSOR_DEFINITIONS = (
					"DEBUG=1",
					"$(inherited)",
				);
				GCC_SYMBOLS_PRIVATE_EXTERN = NO;
				GCC_WARN_ABOUT_RETURN_TYPE = YES;
				GCC_WARN_UNINITIALIZED_AUTOS = YES;
				GCC_WARN_UNUSED_VARIABLE = YES;
				IPHONEOS_DEPLOYMENT_TARGET = 6.1;
				ONLY_ACTIVE_ARCH = YES;
				OTHER_LDFLAGS = (
					"-ObjC",
					"-framework",
					SparkInspector,
				);
				SDKROOT = iphoneos;
				TARGETED_DEVICE_FAMILY = "1,2";
			};
			name = Debug;
		};
		635484D2171C2FA7003457CB /* Release */ = {
			isa = XCBuildConfiguration;
			buildSettings = {
				ALWAYS_SEARCH_USER_PATHS = NO;
				CLANG_CXX_LANGUAGE_STANDARD = "gnu++0x";
				CLANG_CXX_LIBRARY = "libc++";
				CLANG_ENABLE_OBJC_ARC = YES;
				CLANG_WARN_CONSTANT_CONVERSION = YES;
				CLANG_WARN_EMPTY_BODY = YES;
				CLANG_WARN_ENUM_CONVERSION = YES;
				CLANG_WARN_INT_CONVERSION = YES;
				CLANG_WARN__DUPLICATE_METHOD_MATCH = YES;
				"CODE_SIGN_IDENTITY[sdk=iphoneos*]" = "iPhone Developer";
				COPY_PHASE_STRIP = YES;
				GCC_C_LANGUAGE_STANDARD = gnu99;
				GCC_WARN_ABOUT_RETURN_TYPE = YES;
				GCC_WARN_UNINITIALIZED_AUTOS = YES;
				GCC_WARN_UNUSED_VARIABLE = YES;
				IPHONEOS_DEPLOYMENT_TARGET = 6.1;
				OTHER_CFLAGS = "-DNS_BLOCK_ASSERTIONS=1";
				SDKROOT = iphoneos;
				TARGETED_DEVICE_FAMILY = "1,2";
				VALIDATE_PRODUCT = YES;
			};
			name = Release;
		};
		635484D4171C2FA7003457CB /* Debug */ = {
			isa = XCBuildConfiguration;
			buildSettings = {
				FRAMEWORK_SEARCH_PATHS = (
					"$(inherited)",
					"\"$(SRCROOT)\"",
					"\"/Applications/Spark Inspector.app/Contents/Resources/Frameworks\"",
				);
				GCC_PRECOMPILE_PREFIX_HEADER = YES;
				GCC_PREFIX_HEADER = "AniList/AniList-Prefix.pch";
				INFOPLIST_FILE = "AniList/AniList-Info.plist";
				IPHONEOS_DEPLOYMENT_TARGET = 5.0;
				OTHER_LDFLAGS = (
					"-ObjC",
					"-framework",
					SparkInspector,
				);
				PRODUCT_NAME = "$(TARGET_NAME)";
				WRAPPER_EXTENSION = app;
			};
			name = Debug;
		};
		635484D5171C2FA7003457CB /* Release */ = {
			isa = XCBuildConfiguration;
			buildSettings = {
				CODE_SIGN_IDENTITY = "iPhone Distribution";
				"CODE_SIGN_IDENTITY[sdk=iphoneos*]" = "iPhone Distribution";
				FRAMEWORK_SEARCH_PATHS = (
					"$(inherited)",
					"\"$(SRCROOT)\"",
					"\"$(SYSTEM_APPS_DIR)/Spark Inspector.app/Contents/Resources/Frameworks\"",
				);
				GCC_PRECOMPILE_PREFIX_HEADER = YES;
				GCC_PREFIX_HEADER = "AniList/AniList-Prefix.pch";
				INFOPLIST_FILE = "AniList/AniList-Info.plist";
				IPHONEOS_DEPLOYMENT_TARGET = 5.0;
				PRODUCT_NAME = "$(TARGET_NAME)";
				PROVISIONING_PROFILE = "";
				"PROVISIONING_PROFILE[sdk=iphoneos*]" = "";
				WRAPPER_EXTENSION = app;
			};
			name = Release;
		};
		635484D7171C2FA7003457CB /* Debug */ = {
			isa = XCBuildConfiguration;
			buildSettings = {
				BUNDLE_LOADER = "$(BUILT_PRODUCTS_DIR)/AniList.app/AniList";
				FRAMEWORK_SEARCH_PATHS = (
					"\"$(SDKROOT)/Developer/Library/Frameworks\"",
					"\"$(DEVELOPER_LIBRARY_DIR)/Frameworks\"",
					"\"$(SRCROOT)\"",
					"\"$(SYSTEM_APPS_DIR)/Spark Inspector.app/Contents/Resources/Frameworks\"",
				);
				GCC_PRECOMPILE_PREFIX_HEADER = YES;
				GCC_PREFIX_HEADER = "AniList/AniList-Prefix.pch";
				INFOPLIST_FILE = "AniListTests/AniListTests-Info.plist";
				PRODUCT_NAME = "$(TARGET_NAME)";
				TEST_HOST = "$(BUNDLE_LOADER)";
				WRAPPER_EXTENSION = octest;
			};
			name = Debug;
		};
		635484D8171C2FA7003457CB /* Release */ = {
			isa = XCBuildConfiguration;
			buildSettings = {
				BUNDLE_LOADER = "$(BUILT_PRODUCTS_DIR)/AniList.app/AniList";
				FRAMEWORK_SEARCH_PATHS = (
					"\"$(SDKROOT)/Developer/Library/Frameworks\"",
					"\"$(DEVELOPER_LIBRARY_DIR)/Frameworks\"",
					"\"$(SRCROOT)\"",
					"\"$(SYSTEM_APPS_DIR)/Spark Inspector.app/Contents/Resources/Frameworks\"",
				);
				GCC_PRECOMPILE_PREFIX_HEADER = YES;
				GCC_PREFIX_HEADER = "AniList/AniList-Prefix.pch";
				INFOPLIST_FILE = "AniListTests/AniListTests-Info.plist";
				PRODUCT_NAME = "$(TARGET_NAME)";
				TEST_HOST = "$(BUNDLE_LOADER)";
				WRAPPER_EXTENSION = octest;
			};
			name = Release;
		};
/* End XCBuildConfiguration section */

/* Begin XCConfigurationList section */
		63548496171C2FA7003457CB /* Build configuration list for PBXProject "AniList" */ = {
			isa = XCConfigurationList;
			buildConfigurations = (
				635484D1171C2FA7003457CB /* Debug */,
				635484D2171C2FA7003457CB /* Release */,
			);
			defaultConfigurationIsVisible = 0;
			defaultConfigurationName = Release;
		};
		635484D3171C2FA7003457CB /* Build configuration list for PBXNativeTarget "AniList" */ = {
			isa = XCConfigurationList;
			buildConfigurations = (
				635484D4171C2FA7003457CB /* Debug */,
				635484D5171C2FA7003457CB /* Release */,
			);
			defaultConfigurationIsVisible = 0;
			defaultConfigurationName = Release;
		};
		635484D6171C2FA7003457CB /* Build configuration list for PBXNativeTarget "AniListTests" */ = {
			isa = XCConfigurationList;
			buildConfigurations = (
				635484D7171C2FA7003457CB /* Debug */,
				635484D8171C2FA7003457CB /* Release */,
			);
			defaultConfigurationIsVisible = 0;
			defaultConfigurationName = Release;
		};
/* End XCConfigurationList section */

/* Begin XCVersionGroup section */
		635484B8171C2FA7003457CB /* AniList_1.0.xcdatamodeld */ = {
			isa = XCVersionGroup;
			children = (
				635484B9171C2FA7003457CB /* AniList_1.0.xcdatamodel */,
			);
			currentVersion = 635484B9171C2FA7003457CB /* AniList_1.0.xcdatamodel */;
			path = AniList_1.0.xcdatamodeld;
			sourceTree = "<group>";
			versionGroupType = wrapper.xcdatamodel;
		};
/* End XCVersionGroup section */
	};
	rootObject = 63548493171C2FA7003457CB /* Project object */;
}
