// !$*UTF8*$!
{
	archiveVersion = 1;
	classes = {
	};
	objectVersion = 46;
	objects = {

/* Begin PBXBuildFile section */
		632F4360171CD65D00A5B43A /* SystemConfiguration.framework in Frameworks */ = {isa = PBXBuildFile; fileRef = 632F435F171CD65D00A5B43A /* SystemConfiguration.framework */; };
		632F4362171CD66200A5B43A /* MobileCoreServices.framework in Frameworks */ = {isa = PBXBuildFile; fileRef = 632F4361171CD66200A5B43A /* MobileCoreServices.framework */; };
		632F436C171CD6FA00A5B43A /* MenuViewController.m in Sources */ = {isa = PBXBuildFile; fileRef = 632F436A171CD6FA00A5B43A /* MenuViewController.m */; };
		632F436D171CD6FA00A5B43A /* MenuViewController.xib in Resources */ = {isa = PBXBuildFile; fileRef = 632F436B171CD6FA00A5B43A /* MenuViewController.xib */; };
		632F4370171CD72F00A5B43A /* ProfileCell.m in Sources */ = {isa = PBXBuildFile; fileRef = 632F436F171CD72F00A5B43A /* ProfileCell.m */; };
		632F4372171CD74400A5B43A /* ProfileCell.xib in Resources */ = {isa = PBXBuildFile; fileRef = 632F4371171CD74400A5B43A /* ProfileCell.xib */; };
		632F4381171CD9C900A5B43A /* MenuCell.m in Sources */ = {isa = PBXBuildFile; fileRef = 632F4380171CD9C900A5B43A /* MenuCell.m */; };
		632F4384171CD9E100A5B43A /* AniListCell.m in Sources */ = {isa = PBXBuildFile; fileRef = 632F4383171CD9E100A5B43A /* AniListCell.m */; };
		632F438A171CDA0000A5B43A /* AnimeCell.m in Sources */ = {isa = PBXBuildFile; fileRef = 632F4389171CDA0000A5B43A /* AnimeCell.m */; };
		632F438D171CDA0E00A5B43A /* MangaCell.m in Sources */ = {isa = PBXBuildFile; fileRef = 632F438C171CDA0E00A5B43A /* MangaCell.m */; };
		632F4396171CDC7600A5B43A /* hamburger.png in Resources */ = {isa = PBXBuildFile; fileRef = 632F4394171CDC7600A5B43A /* hamburger.png */; };
		632F4397171CDC7600A5B43A /* hamburger@2x.png in Resources */ = {isa = PBXBuildFile; fileRef = 632F4395171CDC7600A5B43A /* hamburger@2x.png */; };
		632F439B171CDDED00A5B43A /* AniListViewController.m in Sources */ = {isa = PBXBuildFile; fileRef = 632F4399171CDDEA00A5B43A /* AniListViewController.m */; };
		632F439C171CDDED00A5B43A /* AniListViewController.xib in Resources */ = {isa = PBXBuildFile; fileRef = 632F439A171CDDEB00A5B43A /* AniListViewController.xib */; };
		632F43A1171CDE2100A5B43A /* AniListTableView.m in Sources */ = {isa = PBXBuildFile; fileRef = 632F43A0171CDE2100A5B43A /* AniListTableView.m */; };
		632F43A4171CDE2F00A5B43A /* AnimeTableView.m in Sources */ = {isa = PBXBuildFile; fileRef = 632F43A3171CDE2F00A5B43A /* AnimeTableView.m */; };
		632F43A7171CDE3900A5B43A /* MangaTableView.m in Sources */ = {isa = PBXBuildFile; fileRef = 632F43A6171CDE3900A5B43A /* MangaTableView.m */; };
		632F43AB171D7DF100A5B43A /* AnimeListViewController.m in Sources */ = {isa = PBXBuildFile; fileRef = 632F43AA171D7DF100A5B43A /* AnimeListViewController.m */; };
		632F43AE171D7DFB00A5B43A /* MangaListViewController.m in Sources */ = {isa = PBXBuildFile; fileRef = 632F43AD171D7DFB00A5B43A /* MangaListViewController.m */; };
		63502795171E4D430004C106 /* bg.png in Resources */ = {isa = PBXBuildFile; fileRef = 63502793171E4D430004C106 /* bg.png */; };
		63502798171E4D760004C106 /* bg@2x.png in Resources */ = {isa = PBXBuildFile; fileRef = 63502797171E4D760004C106 /* bg@2x.png */; };
		6350279C171E4EA20004C106 /* UIFont+AniList.m in Sources */ = {isa = PBXBuildFile; fileRef = 6350279B171E4EA20004C106 /* UIFont+AniList.m */; };
		635027A0171E51450004C106 /* AnimeViewController.m in Sources */ = {isa = PBXBuildFile; fileRef = 6350279E171E51450004C106 /* AnimeViewController.m */; };
		635027A1171E51450004C106 /* AnimeViewController.xib in Resources */ = {isa = PBXBuildFile; fileRef = 6350279F171E51450004C106 /* AnimeViewController.xib */; };
		635027A3171E53550004C106 /* 24646.jpg in Resources */ = {isa = PBXBuildFile; fileRef = 635027A2171E53550004C106 /* 24646.jpg */; };
		635027A8171E58CC0004C106 /* action.png in Resources */ = {isa = PBXBuildFile; fileRef = 635027A4171E58CC0004C106 /* action.png */; };
		635027A9171E58CC0004C106 /* action@2x.png in Resources */ = {isa = PBXBuildFile; fileRef = 635027A5171E58CC0004C106 /* action@2x.png */; };
		635027AA171E58CC0004C106 /* back_arrow.png in Resources */ = {isa = PBXBuildFile; fileRef = 635027A6171E58CC0004C106 /* back_arrow.png */; };
		635027AB171E58CC0004C106 /* back_arrow@2x.png in Resources */ = {isa = PBXBuildFile; fileRef = 635027A7171E58CC0004C106 /* back_arrow@2x.png */; };
		635027AD171E601E0004C106 /* AnimeCell.xib in Resources */ = {isa = PBXBuildFile; fileRef = 635027AC171E601E0004C106 /* AnimeCell.xib */; };
		635027BA171ED41A0004C106 /* AnimeService.m in Sources */ = {isa = PBXBuildFile; fileRef = 635027B9171ED41A0004C106 /* AnimeService.m */; };
		635027BD171ED60A0004C106 /* Anime.m in Sources */ = {isa = PBXBuildFile; fileRef = 635027BC171ED60A0004C106 /* Anime.m */; };
		6353C03C171C43680060F062 /* Crashlytics.framework in Frameworks */ = {isa = PBXBuildFile; fileRef = 6353C03B171C43680060F062 /* Crashlytics.framework */; };
		6353C127171C457D0060F062 /* AFHTTPClient.m in Sources */ = {isa = PBXBuildFile; fileRef = 6353C042171C457C0060F062 /* AFHTTPClient.m */; };
		6353C128171C457D0060F062 /* AFHTTPClient.m in Sources */ = {isa = PBXBuildFile; fileRef = 6353C042171C457C0060F062 /* AFHTTPClient.m */; };
		6353C129171C457D0060F062 /* AFHTTPRequestOperation.m in Sources */ = {isa = PBXBuildFile; fileRef = 6353C044171C457C0060F062 /* AFHTTPRequestOperation.m */; };
		6353C12A171C457D0060F062 /* AFHTTPRequestOperation.m in Sources */ = {isa = PBXBuildFile; fileRef = 6353C044171C457C0060F062 /* AFHTTPRequestOperation.m */; };
		6353C12B171C457D0060F062 /* AFImageRequestOperation.m in Sources */ = {isa = PBXBuildFile; fileRef = 6353C046171C457C0060F062 /* AFImageRequestOperation.m */; };
		6353C12C171C457D0060F062 /* AFImageRequestOperation.m in Sources */ = {isa = PBXBuildFile; fileRef = 6353C046171C457C0060F062 /* AFImageRequestOperation.m */; };
		6353C12D171C457D0060F062 /* AFJSONRequestOperation.m in Sources */ = {isa = PBXBuildFile; fileRef = 6353C048171C457C0060F062 /* AFJSONRequestOperation.m */; };
		6353C12E171C457D0060F062 /* AFJSONRequestOperation.m in Sources */ = {isa = PBXBuildFile; fileRef = 6353C048171C457C0060F062 /* AFJSONRequestOperation.m */; };
		6353C12F171C457D0060F062 /* AFNetworkActivityIndicatorManager.m in Sources */ = {isa = PBXBuildFile; fileRef = 6353C04A171C457C0060F062 /* AFNetworkActivityIndicatorManager.m */; };
		6353C130171C457D0060F062 /* AFNetworkActivityIndicatorManager.m in Sources */ = {isa = PBXBuildFile; fileRef = 6353C04A171C457C0060F062 /* AFNetworkActivityIndicatorManager.m */; };
		6353C131171C457D0060F062 /* AFPropertyListRequestOperation.m in Sources */ = {isa = PBXBuildFile; fileRef = 6353C04D171C457C0060F062 /* AFPropertyListRequestOperation.m */; };
		6353C132171C457D0060F062 /* AFPropertyListRequestOperation.m in Sources */ = {isa = PBXBuildFile; fileRef = 6353C04D171C457C0060F062 /* AFPropertyListRequestOperation.m */; };
		6353C133171C457D0060F062 /* AFURLConnectionOperation.m in Sources */ = {isa = PBXBuildFile; fileRef = 6353C04F171C457C0060F062 /* AFURLConnectionOperation.m */; };
		6353C134171C457D0060F062 /* AFURLConnectionOperation.m in Sources */ = {isa = PBXBuildFile; fileRef = 6353C04F171C457C0060F062 /* AFURLConnectionOperation.m */; };
		6353C135171C457D0060F062 /* AFXMLRequestOperation.m in Sources */ = {isa = PBXBuildFile; fileRef = 6353C051171C457C0060F062 /* AFXMLRequestOperation.m */; };
		6353C136171C457D0060F062 /* AFXMLRequestOperation.m in Sources */ = {isa = PBXBuildFile; fileRef = 6353C051171C457C0060F062 /* AFXMLRequestOperation.m */; };
		6353C137171C457D0060F062 /* UIImageView+AFNetworking.m in Sources */ = {isa = PBXBuildFile; fileRef = 6353C053171C457C0060F062 /* UIImageView+AFNetworking.m */; };
		6353C138171C457D0060F062 /* UIImageView+AFNetworking.m in Sources */ = {isa = PBXBuildFile; fileRef = 6353C053171C457C0060F062 /* UIImageView+AFNetworking.m */; };
		6353C139171C457D0060F062 /* AFNetworking.podspec in Resources */ = {isa = PBXBuildFile; fileRef = 6353C054171C457C0060F062 /* AFNetworking.podspec */; };
		6353C13A171C457D0060F062 /* AFNetworking.podspec in Resources */ = {isa = PBXBuildFile; fileRef = 6353C054171C457C0060F062 /* AFNetworking.podspec */; };
		6353C221171C457D0060F062 /* SWRevealViewController.m in Sources */ = {isa = PBXBuildFile; fileRef = 6353C119171C457D0060F062 /* SWRevealViewController.m */; };
		6353C222171C457D0060F062 /* SWRevealViewController.m in Sources */ = {isa = PBXBuildFile; fileRef = 6353C119171C457D0060F062 /* SWRevealViewController.m */; };
		6353C22F171C457D0060F062 /* TTTAttributedLabel.m in Sources */ = {isa = PBXBuildFile; fileRef = 6353C124171C457D0060F062 /* TTTAttributedLabel.m */; };
		6353C230171C457D0060F062 /* TTTAttributedLabel.m in Sources */ = {isa = PBXBuildFile; fileRef = 6353C124171C457D0060F062 /* TTTAttributedLabel.m */; };
		6353C244171C46740060F062 /* CoreText.framework in Frameworks */ = {isa = PBXBuildFile; fileRef = 6353C243171C46740060F062 /* CoreText.framework */; };
		6353C246171C46780060F062 /* QuartzCore.framework in Frameworks */ = {isa = PBXBuildFile; fileRef = 6353C245171C46780060F062 /* QuartzCore.framework */; };
		6353C248171C468C0060F062 /* Twitter.framework in Frameworks */ = {isa = PBXBuildFile; fileRef = 6353C247171C468C0060F062 /* Twitter.framework */; };
		6353C24A171C46930060F062 /* Social.framework in Frameworks */ = {isa = PBXBuildFile; fileRef = 6353C249171C46930060F062 /* Social.framework */; };
		6354849F171C2FA7003457CB /* UIKit.framework in Frameworks */ = {isa = PBXBuildFile; fileRef = 6354849E171C2FA7003457CB /* UIKit.framework */; };
		635484A1171C2FA7003457CB /* Foundation.framework in Frameworks */ = {isa = PBXBuildFile; fileRef = 635484A0171C2FA7003457CB /* Foundation.framework */; };
		635484A3171C2FA7003457CB /* CoreGraphics.framework in Frameworks */ = {isa = PBXBuildFile; fileRef = 635484A2171C2FA7003457CB /* CoreGraphics.framework */; };
		635484A5171C2FA7003457CB /* CoreData.framework in Frameworks */ = {isa = PBXBuildFile; fileRef = 635484A4171C2FA7003457CB /* CoreData.framework */; };
		635484AB171C2FA7003457CB /* InfoPlist.strings in Resources */ = {isa = PBXBuildFile; fileRef = 635484A9171C2FA7003457CB /* InfoPlist.strings */; };
		635484AD171C2FA7003457CB /* main.m in Sources */ = {isa = PBXBuildFile; fileRef = 635484AC171C2FA7003457CB /* main.m */; };
		635484B1171C2FA7003457CB /* AniListAppDelegate.m in Sources */ = {isa = PBXBuildFile; fileRef = 635484B0171C2FA7003457CB /* AniListAppDelegate.m */; };
		635484B3171C2FA7003457CB /* Default.png in Resources */ = {isa = PBXBuildFile; fileRef = 635484B2171C2FA7003457CB /* Default.png */; };
		635484B5171C2FA7003457CB /* Default@2x.png in Resources */ = {isa = PBXBuildFile; fileRef = 635484B4171C2FA7003457CB /* Default@2x.png */; };
		635484B7171C2FA7003457CB /* Default-568h@2x.png in Resources */ = {isa = PBXBuildFile; fileRef = 635484B6171C2FA7003457CB /* Default-568h@2x.png */; };
		635484BA171C2FA7003457CB /* AniList_1.0.xcdatamodeld in Sources */ = {isa = PBXBuildFile; fileRef = 635484B8171C2FA7003457CB /* AniList_1.0.xcdatamodeld */; };
		635484C2171C2FA7003457CB /* SenTestingKit.framework in Frameworks */ = {isa = PBXBuildFile; fileRef = 635484C1171C2FA7003457CB /* SenTestingKit.framework */; };
		635484C3171C2FA7003457CB /* UIKit.framework in Frameworks */ = {isa = PBXBuildFile; fileRef = 6354849E171C2FA7003457CB /* UIKit.framework */; };
		635484C4171C2FA7003457CB /* Foundation.framework in Frameworks */ = {isa = PBXBuildFile; fileRef = 635484A0171C2FA7003457CB /* Foundation.framework */; };
		635484C5171C2FA7003457CB /* CoreData.framework in Frameworks */ = {isa = PBXBuildFile; fileRef = 635484A4171C2FA7003457CB /* CoreData.framework */; };
		635484CD171C2FA7003457CB /* InfoPlist.strings in Resources */ = {isa = PBXBuildFile; fileRef = 635484CB171C2FA7003457CB /* InfoPlist.strings */; };
		635484D0171C2FA7003457CB /* AniListTests.m in Sources */ = {isa = PBXBuildFile; fileRef = 635484CF171C2FA7003457CB /* AniListTests.m */; };
		63922CED171D82C800D41BCE /* spacepyro.jpg in Resources */ = {isa = PBXBuildFile; fileRef = 63922CEC171D82C800D41BCE /* spacepyro.jpg */; };
/* End PBXBuildFile section */

/* Begin PBXContainerItemProxy section */
		635484C6171C2FA7003457CB /* PBXContainerItemProxy */ = {
			isa = PBXContainerItemProxy;
			containerPortal = 63548493171C2FA7003457CB /* Project object */;
			proxyType = 1;
			remoteGlobalIDString = 6354849A171C2FA7003457CB;
			remoteInfo = AniList;
		};
/* End PBXContainerItemProxy section */

/* Begin PBXFileReference section */
		632F435F171CD65D00A5B43A /* SystemConfiguration.framework */ = {isa = PBXFileReference; lastKnownFileType = wrapper.framework; name = SystemConfiguration.framework; path = System/Library/Frameworks/SystemConfiguration.framework; sourceTree = SDKROOT; };
		632F4361171CD66200A5B43A /* MobileCoreServices.framework */ = {isa = PBXFileReference; lastKnownFileType = wrapper.framework; name = MobileCoreServices.framework; path = System/Library/Frameworks/MobileCoreServices.framework; sourceTree = SDKROOT; };
		632F4369171CD6FA00A5B43A /* MenuViewController.h */ = {isa = PBXFileReference; fileEncoding = 4; lastKnownFileType = sourcecode.c.h; path = MenuViewController.h; sourceTree = "<group>"; };
		632F436A171CD6FA00A5B43A /* MenuViewController.m */ = {isa = PBXFileReference; fileEncoding = 4; lastKnownFileType = sourcecode.c.objc; path = MenuViewController.m; sourceTree = "<group>"; };
		632F436B171CD6FA00A5B43A /* MenuViewController.xib */ = {isa = PBXFileReference; fileEncoding = 4; lastKnownFileType = file.xib; path = MenuViewController.xib; sourceTree = "<group>"; };
		632F436E171CD72F00A5B43A /* ProfileCell.h */ = {isa = PBXFileReference; fileEncoding = 4; lastKnownFileType = sourcecode.c.h; name = ProfileCell.h; path = AniList/Views/ProfileCell.h; sourceTree = SOURCE_ROOT; };
		632F436F171CD72F00A5B43A /* ProfileCell.m */ = {isa = PBXFileReference; fileEncoding = 4; lastKnownFileType = sourcecode.c.objc; name = ProfileCell.m; path = AniList/Views/ProfileCell.m; sourceTree = SOURCE_ROOT; };
		632F4371171CD74400A5B43A /* ProfileCell.xib */ = {isa = PBXFileReference; fileEncoding = 4; lastKnownFileType = file.xib; name = ProfileCell.xib; path = AniList/Views/ProfileCell.xib; sourceTree = SOURCE_ROOT; };
		632F437F171CD9C900A5B43A /* MenuCell.h */ = {isa = PBXFileReference; fileEncoding = 4; lastKnownFileType = sourcecode.c.h; name = MenuCell.h; path = Views/MenuCell.h; sourceTree = "<group>"; };
		632F4380171CD9C900A5B43A /* MenuCell.m */ = {isa = PBXFileReference; fileEncoding = 4; lastKnownFileType = sourcecode.c.objc; name = MenuCell.m; path = Views/MenuCell.m; sourceTree = "<group>"; };
		632F4382171CD9E100A5B43A /* AniListCell.h */ = {isa = PBXFileReference; fileEncoding = 4; lastKnownFileType = sourcecode.c.h; name = AniListCell.h; path = Views/AniListCell.h; sourceTree = "<group>"; };
		632F4383171CD9E100A5B43A /* AniListCell.m */ = {isa = PBXFileReference; fileEncoding = 4; lastKnownFileType = sourcecode.c.objc; name = AniListCell.m; path = Views/AniListCell.m; sourceTree = "<group>"; };
		632F4388171CDA0000A5B43A /* AnimeCell.h */ = {isa = PBXFileReference; fileEncoding = 4; lastKnownFileType = sourcecode.c.h; name = AnimeCell.h; path = Views/AnimeCell.h; sourceTree = "<group>"; };
		632F4389171CDA0000A5B43A /* AnimeCell.m */ = {isa = PBXFileReference; fileEncoding = 4; lastKnownFileType = sourcecode.c.objc; name = AnimeCell.m; path = Views/AnimeCell.m; sourceTree = "<group>"; };
		632F438B171CDA0E00A5B43A /* MangaCell.h */ = {isa = PBXFileReference; fileEncoding = 4; lastKnownFileType = sourcecode.c.h; name = MangaCell.h; path = Views/MangaCell.h; sourceTree = "<group>"; };
		632F438C171CDA0E00A5B43A /* MangaCell.m */ = {isa = PBXFileReference; fileEncoding = 4; lastKnownFileType = sourcecode.c.objc; name = MangaCell.m; path = Views/MangaCell.m; sourceTree = "<group>"; };
		632F4394171CDC7600A5B43A /* hamburger.png */ = {isa = PBXFileReference; lastKnownFileType = image.png; name = hamburger.png; path = Images/Icons/hamburger.png; sourceTree = "<group>"; };
		632F4395171CDC7600A5B43A /* hamburger@2x.png */ = {isa = PBXFileReference; lastKnownFileType = image.png; name = "hamburger@2x.png"; path = "Images/Icons/hamburger@2x.png"; sourceTree = "<group>"; };
		632F4398171CDDEA00A5B43A /* AniListViewController.h */ = {isa = PBXFileReference; fileEncoding = 4; lastKnownFileType = sourcecode.c.h; path = AniListViewController.h; sourceTree = "<group>"; };
		632F4399171CDDEA00A5B43A /* AniListViewController.m */ = {isa = PBXFileReference; fileEncoding = 4; lastKnownFileType = sourcecode.c.objc; path = AniListViewController.m; sourceTree = "<group>"; };
		632F439A171CDDEB00A5B43A /* AniListViewController.xib */ = {isa = PBXFileReference; fileEncoding = 4; lastKnownFileType = file.xib; path = AniListViewController.xib; sourceTree = "<group>"; };
		632F439F171CDE2100A5B43A /* AniListTableView.h */ = {isa = PBXFileReference; fileEncoding = 4; lastKnownFileType = sourcecode.c.h; name = AniListTableView.h; path = "Views/Table Views/AniListTableView.h"; sourceTree = "<group>"; };
		632F43A0171CDE2100A5B43A /* AniListTableView.m */ = {isa = PBXFileReference; fileEncoding = 4; lastKnownFileType = sourcecode.c.objc; name = AniListTableView.m; path = "Views/Table Views/AniListTableView.m"; sourceTree = "<group>"; };
		632F43A2171CDE2F00A5B43A /* AnimeTableView.h */ = {isa = PBXFileReference; fileEncoding = 4; lastKnownFileType = sourcecode.c.h; name = AnimeTableView.h; path = "Views/Table Views/AnimeTableView.h"; sourceTree = "<group>"; };
		632F43A3171CDE2F00A5B43A /* AnimeTableView.m */ = {isa = PBXFileReference; fileEncoding = 4; lastKnownFileType = sourcecode.c.objc; name = AnimeTableView.m; path = "Views/Table Views/AnimeTableView.m"; sourceTree = "<group>"; };
		632F43A5171CDE3900A5B43A /* MangaTableView.h */ = {isa = PBXFileReference; fileEncoding = 4; lastKnownFileType = sourcecode.c.h; name = MangaTableView.h; path = Views/MangaTableView.h; sourceTree = "<group>"; };
		632F43A6171CDE3900A5B43A /* MangaTableView.m */ = {isa = PBXFileReference; fileEncoding = 4; lastKnownFileType = sourcecode.c.objc; name = MangaTableView.m; path = Views/MangaTableView.m; sourceTree = "<group>"; };
		632F43A9171D7DF100A5B43A /* AnimeListViewController.h */ = {isa = PBXFileReference; fileEncoding = 4; lastKnownFileType = sourcecode.c.h; path = AnimeListViewController.h; sourceTree = "<group>"; };
		632F43AA171D7DF100A5B43A /* AnimeListViewController.m */ = {isa = PBXFileReference; fileEncoding = 4; lastKnownFileType = sourcecode.c.objc; path = AnimeListViewController.m; sourceTree = "<group>"; };
		632F43AC171D7DFB00A5B43A /* MangaListViewController.h */ = {isa = PBXFileReference; fileEncoding = 4; lastKnownFileType = sourcecode.c.h; path = MangaListViewController.h; sourceTree = "<group>"; };
		632F43AD171D7DFB00A5B43A /* MangaListViewController.m */ = {isa = PBXFileReference; fileEncoding = 4; lastKnownFileType = sourcecode.c.objc; path = MangaListViewController.m; sourceTree = "<group>"; };
		63502793171E4D430004C106 /* bg.png */ = {isa = PBXFileReference; lastKnownFileType = image.png; path = bg.png; sourceTree = "<group>"; };
		63502797171E4D760004C106 /* bg@2x.png */ = {isa = PBXFileReference; lastKnownFileType = image.png; path = "bg@2x.png"; sourceTree = "<group>"; };
		6350279A171E4EA20004C106 /* UIFont+AniList.h */ = {isa = PBXFileReference; fileEncoding = 4; lastKnownFileType = sourcecode.c.h; name = "UIFont+AniList.h"; path = "Categories/UIFont+AniList.h"; sourceTree = "<group>"; };
		6350279B171E4EA20004C106 /* UIFont+AniList.m */ = {isa = PBXFileReference; fileEncoding = 4; lastKnownFileType = sourcecode.c.objc; name = "UIFont+AniList.m"; path = "Categories/UIFont+AniList.m"; sourceTree = "<group>"; };
		6350279D171E51450004C106 /* AnimeViewController.h */ = {isa = PBXFileReference; fileEncoding = 4; lastKnownFileType = sourcecode.c.h; path = AnimeViewController.h; sourceTree = "<group>"; };
		6350279E171E51450004C106 /* AnimeViewController.m */ = {isa = PBXFileReference; fileEncoding = 4; lastKnownFileType = sourcecode.c.objc; path = AnimeViewController.m; sourceTree = "<group>"; };
		6350279F171E51450004C106 /* AnimeViewController.xib */ = {isa = PBXFileReference; fileEncoding = 4; lastKnownFileType = file.xib; path = AnimeViewController.xib; sourceTree = "<group>"; };
		635027A2171E53550004C106 /* 24646.jpg */ = {isa = PBXFileReference; lastKnownFileType = image.jpeg; name = 24646.jpg; path = Images/Placeholders/24646.jpg; sourceTree = "<group>"; };
		635027A4171E58CC0004C106 /* action.png */ = {isa = PBXFileReference; lastKnownFileType = image.png; name = action.png; path = Images/Icons/action.png; sourceTree = "<group>"; };
		635027A5171E58CC0004C106 /* action@2x.png */ = {isa = PBXFileReference; lastKnownFileType = image.png; name = "action@2x.png"; path = "Images/Icons/action@2x.png"; sourceTree = "<group>"; };
		635027A6171E58CC0004C106 /* back_arrow.png */ = {isa = PBXFileReference; lastKnownFileType = image.png; name = back_arrow.png; path = Images/Icons/back_arrow.png; sourceTree = "<group>"; };
		635027A7171E58CC0004C106 /* back_arrow@2x.png */ = {isa = PBXFileReference; lastKnownFileType = image.png; name = "back_arrow@2x.png"; path = "Images/Icons/back_arrow@2x.png"; sourceTree = "<group>"; };
		635027AC171E601E0004C106 /* AnimeCell.xib */ = {isa = PBXFileReference; fileEncoding = 4; lastKnownFileType = file.xib; name = AnimeCell.xib; path = Views/AnimeCell.xib; sourceTree = "<group>"; };
		635027AF171ECEA00004C106 /* Status.h */ = {isa = PBXFileReference; fileEncoding = 4; lastKnownFileType = sourcecode.c.h; name = Status.h; path = Headers/Status.h; sourceTree = "<group>"; };
		635027B8171ED41A0004C106 /* AnimeService.h */ = {isa = PBXFileReference; fileEncoding = 4; lastKnownFileType = sourcecode.c.h; name = AnimeService.h; path = "Core Data/AnimeService.h"; sourceTree = "<group>"; };
		635027B9171ED41A0004C106 /* AnimeService.m */ = {isa = PBXFileReference; fileEncoding = 4; lastKnownFileType = sourcecode.c.objc; name = AnimeService.m; path = "Core Data/AnimeService.m"; sourceTree = "<group>"; };
		635027BB171ED60A0004C106 /* Anime.h */ = {isa = PBXFileReference; fileEncoding = 4; lastKnownFileType = sourcecode.c.h; name = Anime.h; path = "Core Data/Anime.h"; sourceTree = "<group>"; };
		635027BC171ED60A0004C106 /* Anime.m */ = {isa = PBXFileReference; fileEncoding = 4; lastKnownFileType = sourcecode.c.objc; name = Anime.m; path = "Core Data/Anime.m"; sourceTree = "<group>"; };
		6353C03B171C43680060F062 /* Crashlytics.framework */ = {isa = PBXFileReference; lastKnownFileType = wrapper.framework; path = Crashlytics.framework; sourceTree = "<group>"; };
		6353C041171C457C0060F062 /* AFHTTPClient.h */ = {isa = PBXFileReference; fileEncoding = 4; lastKnownFileType = sourcecode.c.h; path = AFHTTPClient.h; sourceTree = "<group>"; };
		6353C042171C457C0060F062 /* AFHTTPClient.m */ = {isa = PBXFileReference; fileEncoding = 4; lastKnownFileType = sourcecode.c.objc; path = AFHTTPClient.m; sourceTree = "<group>"; };
		6353C043171C457C0060F062 /* AFHTTPRequestOperation.h */ = {isa = PBXFileReference; fileEncoding = 4; lastKnownFileType = sourcecode.c.h; path = AFHTTPRequestOperation.h; sourceTree = "<group>"; };
		6353C044171C457C0060F062 /* AFHTTPRequestOperation.m */ = {isa = PBXFileReference; fileEncoding = 4; lastKnownFileType = sourcecode.c.objc; path = AFHTTPRequestOperation.m; sourceTree = "<group>"; };
		6353C045171C457C0060F062 /* AFImageRequestOperation.h */ = {isa = PBXFileReference; fileEncoding = 4; lastKnownFileType = sourcecode.c.h; path = AFImageRequestOperation.h; sourceTree = "<group>"; };
		6353C046171C457C0060F062 /* AFImageRequestOperation.m */ = {isa = PBXFileReference; fileEncoding = 4; lastKnownFileType = sourcecode.c.objc; path = AFImageRequestOperation.m; sourceTree = "<group>"; };
		6353C047171C457C0060F062 /* AFJSONRequestOperation.h */ = {isa = PBXFileReference; fileEncoding = 4; lastKnownFileType = sourcecode.c.h; path = AFJSONRequestOperation.h; sourceTree = "<group>"; };
		6353C048171C457C0060F062 /* AFJSONRequestOperation.m */ = {isa = PBXFileReference; fileEncoding = 4; lastKnownFileType = sourcecode.c.objc; path = AFJSONRequestOperation.m; sourceTree = "<group>"; };
		6353C049171C457C0060F062 /* AFNetworkActivityIndicatorManager.h */ = {isa = PBXFileReference; fileEncoding = 4; lastKnownFileType = sourcecode.c.h; path = AFNetworkActivityIndicatorManager.h; sourceTree = "<group>"; };
		6353C04A171C457C0060F062 /* AFNetworkActivityIndicatorManager.m */ = {isa = PBXFileReference; fileEncoding = 4; lastKnownFileType = sourcecode.c.objc; path = AFNetworkActivityIndicatorManager.m; sourceTree = "<group>"; };
		6353C04B171C457C0060F062 /* AFNetworking.h */ = {isa = PBXFileReference; fileEncoding = 4; lastKnownFileType = sourcecode.c.h; path = AFNetworking.h; sourceTree = "<group>"; };
		6353C04C171C457C0060F062 /* AFPropertyListRequestOperation.h */ = {isa = PBXFileReference; fileEncoding = 4; lastKnownFileType = sourcecode.c.h; path = AFPropertyListRequestOperation.h; sourceTree = "<group>"; };
		6353C04D171C457C0060F062 /* AFPropertyListRequestOperation.m */ = {isa = PBXFileReference; fileEncoding = 4; lastKnownFileType = sourcecode.c.objc; path = AFPropertyListRequestOperation.m; sourceTree = "<group>"; };
		6353C04E171C457C0060F062 /* AFURLConnectionOperation.h */ = {isa = PBXFileReference; fileEncoding = 4; lastKnownFileType = sourcecode.c.h; path = AFURLConnectionOperation.h; sourceTree = "<group>"; };
		6353C04F171C457C0060F062 /* AFURLConnectionOperation.m */ = {isa = PBXFileReference; fileEncoding = 4; lastKnownFileType = sourcecode.c.objc; path = AFURLConnectionOperation.m; sourceTree = "<group>"; };
		6353C050171C457C0060F062 /* AFXMLRequestOperation.h */ = {isa = PBXFileReference; fileEncoding = 4; lastKnownFileType = sourcecode.c.h; path = AFXMLRequestOperation.h; sourceTree = "<group>"; };
		6353C051171C457C0060F062 /* AFXMLRequestOperation.m */ = {isa = PBXFileReference; fileEncoding = 4; lastKnownFileType = sourcecode.c.objc; path = AFXMLRequestOperation.m; sourceTree = "<group>"; };
		6353C052171C457C0060F062 /* UIImageView+AFNetworking.h */ = {isa = PBXFileReference; fileEncoding = 4; lastKnownFileType = sourcecode.c.h; path = "UIImageView+AFNetworking.h"; sourceTree = "<group>"; };
		6353C053171C457C0060F062 /* UIImageView+AFNetworking.m */ = {isa = PBXFileReference; fileEncoding = 4; lastKnownFileType = sourcecode.c.objc; path = "UIImageView+AFNetworking.m"; sourceTree = "<group>"; };
		6353C054171C457C0060F062 /* AFNetworking.podspec */ = {isa = PBXFileReference; fileEncoding = 4; lastKnownFileType = text; path = AFNetworking.podspec; sourceTree = "<group>"; };
		6353C118171C457D0060F062 /* SWRevealViewController.h */ = {isa = PBXFileReference; fileEncoding = 4; lastKnownFileType = sourcecode.c.h; name = SWRevealViewController.h; path = SWRevealViewController/SWRevealViewController.h; sourceTree = "<group>"; };
		6353C119171C457D0060F062 /* SWRevealViewController.m */ = {isa = PBXFileReference; fileEncoding = 4; lastKnownFileType = sourcecode.c.objc; name = SWRevealViewController.m; path = SWRevealViewController/SWRevealViewController.m; sourceTree = "<group>"; };
		6353C123171C457D0060F062 /* TTTAttributedLabel.h */ = {isa = PBXFileReference; fileEncoding = 4; lastKnownFileType = sourcecode.c.h; path = TTTAttributedLabel.h; sourceTree = "<group>"; };
		6353C124171C457D0060F062 /* TTTAttributedLabel.m */ = {isa = PBXFileReference; fileEncoding = 4; lastKnownFileType = sourcecode.c.objc; path = TTTAttributedLabel.m; sourceTree = "<group>"; };
		6353C243171C46740060F062 /* CoreText.framework */ = {isa = PBXFileReference; lastKnownFileType = wrapper.framework; name = CoreText.framework; path = System/Library/Frameworks/CoreText.framework; sourceTree = SDKROOT; };
		6353C245171C46780060F062 /* QuartzCore.framework */ = {isa = PBXFileReference; lastKnownFileType = wrapper.framework; name = QuartzCore.framework; path = System/Library/Frameworks/QuartzCore.framework; sourceTree = SDKROOT; };
		6353C247171C468C0060F062 /* Twitter.framework */ = {isa = PBXFileReference; lastKnownFileType = wrapper.framework; name = Twitter.framework; path = System/Library/Frameworks/Twitter.framework; sourceTree = SDKROOT; };
		6353C249171C46930060F062 /* Social.framework */ = {isa = PBXFileReference; lastKnownFileType = wrapper.framework; name = Social.framework; path = System/Library/Frameworks/Social.framework; sourceTree = SDKROOT; };
		6354849B171C2FA7003457CB /* AniList.app */ = {isa = PBXFileReference; explicitFileType = wrapper.application; includeInIndex = 0; path = AniList.app; sourceTree = BUILT_PRODUCTS_DIR; };
		6354849E171C2FA7003457CB /* UIKit.framework */ = {isa = PBXFileReference; lastKnownFileType = wrapper.framework; name = UIKit.framework; path = System/Library/Frameworks/UIKit.framework; sourceTree = SDKROOT; };
		635484A0171C2FA7003457CB /* Foundation.framework */ = {isa = PBXFileReference; lastKnownFileType = wrapper.framework; name = Foundation.framework; path = System/Library/Frameworks/Foundation.framework; sourceTree = SDKROOT; };
		635484A2171C2FA7003457CB /* CoreGraphics.framework */ = {isa = PBXFileReference; lastKnownFileType = wrapper.framework; name = CoreGraphics.framework; path = System/Library/Frameworks/CoreGraphics.framework; sourceTree = SDKROOT; };
		635484A4171C2FA7003457CB /* CoreData.framework */ = {isa = PBXFileReference; lastKnownFileType = wrapper.framework; name = CoreData.framework; path = System/Library/Frameworks/CoreData.framework; sourceTree = SDKROOT; };
		635484A8171C2FA7003457CB /* AniList-Info.plist */ = {isa = PBXFileReference; lastKnownFileType = text.plist.xml; path = "AniList-Info.plist"; sourceTree = "<group>"; };
		635484AA171C2FA7003457CB /* en */ = {isa = PBXFileReference; lastKnownFileType = text.plist.strings; name = en; path = en.lproj/InfoPlist.strings; sourceTree = "<group>"; };
		635484AC171C2FA7003457CB /* main.m */ = {isa = PBXFileReference; lastKnownFileType = sourcecode.c.objc; path = main.m; sourceTree = "<group>"; };
		635484AE171C2FA7003457CB /* AniList-Prefix.pch */ = {isa = PBXFileReference; lastKnownFileType = sourcecode.c.h; path = "AniList-Prefix.pch"; sourceTree = "<group>"; };
		635484AF171C2FA7003457CB /* AniListAppDelegate.h */ = {isa = PBXFileReference; lastKnownFileType = sourcecode.c.h; path = AniListAppDelegate.h; sourceTree = "<group>"; };
		635484B0171C2FA7003457CB /* AniListAppDelegate.m */ = {isa = PBXFileReference; lastKnownFileType = sourcecode.c.objc; path = AniListAppDelegate.m; sourceTree = "<group>"; };
		635484B2171C2FA7003457CB /* Default.png */ = {isa = PBXFileReference; lastKnownFileType = image.png; path = Default.png; sourceTree = "<group>"; };
		635484B4171C2FA7003457CB /* Default@2x.png */ = {isa = PBXFileReference; lastKnownFileType = image.png; path = "Default@2x.png"; sourceTree = "<group>"; };
		635484B6171C2FA7003457CB /* Default-568h@2x.png */ = {isa = PBXFileReference; lastKnownFileType = image.png; path = "Default-568h@2x.png"; sourceTree = "<group>"; };
		635484B9171C2FA7003457CB /* AniList_1.0.xcdatamodel */ = {isa = PBXFileReference; lastKnownFileType = wrapper.xcdatamodel; path = AniList_1.0.xcdatamodel; sourceTree = "<group>"; };
		635484C0171C2FA7003457CB /* AniListTests.octest */ = {isa = PBXFileReference; explicitFileType = wrapper.cfbundle; includeInIndex = 0; path = AniListTests.octest; sourceTree = BUILT_PRODUCTS_DIR; };
		635484C1171C2FA7003457CB /* SenTestingKit.framework */ = {isa = PBXFileReference; lastKnownFileType = wrapper.framework; name = SenTestingKit.framework; path = Library/Frameworks/SenTestingKit.framework; sourceTree = DEVELOPER_DIR; };
		635484CA171C2FA7003457CB /* AniListTests-Info.plist */ = {isa = PBXFileReference; lastKnownFileType = text.plist.xml; path = "AniListTests-Info.plist"; sourceTree = "<group>"; };
		635484CC171C2FA7003457CB /* en */ = {isa = PBXFileReference; lastKnownFileType = text.plist.strings; name = en; path = en.lproj/InfoPlist.strings; sourceTree = "<group>"; };
		635484CE171C2FA7003457CB /* AniListTests.h */ = {isa = PBXFileReference; lastKnownFileType = sourcecode.c.h; path = AniListTests.h; sourceTree = "<group>"; };
		635484CF171C2FA7003457CB /* AniListTests.m */ = {isa = PBXFileReference; lastKnownFileType = sourcecode.c.objc; path = AniListTests.m; sourceTree = "<group>"; };
		63922CEC171D82C800D41BCE /* spacepyro.jpg */ = {isa = PBXFileReference; lastKnownFileType = image.jpeg; name = spacepyro.jpg; path = Images/Placeholders/spacepyro.jpg; sourceTree = "<group>"; };
/* End PBXFileReference section */

/* Begin PBXFrameworksBuildPhase section */
		63548498171C2FA7003457CB /* Frameworks */ = {
			isa = PBXFrameworksBuildPhase;
			buildActionMask = 2147483647;
			files = (
				632F4362171CD66200A5B43A /* MobileCoreServices.framework in Frameworks */,
				632F4360171CD65D00A5B43A /* SystemConfiguration.framework in Frameworks */,
				6353C24A171C46930060F062 /* Social.framework in Frameworks */,
				6353C248171C468C0060F062 /* Twitter.framework in Frameworks */,
				6353C246171C46780060F062 /* QuartzCore.framework in Frameworks */,
				6353C244171C46740060F062 /* CoreText.framework in Frameworks */,
				6354849F171C2FA7003457CB /* UIKit.framework in Frameworks */,
				635484A1171C2FA7003457CB /* Foundation.framework in Frameworks */,
				635484A3171C2FA7003457CB /* CoreGraphics.framework in Frameworks */,
				635484A5171C2FA7003457CB /* CoreData.framework in Frameworks */,
				6353C03C171C43680060F062 /* Crashlytics.framework in Frameworks */,
			);
			runOnlyForDeploymentPostprocessing = 0;
		};
		635484BC171C2FA7003457CB /* Frameworks */ = {
			isa = PBXFrameworksBuildPhase;
			buildActionMask = 2147483647;
			files = (
				635484C2171C2FA7003457CB /* SenTestingKit.framework in Frameworks */,
				635484C3171C2FA7003457CB /* UIKit.framework in Frameworks */,
				635484C4171C2FA7003457CB /* Foundation.framework in Frameworks */,
				635484C5171C2FA7003457CB /* CoreData.framework in Frameworks */,
			);
			runOnlyForDeploymentPostprocessing = 0;
		};
/* End PBXFrameworksBuildPhase section */

/* Begin PBXGroup section */
		632F4368171CD6FA00A5B43A /* View Controllers */ = {
			isa = PBXGroup;
			children = (
				632F4369171CD6FA00A5B43A /* MenuViewController.h */,
				632F436A171CD6FA00A5B43A /* MenuViewController.m */,
				632F436B171CD6FA00A5B43A /* MenuViewController.xib */,
				632F4398171CDDEA00A5B43A /* AniListViewController.h */,
				632F4399171CDDEA00A5B43A /* AniListViewController.m */,
				632F439A171CDDEB00A5B43A /* AniListViewController.xib */,
				632F43A9171D7DF100A5B43A /* AnimeListViewController.h */,
				632F43AA171D7DF100A5B43A /* AnimeListViewController.m */,
				632F43AC171D7DFB00A5B43A /* MangaListViewController.h */,
				632F43AD171D7DFB00A5B43A /* MangaListViewController.m */,
				6350279D171E51450004C106 /* AnimeViewController.h */,
				6350279E171E51450004C106 /* AnimeViewController.m */,
				6350279F171E51450004C106 /* AnimeViewController.xib */,
			);
			path = "View Controllers";
			sourceTree = "<group>";
		};
		632F437E171CD9B100A5B43A /* Views */ = {
			isa = PBXGroup;
			children = (
				632F439E171CDE0300A5B43A /* Table Views */,
				632F439D171CDDFB00A5B43A /* Table Cells */,
			);
			name = Views;
			sourceTree = "<group>";
		};
		632F438E171CDA2700A5B43A /* Classes */ = {
			isa = PBXGroup;
			children = (
				63502799171E4E7C0004C106 /* Categories */,
				632F4390171CDA3000A5B43A /* Other */,
				632F438F171CDA2C00A5B43A /* Core Data */,
				635027AF171ECEA00004C106 /* Status.h */,
			);
			name = Classes;
			sourceTree = "<group>";
		};
		632F438F171CDA2C00A5B43A /* Core Data */ = {
			isa = PBXGroup;
			children = (
				635027B8171ED41A0004C106 /* AnimeService.h */,
				635027B9171ED41A0004C106 /* AnimeService.m */,
			);
			name = "Core Data";
			sourceTree = "<group>";
		};
		632F4390171CDA3000A5B43A /* Other */ = {
			isa = PBXGroup;
			children = (
			);
			name = Other;
			sourceTree = "<group>";
		};
		632F4391171CDC5D00A5B43A /* Resources */ = {
			isa = PBXGroup;
			children = (
				632F4393171CDC6500A5B43A /* Fonts */,
				632F4392171CDC6100A5B43A /* Assets */,
			);
			name = Resources;
			sourceTree = "<group>";
		};
		632F4392171CDC6100A5B43A /* Assets */ = {
			isa = PBXGroup;
			children = (
				635027A2171E53550004C106 /* 24646.jpg */,
				63502792171E4D430004C106 /* Background */,
				63922CEC171D82C800D41BCE /* spacepyro.jpg */,
				63922CEB171D82BB00D41BCE /* Icons */,
			);
			name = Assets;
			sourceTree = "<group>";
		};
		632F4393171CDC6500A5B43A /* Fonts */ = {
			isa = PBXGroup;
			children = (
			);
			name = Fonts;
			sourceTree = "<group>";
		};
		632F439D171CDDFB00A5B43A /* Table Cells */ = {
			isa = PBXGroup;
			children = (
				632F436E171CD72F00A5B43A /* ProfileCell.h */,
				632F436F171CD72F00A5B43A /* ProfileCell.m */,
				632F4371171CD74400A5B43A /* ProfileCell.xib */,
				632F437F171CD9C900A5B43A /* MenuCell.h */,
				632F4380171CD9C900A5B43A /* MenuCell.m */,
				632F4382171CD9E100A5B43A /* AniListCell.h */,
				632F4383171CD9E100A5B43A /* AniListCell.m */,
				632F4388171CDA0000A5B43A /* AnimeCell.h */,
				632F4389171CDA0000A5B43A /* AnimeCell.m */,
				635027AC171E601E0004C106 /* AnimeCell.xib */,
				632F438B171CDA0E00A5B43A /* MangaCell.h */,
				632F438C171CDA0E00A5B43A /* MangaCell.m */,
			);
			name = "Table Cells";
			sourceTree = "<group>";
		};
		632F439E171CDE0300A5B43A /* Table Views */ = {
			isa = PBXGroup;
			children = (
				632F439F171CDE2100A5B43A /* AniListTableView.h */,
				632F43A0171CDE2100A5B43A /* AniListTableView.m */,
				632F43A2171CDE2F00A5B43A /* AnimeTableView.h */,
				632F43A3171CDE2F00A5B43A /* AnimeTableView.m */,
				632F43A5171CDE3900A5B43A /* MangaTableView.h */,
				632F43A6171CDE3900A5B43A /* MangaTableView.m */,
			);
			name = "Table Views";
			sourceTree = "<group>";
		};
		63502792171E4D430004C106 /* Background */ = {
			isa = PBXGroup;
			children = (
				63502797171E4D760004C106 /* bg@2x.png */,
				63502793171E4D430004C106 /* bg.png */,
			);
			name = Background;
			path = Images/Background;
			sourceTree = "<group>";
		};
		63502799171E4E7C0004C106 /* Categories */ = {
			isa = PBXGroup;
			children = (
				6350279A171E4EA20004C106 /* UIFont+AniList.h */,
				6350279B171E4EA20004C106 /* UIFont+AniList.m */,
			);
			name = Categories;
			sourceTree = "<group>";
		};
		6353C03D171C457C0060F062 /* Libraries */ = {
			isa = PBXGroup;
			children = (
				6353C03E171C457C0060F062 /* AFNetworking */,
				6353C080171C457C0060F062 /* SWRevealViewController */,
				6353C122171C457D0060F062 /* TTTAttributedLabel */,
			);
			name = Libraries;
			path = AniList/Libraries;
			sourceTree = "<group>";
		};
		6353C03E171C457C0060F062 /* AFNetworking */ = {
			isa = PBXGroup;
			children = (
				6353C040171C457C0060F062 /* AFNetworking */,
				6353C054171C457C0060F062 /* AFNetworking.podspec */,
			);
			path = AFNetworking;
			sourceTree = "<group>";
		};
		6353C040171C457C0060F062 /* AFNetworking */ = {
			isa = PBXGroup;
			children = (
				6353C041171C457C0060F062 /* AFHTTPClient.h */,
				6353C042171C457C0060F062 /* AFHTTPClient.m */,
				6353C043171C457C0060F062 /* AFHTTPRequestOperation.h */,
				6353C044171C457C0060F062 /* AFHTTPRequestOperation.m */,
				6353C045171C457C0060F062 /* AFImageRequestOperation.h */,
				6353C046171C457C0060F062 /* AFImageRequestOperation.m */,
				6353C047171C457C0060F062 /* AFJSONRequestOperation.h */,
				6353C048171C457C0060F062 /* AFJSONRequestOperation.m */,
				6353C049171C457C0060F062 /* AFNetworkActivityIndicatorManager.h */,
				6353C04A171C457C0060F062 /* AFNetworkActivityIndicatorManager.m */,
				6353C04B171C457C0060F062 /* AFNetworking.h */,
				6353C04C171C457C0060F062 /* AFPropertyListRequestOperation.h */,
				6353C04D171C457C0060F062 /* AFPropertyListRequestOperation.m */,
				6353C04E171C457C0060F062 /* AFURLConnectionOperation.h */,
				6353C04F171C457C0060F062 /* AFURLConnectionOperation.m */,
				6353C050171C457C0060F062 /* AFXMLRequestOperation.h */,
				6353C051171C457C0060F062 /* AFXMLRequestOperation.m */,
				6353C052171C457C0060F062 /* UIImageView+AFNetworking.h */,
				6353C053171C457C0060F062 /* UIImageView+AFNetworking.m */,
			);
			path = AFNetworking;
			sourceTree = "<group>";
		};
		6353C080171C457C0060F062 /* SWRevealViewController */ = {
			isa = PBXGroup;
			children = (
				6353C118171C457D0060F062 /* SWRevealViewController.h */,
				6353C119171C457D0060F062 /* SWRevealViewController.m */,
			);
			path = SWRevealViewController;
			sourceTree = "<group>";
		};
		6353C122171C457D0060F062 /* TTTAttributedLabel */ = {
			isa = PBXGroup;
			children = (
				6353C123171C457D0060F062 /* TTTAttributedLabel.h */,
				6353C124171C457D0060F062 /* TTTAttributedLabel.m */,
			);
			path = TTTAttributedLabel;
			sourceTree = "<group>";
		};
		63548492171C2FA7003457CB = {
			isa = PBXGroup;
			children = (
				635484A6171C2FA7003457CB /* AniList */,
				635484C8171C2FA7003457CB /* AniListTests */,
				6353C03D171C457C0060F062 /* Libraries */,
				6354849D171C2FA7003457CB /* Frameworks */,
				6354849C171C2FA7003457CB /* Products */,
			);
			sourceTree = "<group>";
		};
		6354849C171C2FA7003457CB /* Products */ = {
			isa = PBXGroup;
			children = (
				6354849B171C2FA7003457CB /* AniList.app */,
				635484C0171C2FA7003457CB /* AniListTests.octest */,
			);
			name = Products;
			sourceTree = "<group>";
		};
		6354849D171C2FA7003457CB /* Frameworks */ = {
			isa = PBXGroup;
			children = (
				632F4361171CD66200A5B43A /* MobileCoreServices.framework */,
				632F435F171CD65D00A5B43A /* SystemConfiguration.framework */,
				6353C249171C46930060F062 /* Social.framework */,
				6353C247171C468C0060F062 /* Twitter.framework */,
				6353C245171C46780060F062 /* QuartzCore.framework */,
				6353C243171C46740060F062 /* CoreText.framework */,
				6353C03B171C43680060F062 /* Crashlytics.framework */,
				6354849E171C2FA7003457CB /* UIKit.framework */,
				635484A0171C2FA7003457CB /* Foundation.framework */,
				635484A2171C2FA7003457CB /* CoreGraphics.framework */,
				635484A4171C2FA7003457CB /* CoreData.framework */,
				635484C1171C2FA7003457CB /* SenTestingKit.framework */,
			);
			name = Frameworks;
			sourceTree = "<group>";
		};
		635484A6171C2FA7003457CB /* AniList */ = {
			isa = PBXGroup;
			children = (
				632F4391171CDC5D00A5B43A /* Resources */,
				632F438E171CDA2700A5B43A /* Classes */,
				632F437E171CD9B100A5B43A /* Views */,
				632F4368171CD6FA00A5B43A /* View Controllers */,
				635484AF171C2FA7003457CB /* AniListAppDelegate.h */,
				635484B0171C2FA7003457CB /* AniListAppDelegate.m */,
				635027BB171ED60A0004C106 /* Anime.h */,
				635027BC171ED60A0004C106 /* Anime.m */,
				635484B8171C2FA7003457CB /* AniList_1.0.xcdatamodeld */,
				635484A7171C2FA7003457CB /* Supporting Files */,
			);
			path = AniList;
			sourceTree = "<group>";
		};
		635484A7171C2FA7003457CB /* Supporting Files */ = {
			isa = PBXGroup;
			children = (
				635484A8171C2FA7003457CB /* AniList-Info.plist */,
				635484A9171C2FA7003457CB /* InfoPlist.strings */,
				635484AC171C2FA7003457CB /* main.m */,
				635484AE171C2FA7003457CB /* AniList-Prefix.pch */,
				635484B2171C2FA7003457CB /* Default.png */,
				635484B4171C2FA7003457CB /* Default@2x.png */,
				635484B6171C2FA7003457CB /* Default-568h@2x.png */,
			);
			name = "Supporting Files";
			sourceTree = "<group>";
		};
		635484C8171C2FA7003457CB /* AniListTests */ = {
			isa = PBXGroup;
			children = (
				635484CE171C2FA7003457CB /* AniListTests.h */,
				635484CF171C2FA7003457CB /* AniListTests.m */,
				635484C9171C2FA7003457CB /* Supporting Files */,
			);
			path = AniListTests;
			sourceTree = "<group>";
		};
		635484C9171C2FA7003457CB /* Supporting Files */ = {
			isa = PBXGroup;
			children = (
				635484CA171C2FA7003457CB /* AniListTests-Info.plist */,
				635484CB171C2FA7003457CB /* InfoPlist.strings */,
			);
			name = "Supporting Files";
			sourceTree = "<group>";
		};
		63922CEB171D82BB00D41BCE /* Icons */ = {
			isa = PBXGroup;
			children = (
				635027A4171E58CC0004C106 /* action.png */,
				635027A5171E58CC0004C106 /* action@2x.png */,
				635027A6171E58CC0004C106 /* back_arrow.png */,
				635027A7171E58CC0004C106 /* back_arrow@2x.png */,
				632F4394171CDC7600A5B43A /* hamburger.png */,
				632F4395171CDC7600A5B43A /* hamburger@2x.png */,
			);
			name = Icons;
			sourceTree = "<group>";
		};
/* End PBXGroup section */

/* Begin PBXNativeTarget section */
		6354849A171C2FA7003457CB /* AniList */ = {
			isa = PBXNativeTarget;
			buildConfigurationList = 635484D3171C2FA7003457CB /* Build configuration list for PBXNativeTarget "AniList" */;
			buildPhases = (
				63548497171C2FA7003457CB /* Sources */,
				63548498171C2FA7003457CB /* Frameworks */,
				63548499171C2FA7003457CB /* Resources */,
				634260E5171C380800612488 /* ShellScript */,
			);
			buildRules = (
			);
			dependencies = (
			);
			name = AniList;
			productName = AniList;
			productReference = 6354849B171C2FA7003457CB /* AniList.app */;
			productType = "com.apple.product-type.application";
		};
		635484BF171C2FA7003457CB /* AniListTests */ = {
			isa = PBXNativeTarget;
			buildConfigurationList = 635484D6171C2FA7003457CB /* Build configuration list for PBXNativeTarget "AniListTests" */;
			buildPhases = (
				635484BB171C2FA7003457CB /* Sources */,
				635484BC171C2FA7003457CB /* Frameworks */,
				635484BD171C2FA7003457CB /* Resources */,
				635484BE171C2FA7003457CB /* ShellScript */,
			);
			buildRules = (
			);
			dependencies = (
				635484C7171C2FA7003457CB /* PBXTargetDependency */,
			);
			name = AniListTests;
			productName = AniListTests;
			productReference = 635484C0171C2FA7003457CB /* AniListTests.octest */;
			productType = "com.apple.product-type.bundle";
		};
/* End PBXNativeTarget section */

/* Begin PBXProject section */
		63548493171C2FA7003457CB /* Project object */ = {
			isa = PBXProject;
			attributes = {
				CLASSPREFIX = AniList;
				LastUpgradeCheck = 0460;
				ORGANIZATIONNAME = "SpacePyro Inc.";
			};
			buildConfigurationList = 63548496171C2FA7003457CB /* Build configuration list for PBXProject "AniList" */;
			compatibilityVersion = "Xcode 3.2";
			developmentRegion = English;
			hasScannedForEncodings = 0;
			knownRegions = (
				en,
			);
			mainGroup = 63548492171C2FA7003457CB;
			productRefGroup = 6354849C171C2FA7003457CB /* Products */;
			projectDirPath = "";
			projectRoot = "";
			targets = (
				6354849A171C2FA7003457CB /* AniList */,
				635484BF171C2FA7003457CB /* AniListTests */,
			);
		};
/* End PBXProject section */

/* Begin PBXResourcesBuildPhase section */
		63548499171C2FA7003457CB /* Resources */ = {
			isa = PBXResourcesBuildPhase;
			buildActionMask = 2147483647;
			files = (
				635484AB171C2FA7003457CB /* InfoPlist.strings in Resources */,
				635484B3171C2FA7003457CB /* Default.png in Resources */,
				635484B5171C2FA7003457CB /* Default@2x.png in Resources */,
				635484B7171C2FA7003457CB /* Default-568h@2x.png in Resources */,
				6353C139171C457D0060F062 /* AFNetworking.podspec in Resources */,
				632F436D171CD6FA00A5B43A /* MenuViewController.xib in Resources */,
				632F4372171CD74400A5B43A /* ProfileCell.xib in Resources */,
				632F4396171CDC7600A5B43A /* hamburger.png in Resources */,
				632F4397171CDC7600A5B43A /* hamburger@2x.png in Resources */,
				632F439C171CDDED00A5B43A /* AniListViewController.xib in Resources */,
				63922CED171D82C800D41BCE /* spacepyro.jpg in Resources */,
				63502795171E4D430004C106 /* bg.png in Resources */,
				63502798171E4D760004C106 /* bg@2x.png in Resources */,
				635027A1171E51450004C106 /* AnimeViewController.xib in Resources */,
				635027A3171E53550004C106 /* 24646.jpg in Resources */,
				635027A8171E58CC0004C106 /* action.png in Resources */,
				635027A9171E58CC0004C106 /* action@2x.png in Resources */,
				635027AA171E58CC0004C106 /* back_arrow.png in Resources */,
				635027AB171E58CC0004C106 /* back_arrow@2x.png in Resources */,
				635027AD171E601E0004C106 /* AnimeCell.xib in Resources */,
			);
			runOnlyForDeploymentPostprocessing = 0;
		};
		635484BD171C2FA7003457CB /* Resources */ = {
			isa = PBXResourcesBuildPhase;
			buildActionMask = 2147483647;
			files = (
				635484CD171C2FA7003457CB /* InfoPlist.strings in Resources */,
				6353C13A171C457D0060F062 /* AFNetworking.podspec in Resources */,
			);
			runOnlyForDeploymentPostprocessing = 0;
		};
/* End PBXResourcesBuildPhase section */

/* Begin PBXShellScriptBuildPhase section */
		634260E5171C380800612488 /* ShellScript */ = {
			isa = PBXShellScriptBuildPhase;
			buildActionMask = 2147483647;
			files = (
			);
			inputPaths = (
			);
			outputPaths = (
			);
			runOnlyForDeploymentPostprocessing = 0;
			shellPath = /bin/sh;
			shellScript = "./Crashlytics.framework/run c01aa6f0d36b5000da6aa8c83dda558c23be54f8";
		};
		635484BE171C2FA7003457CB /* ShellScript */ = {
			isa = PBXShellScriptBuildPhase;
			buildActionMask = 2147483647;
			files = (
			);
			inputPaths = (
			);
			outputPaths = (
			);
			runOnlyForDeploymentPostprocessing = 0;
			shellPath = /bin/sh;
			shellScript = "# Run the unit tests in this test bundle.\n\"${SYSTEM_DEVELOPER_DIR}/Tools/RunUnitTests\"\n";
		};
/* End PBXShellScriptBuildPhase section */

/* Begin PBXSourcesBuildPhase section */
		63548497171C2FA7003457CB /* Sources */ = {
			isa = PBXSourcesBuildPhase;
			buildActionMask = 2147483647;
			files = (
				635484AD171C2FA7003457CB /* main.m in Sources */,
				635484B1171C2FA7003457CB /* AniListAppDelegate.m in Sources */,
				635484BA171C2FA7003457CB /* AniList_1.0.xcdatamodeld in Sources */,
				6353C127171C457D0060F062 /* AFHTTPClient.m in Sources */,
				6353C129171C457D0060F062 /* AFHTTPRequestOperation.m in Sources */,
				6353C12B171C457D0060F062 /* AFImageRequestOperation.m in Sources */,
				6353C12D171C457D0060F062 /* AFJSONRequestOperation.m in Sources */,
				6353C12F171C457D0060F062 /* AFNetworkActivityIndicatorManager.m in Sources */,
				6353C131171C457D0060F062 /* AFPropertyListRequestOperation.m in Sources */,
				6353C133171C457D0060F062 /* AFURLConnectionOperation.m in Sources */,
				6353C135171C457D0060F062 /* AFXMLRequestOperation.m in Sources */,
				6353C137171C457D0060F062 /* UIImageView+AFNetworking.m in Sources */,
				6353C221171C457D0060F062 /* SWRevealViewController.m in Sources */,
				6353C22F171C457D0060F062 /* TTTAttributedLabel.m in Sources */,
				632F436C171CD6FA00A5B43A /* MenuViewController.m in Sources */,
				632F4370171CD72F00A5B43A /* ProfileCell.m in Sources */,
				632F4381171CD9C900A5B43A /* MenuCell.m in Sources */,
				632F4384171CD9E100A5B43A /* AniListCell.m in Sources */,
				632F438A171CDA0000A5B43A /* AnimeCell.m in Sources */,
				632F438D171CDA0E00A5B43A /* MangaCell.m in Sources */,
				632F439B171CDDED00A5B43A /* AniListViewController.m in Sources */,
				632F43A1171CDE2100A5B43A /* AniListTableView.m in Sources */,
				632F43A4171CDE2F00A5B43A /* AnimeTableView.m in Sources */,
				632F43A7171CDE3900A5B43A /* MangaTableView.m in Sources */,
				632F43AB171D7DF100A5B43A /* AnimeListViewController.m in Sources */,
				632F43AE171D7DFB00A5B43A /* MangaListViewController.m in Sources */,
				6350279C171E4EA20004C106 /* UIFont+AniList.m in Sources */,
				635027A0171E51450004C106 /* AnimeViewController.m in Sources */,
				635027BA171ED41A0004C106 /* AnimeService.m in Sources */,
				635027BD171ED60A0004C106 /* Anime.m in Sources */,
			);
			runOnlyForDeploymentPostprocessing = 0;
		};
		635484BB171C2FA7003457CB /* Sources */ = {
			isa = PBXSourcesBuildPhase;
			buildActionMask = 2147483647;
			files = (
				635484D0171C2FA7003457CB /* AniListTests.m in Sources */,
				6353C128171C457D0060F062 /* AFHTTPClient.m in Sources */,
				6353C12A171C457D0060F062 /* AFHTTPRequestOperation.m in Sources */,
				6353C12C171C457D0060F062 /* AFImageRequestOperation.m in Sources */,
				6353C12E171C457D0060F062 /* AFJSONRequestOperation.m in Sources */,
				6353C130171C457D0060F062 /* AFNetworkActivityIndicatorManager.m in Sources */,
				6353C132171C457D0060F062 /* AFPropertyListRequestOperation.m in Sources */,
				6353C134171C457D0060F062 /* AFURLConnectionOperation.m in Sources */,
				6353C136171C457D0060F062 /* AFXMLRequestOperation.m in Sources */,
				6353C138171C457D0060F062 /* UIImageView+AFNetworking.m in Sources */,
				6353C222171C457D0060F062 /* SWRevealViewController.m in Sources */,
				6353C230171C457D0060F062 /* TTTAttributedLabel.m in Sources */,
			);
			runOnlyForDeploymentPostprocessing = 0;
		};
/* End PBXSourcesBuildPhase section */

/* Begin PBXTargetDependency section */
		635484C7171C2FA7003457CB /* PBXTargetDependency */ = {
			isa = PBXTargetDependency;
			target = 6354849A171C2FA7003457CB /* AniList */;
			targetProxy = 635484C6171C2FA7003457CB /* PBXContainerItemProxy */;
		};
/* End PBXTargetDependency section */

/* Begin PBXVariantGroup section */
		635484A9171C2FA7003457CB /* InfoPlist.strings */ = {
			isa = PBXVariantGroup;
			children = (
				635484AA171C2FA7003457CB /* en */,
			);
			name = InfoPlist.strings;
			sourceTree = "<group>";
		};
		635484CB171C2FA7003457CB /* InfoPlist.strings */ = {
			isa = PBXVariantGroup;
			children = (
				635484CC171C2FA7003457CB /* en */,
			);
			name = InfoPlist.strings;
			sourceTree = "<group>";
		};
/* End PBXVariantGroup section */

/* Begin XCBuildConfiguration section */
		635484D1171C2FA7003457CB /* Debug */ = {
			isa = XCBuildConfiguration;
			buildSettings = {
				ALWAYS_SEARCH_USER_PATHS = NO;
				CLANG_CXX_LANGUAGE_STANDARD = "gnu++0x";
				CLANG_CXX_LIBRARY = "libc++";
				CLANG_ENABLE_OBJC_ARC = YES;
				CLANG_WARN_CONSTANT_CONVERSION = YES;
				CLANG_WARN_EMPTY_BODY = YES;
				CLANG_WARN_ENUM_CONVERSION = YES;
				CLANG_WARN_INT_CONVERSION = YES;
				CLANG_WARN__DUPLICATE_METHOD_MATCH = YES;
				"CODE_SIGN_IDENTITY[sdk=iphoneos*]" = "iPhone Developer";
				COPY_PHASE_STRIP = NO;
				GCC_C_LANGUAGE_STANDARD = gnu99;
				GCC_DYNAMIC_NO_PIC = NO;
				GCC_OPTIMIZATION_LEVEL = 0;
				GCC_PREPROCESSOR_DEFINITIONS = (
					"DEBUG=1",
					"$(inherited)",
				);
				GCC_SYMBOLS_PRIVATE_EXTERN = NO;
				GCC_WARN_ABOUT_RETURN_TYPE = YES;
				GCC_WARN_UNINITIALIZED_AUTOS = YES;
				GCC_WARN_UNUSED_VARIABLE = YES;
				IPHONEOS_DEPLOYMENT_TARGET = 6.1;
				ONLY_ACTIVE_ARCH = YES;
				SDKROOT = iphoneos;
				TARGETED_DEVICE_FAMILY = "1,2";
			};
			name = Debug;
		};
		635484D2171C2FA7003457CB /* Release */ = {
			isa = XCBuildConfiguration;
			buildSettings = {
				ALWAYS_SEARCH_USER_PATHS = NO;
				CLANG_CXX_LANGUAGE_STANDARD = "gnu++0x";
				CLANG_CXX_LIBRARY = "libc++";
				CLANG_ENABLE_OBJC_ARC = YES;
				CLANG_WARN_CONSTANT_CONVERSION = YES;
				CLANG_WARN_EMPTY_BODY = YES;
				CLANG_WARN_ENUM_CONVERSION = YES;
				CLANG_WARN_INT_CONVERSION = YES;
				CLANG_WARN__DUPLICATE_METHOD_MATCH = YES;
				"CODE_SIGN_IDENTITY[sdk=iphoneos*]" = "iPhone Developer";
				COPY_PHASE_STRIP = YES;
				GCC_C_LANGUAGE_STANDARD = gnu99;
				GCC_WARN_ABOUT_RETURN_TYPE = YES;
				GCC_WARN_UNINITIALIZED_AUTOS = YES;
				GCC_WARN_UNUSED_VARIABLE = YES;
				IPHONEOS_DEPLOYMENT_TARGET = 6.1;
				OTHER_CFLAGS = "-DNS_BLOCK_ASSERTIONS=1";
				SDKROOT = iphoneos;
				TARGETED_DEVICE_FAMILY = "1,2";
				VALIDATE_PRODUCT = YES;
			};
			name = Release;
		};
		635484D4171C2FA7003457CB /* Debug */ = {
			isa = XCBuildConfiguration;
			buildSettings = {
				FRAMEWORK_SEARCH_PATHS = (
					"$(inherited)",
					"\"$(SRCROOT)\"",
				);
				GCC_PRECOMPILE_PREFIX_HEADER = YES;
				GCC_PREFIX_HEADER = "AniList/AniList-Prefix.pch";
				INFOPLIST_FILE = "AniList/AniList-Info.plist";
				IPHONEOS_DEPLOYMENT_TARGET = 5.0;
				PRODUCT_NAME = "$(TARGET_NAME)";
				WRAPPER_EXTENSION = app;
			};
			name = Debug;
		};
		635484D5171C2FA7003457CB /* Release */ = {
			isa = XCBuildConfiguration;
			buildSettings = {
				FRAMEWORK_SEARCH_PATHS = (
					"$(inherited)",
					"\"$(SRCROOT)\"",
				);
				GCC_PRECOMPILE_PREFIX_HEADER = YES;
				GCC_PREFIX_HEADER = "AniList/AniList-Prefix.pch";
				INFOPLIST_FILE = "AniList/AniList-Info.plist";
				IPHONEOS_DEPLOYMENT_TARGET = 5.0;
				PRODUCT_NAME = "$(TARGET_NAME)";
				WRAPPER_EXTENSION = app;
			};
			name = Release;
		};
		635484D7171C2FA7003457CB /* Debug */ = {
			isa = XCBuildConfiguration;
			buildSettings = {
				BUNDLE_LOADER = "$(BUILT_PRODUCTS_DIR)/AniList.app/AniList";
				FRAMEWORK_SEARCH_PATHS = (
					"\"$(SDKROOT)/Developer/Library/Frameworks\"",
					"\"$(DEVELOPER_LIBRARY_DIR)/Frameworks\"",
				);
				GCC_PRECOMPILE_PREFIX_HEADER = YES;
				GCC_PREFIX_HEADER = "AniList/AniList-Prefix.pch";
				INFOPLIST_FILE = "AniListTests/AniListTests-Info.plist";
				PRODUCT_NAME = "$(TARGET_NAME)";
				TEST_HOST = "$(BUNDLE_LOADER)";
				WRAPPER_EXTENSION = octest;
			};
			name = Debug;
		};
		635484D8171C2FA7003457CB /* Release */ = {
			isa = XCBuildConfiguration;
			buildSettings = {
				BUNDLE_LOADER = "$(BUILT_PRODUCTS_DIR)/AniList.app/AniList";
				FRAMEWORK_SEARCH_PATHS = (
					"\"$(SDKROOT)/Developer/Library/Frameworks\"",
					"\"$(DEVELOPER_LIBRARY_DIR)/Frameworks\"",
				);
				GCC_PRECOMPILE_PREFIX_HEADER = YES;
				GCC_PREFIX_HEADER = "AniList/AniList-Prefix.pch";
				INFOPLIST_FILE = "AniListTests/AniListTests-Info.plist";
				PRODUCT_NAME = "$(TARGET_NAME)";
				TEST_HOST = "$(BUNDLE_LOADER)";
				WRAPPER_EXTENSION = octest;
			};
			name = Release;
		};
/* End XCBuildConfiguration section */

/* Begin XCConfigurationList section */
		63548496171C2FA7003457CB /* Build configuration list for PBXProject "AniList" */ = {
			isa = XCConfigurationList;
			buildConfigurations = (
				635484D1171C2FA7003457CB /* Debug */,
				635484D2171C2FA7003457CB /* Release */,
			);
			defaultConfigurationIsVisible = 0;
			defaultConfigurationName = Release;
		};
		635484D3171C2FA7003457CB /* Build configuration list for PBXNativeTarget "AniList" */ = {
			isa = XCConfigurationList;
			buildConfigurations = (
				635484D4171C2FA7003457CB /* Debug */,
				635484D5171C2FA7003457CB /* Release */,
			);
			defaultConfigurationIsVisible = 0;
			defaultConfigurationName = Release;
		};
		635484D6171C2FA7003457CB /* Build configuration list for PBXNativeTarget "AniListTests" */ = {
			isa = XCConfigurationList;
			buildConfigurations = (
				635484D7171C2FA7003457CB /* Debug */,
				635484D8171C2FA7003457CB /* Release */,
			);
			defaultConfigurationIsVisible = 0;
			defaultConfigurationName = Release;
		};
/* End XCConfigurationList section */

/* Begin XCVersionGroup section */
		635484B8171C2FA7003457CB /* AniList_1.0.xcdatamodeld */ = {
			isa = XCVersionGroup;
			children = (
				635484B9171C2FA7003457CB /* AniList_1.0.xcdatamodel */,
			);
			currentVersion = 635484B9171C2FA7003457CB /* AniList_1.0.xcdatamodel */;
			path = AniList_1.0.xcdatamodeld;
			sourceTree = "<group>";
			versionGroupType = wrapper.xcdatamodel;
		};
/* End XCVersionGroup section */
	};
	rootObject = 63548493171C2FA7003457CB /* Project object */;
}
